{
  "version": 4,
  "terraform_version": "1.14.1",
  "serial": 436,
  "lineage": "f142ffb5-983d-9fbf-99e8-b475590aba2e",
  "outputs": {
    "k3s_servers_ips": {
      "value": [
        "140.238.227.57"
      ],
      "type": [
        "tuple",
        [
          "string"
        ]
      ]
    },
    "k3s_workers_ips": {
      "value": [
        "80.225.200.0",
        "140.245.29.200",
        "161.118.164.68"
      ],
      "type": [
        "tuple",
        [
          "string",
          "string",
          "string"
        ]
      ]
    },
    "my_public_ip": {
      "value": "106.220.95.66/32",
      "type": "string"
    },
    "public_lb_ip": {
      "value": [
        {
          "ip_address": "161.118.162.151",
          "ip_version": "IPV4",
          "is_public": true,
          "reserved_ip": []
        },
        {
          "ip_address": "10.0.1.168",
          "ip_version": "IPV4",
          "is_public": false,
          "reserved_ip": []
        }
      ],
      "type": [
        "list",
        [
          "object",
          {
            "ip_address": "string",
            "ip_version": "string",
            "is_public": "bool",
            "reserved_ip": [
              "list",
              [
                "object",
                {
                  "id": "string"
                }
              ]
            ]
          }
        ]
      ]
    }
  },
  "resources": [
    {
      "mode": "data",
      "type": "http",
      "name": "my_ip",
      "provider": "provider[\"registry.terraform.io/hashicorp/http\"]",
      "instances": [
        {
          "schema_version": 0,
          "attributes": {
            "body": "106.220.95.66",
            "ca_cert_pem": null,
            "client_cert_pem": null,
            "client_key_pem": null,
            "id": "https://api.ipify.org",
            "insecure": null,
            "method": null,
            "request_body": null,
            "request_headers": null,
            "request_timeout_ms": null,
            "response_body": "106.220.95.66",
            "response_body_base64": "MTA2LjIyMC45NS42Ng==",
            "response_headers": {
              "Cf-Cache-Status": "DYNAMIC",
              "Cf-Ray": "a08e9507bead8042-MAA",
              "Content-Length": "13",
              "Content-Type": "text/plain",
              "Date": "Tue, 09 Jun 2026 07:56:52 GMT",
              "Server": "cloudflare",
              "Vary": "Origin"
            },
            "retry": null,
            "status_code": 200,
            "url": "https://api.ipify.org"
          },
          "sensitive_attributes": [],
          "identity_schema_version": 0
        }
      ]
    },
    {
      "module": "module.k3s_cluster",
      "mode": "data",
      "type": "cloudinit_config",
      "name": "k3s_server_tpl",
      "provider": "provider[\"registry.terraform.io/hashicorp/cloudinit\"]",
      "instances": [
        {
          "schema_version": 0,
          "attributes": {
            "base64_encode": true,
            "boundary": "MIMEBOUNDARY",
            "gzip": true,
            "id": "3927705324",
            "part": [
              {
                "content": "#!/bin/bash\n\ncheck_os() {\n  name=$(cat /etc/os-release | grep ^NAME= | sed 's/\"//g')\n  clean_name=${name#*=}\n\n  version=$(cat /etc/os-release | grep ^VERSION_ID= | sed 's/\"//g')\n  clean_version=${version#*=}\n  major=${clean_version%.*}\n  minor=${clean_version#*.}\n  \n  if [[ \"$clean_name\" == \"Ubuntu\" ]]; then\n    operating_system=\"ubuntu\"\n  elif [[ \"$clean_name\" == \"Oracle Linux Server\" ]]; then\n    operating_system=\"oraclelinux\"\n  else\n    operating_system=\"undef\"\n  fi\n\n  echo \"K3S install process running on: \"\n  echo \"OS: $operating_system\"\n  echo \"OS Major Release: $major\"\n  echo \"OS Minor Release: $minor\"\n}\n\nwait_lb() {\nwhile [ true ]\ndo\n  curl --output /dev/null --silent -k https://10.0.1.119:6443\n  if [[ \"$?\" -eq 0 ]]; then\n    break\n  fi\n  sleep 5\n  echo \"wait for LB\"\ndone\n}\n\ninstall_helm() {\n  curl -fsSL -o /root/get_helm.sh https://raw.githubusercontent.com/helm/helm/main/scripts/get-helm-3\n  chmod 700 /root/get_helm.sh\n  /root/get_helm.sh\n}\n\n\nrender_istio_config(){\ncat \u003c\u003c 'EOF' \u003e \"$ISTIO_CONFIG_FILE\"\napiVersion: install.istio.io/v1alpha1\nkind: IstioOperator\nmetadata:\n  namespace: istio-system\nspec:\n  hub: docker.io/istio\n  tag: 1.16.1\n\n  # You may override parts of meshconfig by uncommenting the following lines.\n  meshConfig:\n    defaultConfig:\n      proxyMetadata: {}\n    enablePrometheusMerge: true\n    # Opt-out of global http2 upgrades.\n    # Destination rule is used to opt-in.\n    # h2_upgrade_policy: DO_NOT_UPGRADE\n\n  # Traffic management feature\n  components:\n    base:\n      enabled: true\n    pilot:\n      enabled: true\n\n    # Istio Gateway feature\n    ingressGateways:\n    - name: istio-ingressgateway\n      enabled: true\n      k8s:\n        resources:\n          requests:\n            cpu: 10m\n            memory: 40Mi\n        service:\n          type: NodePort\n          ports:\n            ## You can add custom gateway ports in user values overrides, but it must include those ports since helm replaces.\n            # Note that AWS ELB will by default perform health checks on the first port\n            # on this list. Setting this to the health check port will ensure that health\n            # checks always work. https://github.com/istio/istio/issues/12503\n            - port: 15021\n              targetPort: 15021\n              nodePort: 30521\n              name: status-port\n            - port: 80\n              targetPort: 8080\n              nodePort: 30080\n              name: http2\n            - port: 443\n              targetPort: 8443\n              nodePort: 30443\n              name: https\n            - port: 31400\n              targetPort: 31400\n              nodePort: 31400\n              name: tcp\n              # This is the port where sni routing happens\n            - port: 15443\n              targetPort: 15443\n              nodePort: 30543\n              name: tls\n    egressGateways:\n    - name: istio-egressgateway\n      enabled: false\n\n    # Istio CNI feature\n    cni:\n      enabled: false\n    \n    # Remote and config cluster configuration for an external istiod\n    istiodRemote:\n      enabled: false\n\n  # Global values passed through to helm global.yaml.\n  # Please keep this in sync with manifests/charts/global.yaml\n  values:\n    defaultRevision: \"\"\n    global:\n      istioNamespace: istio-system\n      istiod:\n        enableAnalysis: false\n      logging:\n        level: \"default:info\"\n      logAsJson: false\n      pilotCertProvider: istiod\n      jwtPolicy: third-party-jwt\n      proxy:\n        image: proxyv2\n        clusterDomain: \"cluster.local\"\n        resources:\n          requests:\n            cpu: 100m\n            memory: 128Mi\n          limits:\n            cpu: 2000m\n            memory: 1024Mi\n        logLevel: warning\n        componentLogLevel: \"misc:error\"\n        privileged: false\n        enableCoreDump: false\n        statusPort: 15020\n        readinessInitialDelaySeconds: 1\n        readinessPeriodSeconds: 2\n        readinessFailureThreshold: 30\n        includeIPRanges: \"*\"\n        excludeIPRanges: \"\"\n        excludeOutboundPorts: \"\"\n        excludeInboundPorts: \"\"\n        autoInject: enabled\n        tracer: \"zipkin\"\n      proxy_init:\n        image: proxyv2\n        resources:\n          limits:\n            cpu: 2000m\n            memory: 1024Mi\n          requests:\n            cpu: 10m\n            memory: 10Mi\n      # Specify image pull policy if default behavior isn't desired.\n      # Default behavior: latest images will be Always else IfNotPresent.\n      imagePullPolicy: \"\"\n      operatorManageWebhooks: false\n      tracer:\n        lightstep: {}\n        zipkin: {}\n        datadog: {}\n        stackdriver: {}\n      imagePullSecrets: []\n      oneNamespace: false\n      defaultNodeSelector: {}\n      configValidation: true\n      multiCluster:\n        enabled: false\n        clusterName: \"\"\n      omitSidecarInjectorConfigMap: false\n      network: \"\"\n      defaultResources:\n        requests:\n          cpu: 10m\n      defaultPodDisruptionBudget:\n        enabled: true\n      priorityClassName: \"\"\n      useMCP: false\n      sds:\n        token:\n          aud: istio-ca\n      sts:\n        servicePort: 0\n      meshNetworks: {}\n      mountMtlsCerts: false\n    base:\n      enableCRDTemplates: false\n      validationURL: \"\"\n    pilot:\n      autoscaleEnabled: true\n      autoscaleMin: 1\n      autoscaleMax: 5\n      replicaCount: 1\n      image: pilot\n      traceSampling: 1.0\n      env: {}\n      cpu:\n        targetAverageUtilization: 80\n      nodeSelector: {}\n      keepaliveMaxServerConnectionAge: 30m\n      enableProtocolSniffingForOutbound: true\n      enableProtocolSniffingForInbound: true\n      deploymentLabels:\n      podLabels: {}\n      configMap: true\n\n    telemetry:\n      enabled: true\n      v2:\n        enabled: true\n        metadataExchange:\n          wasmEnabled: false\n        prometheus:\n          wasmEnabled: false\n          enabled: true\n        stackdriver:\n          enabled: false\n          logging: false\n          monitoring: false\n          topology: false\n          configOverride: {}\n\n    istiodRemote:\n      injectionURL: \"\"\n      \n    gateways:\n      istio-egressgateway:\n        env: {}\n        autoscaleEnabled: true\n        type: ClusterIP\n        name: istio-egressgateway\n        secretVolumes:\n          - name: egressgateway-certs\n            secretName: istio-egressgateway-certs\n            mountPath: /etc/istio/egressgateway-certs\n          - name: egressgateway-ca-certs\n            secretName: istio-egressgateway-ca-certs\n            mountPath: /etc/istio/egressgateway-ca-certs\n\n      istio-ingressgateway:\n        autoscaleEnabled: true\n        type: LoadBalancer\n        name: istio-ingressgateway\n        env: {}\n        secretVolumes:\n          - name: ingressgateway-certs\n            secretName: istio-ingressgateway-certs\n            mountPath: /etc/istio/ingressgateway-certs\n          - name: ingressgateway-ca-certs\n            secretName: istio-ingressgateway-ca-certs\n            mountPath: /etc/istio/ingressgateway-ca-certs\nEOF\n\ncat \u003c\u003c 'EOF' \u003e \"$ENABLE_ISTIO_PROXY_PROTOCOL\"\napiVersion: networking.istio.io/v1alpha3\nkind: EnvoyFilter\nmetadata:\n  name: proxy-protocol\n  namespace: istio-system\nspec:\n  configPatches:\n  - applyTo: LISTENER\n    patch:\n      operation: MERGE\n      value:\n        listener_filters:\n        - name: envoy.listener.proxy_protocol\n        - name: envoy.listener.tls_inspector\n  workloadSelector:\n    labels:\n      istio: ingressgateway\nEOF\n}\n\ninstall_and_configure_istio(){\n  echo \"Installing Istio...\"\n  curl -L https://istio.io/downloadIstio | ISTIO_VERSION=1.16.1 sh -\n  \n  ISTIO_CONFIG_FILE=/root/custom_istio_config.yaml\n  ENABLE_ISTIO_PROXY_PROTOCOL=/root/enable_istio_proxy_protocol.yaml\n  render_istio_config\n\n  export KUBECONFIG=/etc/rancher/k3s/k3s.yaml\n  mv /istio-1.16.1 /opt\n  /opt/istio-1.16.1/bin/istioctl install -y -f $ISTIO_CONFIG_FILE\n  kubectl apply -f $ENABLE_ISTIO_PROXY_PROTOCOL\n}\n\ninstall_and_configure_traefik2() {\n  export KUBECONFIG=/etc/rancher/k3s/k3s.yaml\n\n  # Install Helm\n  install_helm\n\n  # Add traefik helm repo\n  kubectl create ns traefik\n  helm repo add traefik https://helm.traefik.io/traefik\n  helm repo update\n\n  TRAEFIK_VALUES_FILE=/root/traefik2_values.yaml\n  render_traefik2_config\n  helm install --namespace=traefik -f $TRAEFIK_VALUES_FILE traefik traefik/traefik\n}\n\nrender_traefik2_config() {\ncat \u003c\u003c 'EOF' \u003e \"$TRAEFIK_VALUES_FILE\"\nservice:\n  enabled: true\n  type: NodePort\n\n# Configure ports\nports:\n  # The name of this one can't be changed as it is used for the readiness and\n  # liveness probes, but you can adjust its config to your liking\n  traefik:\n    port: 9000\n    # Use hostPort if set.\n    # hostPort: 9000\n    #\n    # Use hostIP if set. If not set, Kubernetes will default to 0.0.0.0, which\n    # means it's listening on all your interfaces and all your IPs. You may want\n    # to set this value if you need traefik to listen on specific interface\n    # only.\n    # hostIP: 192.168.100.10\n\n    # Override the liveness/readiness port. This is useful to integrate traefik\n    # with an external Load Balancer that performs healthchecks.\n    # Default: ports.traefik.port\n    # healthchecksPort: 9000\n\n    # Override the liveness/readiness scheme. Useful for getting ping to\n    # respond on websecure entryPoint.\n    # healthchecksScheme: HTTPS\n\n    # Defines whether the port is exposed if service.type is LoadBalancer or\n    # NodePort.\n    #\n    # You SHOULD NOT expose the traefik port on production deployments.\n    # If you want to access it from outside of your cluster,\n    # use `kubectl port-forward` or create a secure ingress\n    expose: false\n    # The exposed port for this service\n    exposedPort: 9000\n    # The port protocol (TCP/UDP)\n    protocol: TCP\n  web:\n    port: 8000\n    # hostPort: 8000\n    expose: true \n    exposedPort: 80\n    # The port protocol (TCP/UDP)\n    protocol: TCP\n    # Use nodeport if set. This is useful if you have configured Traefik in a\n    # LoadBalancer\n    nodePort: 30080\n    # Port Redirections\n    # Added in 2.2, you can make permanent redirects via entrypoints.\n    # https://docs.traefik.io/routing/entrypoints/#redirection\n    # redirectTo: websecure\n    #\n    # Trust forwarded  headers information (X-Forwarded-*).\n    # forwardedHeaders:\n    #   trustedIPs: []\n    #   insecure: false\n    #\n    # Enable the Proxy Protocol header parsing for the entry point\n    proxyProtocol:\n      trustedIPs:\n        - 0.0.0.0/0\n        - 127.0.0.1/32\n      insecure: false\n  websecure:\n    port: 8443\n    # hostPort: 8443\n    expose: true\n    exposedPort: 443\n    # The port protocol (TCP/UDP)\n    protocol: TCP\n    nodePort: 30443\n    # Enable HTTP/3.\n    # Requires enabling experimental http3 feature and tls.\n    # Note that you cannot have a UDP entrypoint with the same port.\n    # http3: true\n    # Set TLS at the entrypoint\n    # https://doc.traefik.io/traefik/routing/entrypoints/#tls\n    tls:\n      enabled: true\n      # this is the name of a TLSOption definition\n      options: \"\"\n      certResolver: \"\"\n      domains: []\n      # - main: example.com\n      #   sans:\n      #     - foo.example.com\n      #     - bar.example.com\n    #\n    # Trust forwarded  headers information (X-Forwarded-*).\n    # forwardedHeaders:\n    #   trustedIPs: []\n    #   insecure: false\n    #\n    # Enable the Proxy Protocol header parsing for the entry point\n    proxyProtocol:\n      trustedIPs:\n        - 0.0.0.0/0\n        - 127.0.0.1/32\n      insecure: false\n    #\n    # One can apply Middlewares on an entrypoint\n    # https://doc.traefik.io/traefik/middlewares/overview/\n    # https://doc.traefik.io/traefik/routing/entrypoints/#middlewares\n    # /!\\ It introduces here a link between your static configuration and your dynamic configuration /!\\\n    # It follows the provider naming convention: https://doc.traefik.io/traefik/providers/overview/#provider-namespace\n    # middlewares:\n    #   - namespace-name1@kubernetescrd\n    #   - namespace-name2@kubernetescrd\n    middlewares: []\n  metrics:\n    # When using hostNetwork, use another port to avoid conflict with node exporter:\n    # https://github.com/prometheus/prometheus/wiki/Default-port-allocations\n    port: 9100\n    # hostPort: 9100\n    # Defines whether the port is exposed if service.type is LoadBalancer or\n    # NodePort.\n    #\n    # You may not want to expose the metrics port on production deployments.\n    # If you want to access it from outside of your cluster,\n    # use `kubectl port-forward` or create a secure ingress\n    expose: false\n    # The exposed port for this service\n    exposedPort: 9100\n    # The port protocol (TCP/UDP)\n    protocol: TCP\nEOF\n}\n\nrender_nginx_config(){\ncat \u003c\u003c 'EOF' \u003e \"$NGINX_RESOURCES_FILE\"\n---\napiVersion: v1\nkind: Service\nmetadata:\n  name: ingress-nginx-controller-loadbalancer\n  namespace: ingress-nginx\nspec:\n  selector:\n    app.kubernetes.io/component: controller\n    app.kubernetes.io/instance: ingress-nginx\n    app.kubernetes.io/name: ingress-nginx\n  ports:\n    - name: http\n      port: 80\n      protocol: TCP\n      targetPort: 80\n      nodePort: 30080\n    - name: https\n      port: 443\n      protocol: TCP\n      targetPort: 443\n      nodePort: 30443\n  type: NodePort\n---\napiVersion: v1\ndata:\n  allow-snippet-annotations: \"true\"\n  enable-real-ip: \"true\"\n  proxy-real-ip-cidr: \"0.0.0.0/0\"\n  proxy-body-size: \"20m\"\n  use-proxy-protocol: \"true\"\nkind: ConfigMap\nmetadata:\n  labels:\n    app.kubernetes.io/component: controller\n    app.kubernetes.io/instance: ingress-nginx\n    app.kubernetes.io/managed-by: Helm\n    app.kubernetes.io/name: ingress-nginx\n    app.kubernetes.io/part-of: ingress-nginx\n    app.kubernetes.io/version: 1.1.1\n    helm.sh/chart: ingress-nginx-4.0.16\n  name: ingress-nginx-controller\n  namespace: ingress-nginx\nEOF\n}\n\ninstall_and_configure_nginx(){\n  kubectl apply -f https://raw.githubusercontent.com/kubernetes/ingress-nginx/controller-v1.12.1/deploy/static/provider/baremetal/deploy.yaml\n  NGINX_RESOURCES_FILE=/root/nginx-ingress-resources.yaml\n  render_nginx_config\n  kubectl apply -f $NGINX_RESOURCES_FILE\n}\n\ninstall_ingress(){\n  INGRESS_CONTROLLER=$1\n  if [[ \"$INGRESS_CONTROLLER\" == \"nginx\" ]]; then\n    install_and_configure_nginx\n  elif [[ \"$INGRESS_CONTROLLER\" == \"traefik2\" ]]; then\n    install_and_configure_traefik2\n  elif [[ \"$INGRESS_CONTROLLER\" == \"istio\" ]]; then\n    install_and_configure_istio\n  else\n    echo \"Ingress controller not supported\"\n  fi\n}\n\nrender_staging_issuer(){\nSTAGING_ISSUER_RESOURCE=$1\ncat \u003c\u003c 'EOF' \u003e \"$STAGING_ISSUER_RESOURCE\"\napiVersion: cert-manager.io/v1\nkind: ClusterIssuer\nmetadata:\n name: letsencrypt-staging\n namespace: cert-manager\nspec:\n acme:\n   # The ACME server URL\n   server: https://acme-staging-v02.api.letsencrypt.org/directory\n   # Email address used for ACME registration\n   email: swapnilkuwar1995@gmail.com\n   # Name of a secret used to store the ACME account private key\n   privateKeySecretRef:\n     name: letsencrypt-staging\n   # Enable the HTTP-01 challenge provider\n   solvers:\n   - http01:\n       ingress:\n         class:  nginx\nEOF\n}\n\nrender_prod_issuer(){\nPROD_ISSUER_RESOURCE=$1\ncat \u003c\u003c 'EOF' \u003e \"$PROD_ISSUER_RESOURCE\"\napiVersion: cert-manager.io/v1\nkind: ClusterIssuer\nmetadata:\n  name: letsencrypt-prod\n  namespace: cert-manager\nspec:\n  acme:\n    # The ACME server URL\n    server: https://acme-v02.api.letsencrypt.org/directory\n    # Email address used for ACME registration\n    email: swapnilkuwar1995@gmail.com\n    # Name of a secret used to store the ACME account private key\n    privateKeySecretRef:\n      name: letsencrypt-prod\n    # Enable the HTTP-01 challenge provider\n    solvers:\n    - http01:\n        ingress:\n          class: nginx\nEOF\n}\n\ncheck_os\n\nif [[ \"$operating_system\" == \"ubuntu\" ]]; then\n  echo \"Canonical Ubuntu\"\n  # Disable firewall \n  /usr/sbin/netfilter-persistent stop\n  /usr/sbin/netfilter-persistent flush\n\n  systemctl stop netfilter-persistent.service\n  systemctl disable netfilter-persistent.service\n  # END Disable firewall\n\n  apt-get update\n  apt-get install -y software-properties-common jq\n  DEBIAN_FRONTEND=noninteractive apt-get upgrade -y\n  DEBIAN_FRONTEND=noninteractive apt-get install --no-install-recommends -y  python3 python3-pip\n  # https://github.com/oracle/oci-cli/issues/875\n  LATEST_OCICLI=$(curl -L https://api.github.com/repos/oracle/oci-cli/releases | \\\n          jq -r 'sort_by(.name) | reverse | .[0].name') ;\n  echo \"LATEST_OCICLI=${LATEST_OCICLI}\" ;\n  bash -c \"$(curl -L https://raw.githubusercontent.com/oracle/oci-cli/master/scripts/install/install.sh)\" \\\n          -s \\\n          --accept-all-defaults \\\n          --oci-cli-version ${LATEST_OCICLI}\n\n  # Fix /var/log/journal dir size\n  echo \"SystemMaxUse=100M\" \u003e\u003e /etc/systemd/journald.conf\n  echo \"SystemMaxFileSize=100M\" \u003e\u003e /etc/systemd/journald.conf\n  systemctl restart systemd-journald\nfi\n\nif [[ \"$operating_system\" == \"oraclelinux\" ]]; then\n  echo \"Oracle Linux\"\n  # Disable firewall\n  systemctl disable --now firewalld\n  # END Disable firewall\n\n  # Fix iptables/SELinux bug\n  echo '(allow iptables_t cgroup_t (dir (ioctl)))' \u003e /root/local_iptables.cil\n  semodule -i /root/local_iptables.cil\n\n  dnf -y update\n\n  if [[ $major -eq 9 ]]; then\n    dnf -y install oraclelinux-developer-release-el9\n    dnf -y install jq python39-oci-cli curl\n  else\n    dnf -y install oraclelinux-developer-release-el8\n    dnf -y module enable python36:3.6\n    dnf -y install jq python36-oci-cli curl\n  fi\nfi\n\nexport OCI_CLI_AUTH=instance_principal\nexport PATH=\"/root/bin:$PATH\"\nfirst_instance=$(oci compute instance list --compartment-id ocid1.compartment.oc1..aaaaaaaarovtmmnbssyvqqehfh5njbi3beaytp2pgyys5ehqhecyl6hnv73q --availability-domain mvcG:AP-MUMBAI-1-AD-1 --lifecycle-state RUNNING --sort-by TIMECREATED  | jq -r '.data[]|select(.\"display-name\" | endswith(\"k3s-servers\")) | .[\"display-name\"]' | tail -n 1)\ninstance_id=$(curl -s -H \"Authorization: Bearer Oracle\" -L http://169.254.169.254/opc/v2/instance | jq -r '.displayName')\n\nk3s_install_params=(\"--tls-san 10.0.1.119\")\n\n\n\n\n\n\n\nk3s_install_params+=(\"--disable traefik\")\n\n\n\n\n\nif [[ \"$operating_system\" == \"oraclelinux\" ]]; then\n  k3s_install_params+=(\"--selinux\")\nfi\n\nINSTALL_PARAMS=\"${k3s_install_params[*]}\"\n\n\nK3S_VERSION=$(curl --silent https://api.github.com/repos/k3s-io/k3s/releases/latest | jq -r '.name')\n\n\nif [[ \"$first_instance\" == \"$instance_id\" ]]; then\n  echo \"I'm the first yeeee: Cluster init!\"\n  until (curl -sfL https://get.k3s.io | INSTALL_K3S_VERSION=$K3S_VERSION K3S_TOKEN=rBgGXtx9UdOhDDF4JiupssAeBcVdfpkQbsH6u2FqnAfKO7Gv2fsj7NB sh -s - --cluster-init $INSTALL_PARAMS); do\n    echo 'k3s did not install correctly'\n    sleep 2\n  done\nelse\n  echo \":( Cluster join\"\n  wait_lb\n  until (curl -sfL https://get.k3s.io | INSTALL_K3S_VERSION=$K3S_VERSION K3S_TOKEN=rBgGXtx9UdOhDDF4JiupssAeBcVdfpkQbsH6u2FqnAfKO7Gv2fsj7NB sh -s - --server https://10.0.1.119:6443 $INSTALL_PARAMS); do\n    echo 'k3s did not install correctly'\n    sleep 2\n  done\nfi\n\n\nuntil kubectl get pods -A | grep 'Running'; do\n  echo 'Waiting for k3s startup'\n  sleep 5\ndone\n\n\nif [[ \"$first_instance\" == \"$instance_id\" ]]; then\n  if [[ \"$operating_system\" == \"ubuntu\" ]]; then\n    DEBIAN_FRONTEND=noninteractive apt-get install --no-install-recommends -y  open-iscsi curl util-linux\n  fi\n\n  systemctl enable --now iscsid.service\n  kubectl apply -f https://raw.githubusercontent.com/longhorn/longhorn/v1.8.1/deploy/longhorn.yaml\nfi\n\n\n\n\nif [[ \"$first_instance\" == \"$instance_id\" ]]; then\n  install_ingress nginx\nfi\n\n\n\n\nif [[ \"$first_instance\" == \"$instance_id\" ]]; then\n  kubectl apply -f https://github.com/cert-manager/cert-manager/releases/download/v1.12.16/cert-manager.yaml\n  render_staging_issuer /root/staging_issuer.yaml\n  render_prod_issuer /root/prod_issuer.yaml\n\n  # Wait cert-manager to be ready\n  until kubectl get pods -n cert-manager | grep 'Running'; do\n    echo 'Waiting for cert-manager to be ready'\n    sleep 15\n  done\n\n  kubectl create -f /root/prod_issuer.yaml\n  kubectl create -f /root/staging_issuer.yaml\nfi\n\n\n\nif [[ \"$first_instance\" == \"$instance_id\" ]]; then\n  kubectl create namespace argocd\n  kubectl apply -n argocd -f https://raw.githubusercontent.com/argoproj/argo-cd/v3.2.1/manifests/install.yaml\n\n\n  kubectl apply -n argocd -f https://raw.githubusercontent.com/argoproj-labs/argocd-image-updater/v1.0.1/manifests/install.yaml\n\nfi\n\n\n\n",
                "content_type": "text/x-shellscript",
                "filename": null,
                "merge_type": null
              }
            ],
            "rendered": "H4sIAAAAAAAA/+x8a3Mbt7Lgd1blP3Qob0nKZoakZDs2c3X2yhJt81qiuCKV5FSOlwecaZKwMMAYwFBi7Pz3LTzmxYcsO6dObdVepyKJQDfQaHQ3+gHwTHCNXAfjVYpdSDKmaUqkbiX0HuOfYSoyHhO5Omle9i97r65uBuen139vNsyn4BeUigrehU7Y/q7xXSMIqkDfNYqxJeFqhjLo8UjElM+78NOU6gqAnVzjvW7dB2qBjKlI0lR/17ikCW7Ms/d9a0p5a0rUotGIFhjdToQ6OIRPDQBOEjx5chARDS3UUUuoQCJDohA+w1xiCv9ncHrZO4HPoDCGfdVqtlrz/cMGQMSQ8Ikb4JP5tffDyZ+NBsDSzf+FYX/pXY/6V4NJ/3z34MVIn/xfdgqAhHwQ8uTJpxrU/wh/sH2Ub/bt/RCavgYAncHvv0PzSUl9E05OoHkzzbjOmvD+/c+gF8gbAAAiRUk05fOJWimNyUkzc2ANAGS7hrqSJGIIF5Rn9zBCuUT5xXGFxWEGxQ2ucBcFPMaZgZlRw2yMFgKa745HQLnShDFIpYhQKZAZ55TPwUhCs4C8GnXhyfqo1W64NMyFa7ddXXhimV2HMCyuQpjPzcafjcYdoXrCpla47haUIfwOWmYI7xuxMNuaSQZBIDKdZhpaMS5bPGOmSVGGXENwCwutU9VttTrtsB12wk7nZff506fHlb37X00I8CO060ydSiS3ji8AiiGm8Kyg2hAGMyHh4lWzEQuOhlrPsckCWeL1wRE4U6MLCAS0pBC6NUdtQUK1KIiT5C6cU73IpplCGTnFDCORtAyk+5EQyltOM5UZJDCtgVlItEhEDD+125szNGBL25+NRkMij1FOqNJUTCLBZ3R+cPipYVTsP/4D9ntXr/fhb9B80h+N+1eTs6vB6/6byev+Ra/ZICktbIJfc2jHCaloLTuEpQvSadxSHnehb9qvrHwI2UhQk5ho0vWmQqUkwi5Y5MDJTkOlGJn+RTbtQiyiW5RmXAvTANBkbixR53nYMfK6B38XGSRkBWKJUtIYwRhQBWIGCaqFWxlMV5DxSCQJciOnZpdhJhgTd+YToxxVaJQd1eLMYnStDMQ4IxnT1SYwCnG/usxXAp/+tO3IyZThUIoE9QIzdYlybqyqzJzm7cFVqo2kGsrmTEwJs7t/BFk6lyR2BBi4c1SacqKp4CAzhkAVZMagaQEi1QHlOeTiaOKRJ6lgNFp14fxqMrgaT26Gb65Pz3uOQ2NJZjMaQUI4maNhAcyQ6EwayiKRpIIj18qtb2p00K/UrSmurCKlTOjt3Z4mu+Hwhmi8I6vKPACUzyUq5bv8dIGVg1wEPMjcgeykAuD2hcqpAJCoRCYjrDSZxo8ZKl1rA4jSrAuddlJrTDARctWFp+1LWnQolEsaYRVd23NyIGIcCqkrHamQ6xPtOcGMCAcSxxBlSosE/MIcAlBu9lXCkrAMVSHA6keYZhqohiRTGiiPWBYj6IVQ6DEV5RGCUWeQmDIS5dJTTA8DoQ0O0XD66wh6F6/gjjJmFMELNaQoZ0ImsEDC9ALsSa5AcKccVCptZ1sb1/ZTBYwqHcIItdcnqox8GtTqeHYENzNylUlPkgNZG9kTQJiRDrgT8jYs7KOzjdYgWkkpfqoMVatz9Kx9XBstsBN3ofOsfdSp9RgLIueohzv7ud/gLhy3n232WnFVmuhMBRv8yed90X5g0hftje7qnFt67ZzWWmydzR1nO6fb7K5Ot6W3mE5tne6487T90Pq29Vdm3NZrZ9RRuta+B2MjWEa2FuhlaYESQXEKUmRW9hYkTZFvJ7Xz7GHebOuv7f8O5mjm5sMvmjR8yKLNiHHMapbzbNCvWc2I0w1769BMk0e9xsSoO+Ex+AMvYpnSKP3HTLrjxHgshAPea5ScMEdi7Kyz/dMNtGNCe5i8cUeXt1kpUfZkWkiRzRfGAlij5M63cEUSFlqsoXPWb40XZW0F5aBWPII7qhfmYKIzY6xb0cIc3q0KvgkA7Fy1E/kal9Q5IM2mbXcYOeF2MYMdDkYFJC6NtlvrKSdspaiq8hiAifncxE0FMMMlsi40PTVdymeiWQKfqv9ShrbqGPbkPEOph1IsaYyyW+U+wIc7PfRnuF5QGQfGjVkFH+501e0oSaAJMf6FbV2WZsHv+7kw3mIXmv5zyEREWPMvHJk7zszO0YvKoQnAaEK3jnDU3jlE++hpZQwm5heOvXdEmoijXFvuqlwUIM2EqqiLUrqQIucUXVKG87qqlJt8JiSeZ0m63uuMenkwtCvsIrHxEVWfU00JO0dGViOMBI9VFzqbcEOUVMQFxNEmxGtCWSZxvJCoFoLFxtqUm+vO/P7wmvA5qi40fyiXh/frnRt9V5m2qYOhdUy2APT5jn6SadHnHzDS3Vz9iz4tSWTktvkHTW8pb1YFc0I51V+Uzq1i99dF5pu8vU7p7e3BKMWIzlaObkhNDOk8ahMk5g7TFBdkSYUEqvi+hhgVlRiHxSDna3BdYESjceHMqMo7YAinzsMxQTn0ZwOhhxKVifcaFeYNM8Zyg1Dsj/CB1KX15H/F6UKI2zVj5Xep1Cc6X2ilMS1CFfPPbWGtyYQzsZjX2pQm0W0s6dLse9FeEDjCSKKRoN/f5xRyrNjdKl2ei8Z9HiHDSIvqkO6c+oUwGtujqubt27zYmbNk6xZ7Q8e9xRvYM7jkXEL1iMYYEenEW0gX1V2SNTvAURvfs4JbnDkbwrtN7NaEziMPRXxOlcxSs7hXWTxHvWUllTWnkgpJ9eqMEaXWFpMpvDwb1slWcYUKLW6RV4kiWZyfghHJMap0+3DHGb/cEJlweODYoSp7lYiM60vNlDnOatK3GTyeXZ+PMUmtItQJXhZ7fXN9USyuFmAaY6QiwrC3hUFF56WR485GK7nv2oSN26eU0YicGcJL2NxImSmryjMiScpsnrQTtovVLKvSmmYVZlt/8nSJkszxRlNG//AiXDjyfLvQG3eIMLo0xLrE3pngHCODfWpIOy7EqEgvaBEJNuJ0NqN8/lrI3NTXeLMT2tv9GnCMKROrxJyrZIqsEIpUxL5hXU2tzpRBv0aGCWq52p03AFgePSzvRtpcSqV3Hy3MyVaV3zuikt52fU+LlMsjEXbNX7V124DXR8m9wo2ORHCqhdzap0UqmJivNnsca698EsDyfKdjTq0JW1MdHw3Ma8EIbAtDqjuxrNn7BzUuz4B4S9wfFu1fCniMfTEnxS+CZUn99M+jpRpaEBnLUju23QCDXRNtwbBmakj0ouuKBi5l8DDWDmrItxC0DelRNOWItQ2sp8a6X7djF4LErwgjPEK5ddO2Jt42xeOLu1gf51Fc+yLKdp59AW0XQY/bycdgPY6sHLN39bqxmVzvDU5fXfQmLsc+vL767e/m5/jq7Oqinmb3Tgnl841M+7HPtPf4UqxeU6ZxM8/uPfEg9SfCI9LvzhwNiY4WbqsDIGnKVmPRhYv+aNwb9K7diW1AujUH1ZJ82bt+0yvP+gyrLqnSyFFOZpbciiQV+mcWE+ZwoQsxKtQ/CK2ZmlBuFqKFEXfDOSZIXJzAdgBWO+wsD9bFxe5apbBDeDzJEyroSicHh5+KolDfgVE+d7mcMAybRQ3ooshlFhsYiztu6HKJn8/gxMAXMk9cjQPUAgJXatyoxJy4yo7LLdcqOXnm5AH58sjudPPIdTbng2ypFNlK4b3Nx727edVzNJ1YNZCERwuUrdtjZf7PB0mW4BYe+HW1RGqcLvOr1mFry7Yh0qwoQgYrCGawWYxqANxmUzSgVjot1AOr3r2bWhKc0dsjX7j7mtXZDJfffHiLzPhs1VqgAziNY/CTFJl7UaE/kkg0Alc5VANKOFtEKLC9INlynm808rQNL0tjoq2fNr4+7b3uv5v8cnpx0xtVBShf+sQl2tb2vej1W+9HL3YmKCzJSU6g2YQt0xUL8L8Lgv8sypFrk9nN2LCaW4ZuNir1mnX3bq1u09iDs3zbXT2lURRw9mC8QGtVQMxcplJwhIiYgH+K4DzTGIgCqovC3ExIm6AukjtAeGxHM869bUilmOaVnVVRGPpgCzxa5VlbLUynBEZvXeLL88NZKZfSftn26fM9uFEIC6FsLhvoDBTqojTom6vwa1j9YY4D/Rlwoc3fP8K7bIqSo84TFnn2Qwtoh/a/H+FuQaOFHy5Bwg039pW36+6SABjhsIuhXKOckQgtW8r2/lCFRfX2jnDtB9TCEOKYbyXSkGl4xhFLJdDCT2fmUjZ9Q6NyLj+W4GxVZUl/2IXOy6Ow8/xF2Gm3w047z77njrfdyHzbWuWOGuaHRTkiUzjLmCHCzDiXRnNL9TPj2cR2NddufDDInTBXBvMVOOXrYa4AVpaBXW7ZiWih50XJaa+GVdnrRy5IRQtMMDTiYJZiZHjuq3mpLekJP5BElQoeGz7f4VRhZPQGuZaroaC8lLgKNSM7dhfejsfDUaNckJkZ7hYmXJNlSYcqa26NJlmBtIocGq01XVXfFYT0g+XaHNZE20jT6O3VzcU5DK7GflQ7US42dkLBjT7GmQ2hKvFvwfu+EzgjlGaPSWRvwFANMykSEJlWhrFi5gTZZ5x+9MiZQvhnbtXNfMFMyDsi43+CkLmZJ+AZ6T0Oi+vorYaGzh7l3LHEO2NDVc6oCma8rvEW22LlhzocjM+GrZvz4aEzKb65C+MzE87d4bRqa16UI5UGpWjMybU3cjbJePGtRORGiosY04ppW9c+bxYWZIlFnQtjGPutphyIH20j/tlWb90Da0evMabSRdfKt5/GsZFNDkfh0Y+F+U7ILRoVTghHrkF6PAVLSpx+pEY/CqHKj+1YRKp6bPs6ZquC0tqTJRWFGroW44AXeliT/rE0x4kXNozNQU1ilAooN2bGlQAPfgte5xDBD4c5cQXWW4fT9e3mCDLSHfeHZZp3z6YgHAU1afW9LhS1ejc0LiXkmShPEaREKmNj8oPTLh3s2nOJuF/lSN0iN1cQUokA/JnUalfaOkc/2dZO6/ioyJisk1vwsCbweTm4JvB5Y1XgN+W9RP16gd9WkC/4aKxo6zjfqWv8mFGJyrk5hot4n6KkxoD5O0XHeQXZHriaFSJYXgrxQmxOfas/BG7OhxWpdeeX2RtlnKG0NLVuhtrNphFqGF+MgOhyN8vNrEn+Fn91uwLkFXZdxmjb0nZ7vpzsbgjkjhsx5Fyl3rzPKKeFIpkY1ep2JW9mQvRrVILZMkeZ97dF1Gp1Yw8CcIVVvCdJyjCMRFL0ASjCC2r3vDDOhAi3Q5veKZEbvf+tz9+izyW5V85j9xHhJY1jhnfEqIxxS/lXy2dSjtASS3Pq4l3rL4h2ZTw/Suv7f0BfG1/SuiVoPEKjvcAov4Up6jtE7pwNpYmm0dq9DqPmtjdecZJsdLe+/0fu2Gh/7dHfqPF3EYzimP2LBF8id/mbL6wsR62wZC9vK0PCPEYoV1wKYlDmoCxC5z9vi9AjkvFOuKMtcNUJnFQnqCWNiul+XSCHzAqpMey+qvWjddYIF9YhtSbbuHtLQd1FGkYjbwmNgfZJgbw8sLftdlpZjaj+eUdvacs79PbSWEAYExEpnQwf23W2+FuVxn+TC20CMnMy5P5vxY/2bP3/w4/ufKMf7dOGPqfB55TfP3TFevCmP/htct0bXd1cnxUJjSAIaingZX6leuTp3Uzyeh4EdsYgEsacMIYyYILE09L/reZ+qyhF8lfVMqUkTcNS5YwRKG7idKGcZQesTRTxzbm2Q29ZSKN2wTaoXE/0Z8HalctN72r9+qVv3BYEBFtuP65fsvzSBCXkplu3lovassn5lhoLcRcoTtMUdWBdNZI7LsYBahaZrkAiYQFNKx0u3e/bg4jGxq8pjtYSYiriVaDoH9iF5lHbPtzIFAb1akExrpO/4t5ETQKr6fR/p8C4S+1xMF1189zr4+VqG2RKpA7E7HHAy/JtVCd09wr8Iwt3lXFdJ58aL+b5FxX2IR19sCZhQVxNYiMv/uW3JuXaWrU5WxVTsuyEnaOw03LWvuXckcIbaE2JRCMWzAPkyeRtNs6nn93i8wmLK2JraeiqFd2a9d82Q5VRfgLHnP7gzXVvNJqcXQ3G11cXF73rkyedypOgzX73FstSsfb66oGdqL3r2jVmnvN+1LA58KNGtmWURw2bv64pHorlFS3Ls4rOujxxllpHKPbvxsqzTmkyp3w+sRfzpeH1aHz6pj94M+mPRje962J/DLs3DsIdsPVSqAnWAqf10pVBc7vkryXYqau2yekaQ62QR3KV6sCT2ahqWXXc/CAkUeLSA84DOD277Fl3ASXcXF80/L0pEzTmymUw8uGDZfsoJCkNK1OHQs5bLpEj5MoN3UsIZUDi2PK6qCjY2STOqdLOjzfQaGC7oO5Iyim7ze6I7Lx8+ew/56Y9jyD3YFAEwq64XTwgUlpI58nZ4UkUiYxre2XWuFO3aGnyH9/hyt3wu8aZj9Ee4OVapPh2PB4G7Q5EC8IY8nkZbVi+2WDbnReB5V67U4SBXlUrFwwiRpTqAtRMoJc544JWBG54fXX+KGnbBvhXRW0Lfwx5dXu+TdJKUdsta9uF7VFC9pVS9jgx++ty9oCg7ebkV8lZTdA2JW2LqOWyVhO1/Jlzo5Hb3I03r9biZpvPfp0lPSNccBoRBjfFk989OKfKrmNGJd4RxqAB0MqUbKkp5S2O2l2QCFIjkcqc04ax6ZehZixTi4bx5C1x5qQ0iLANOCwDoBI69pR9AWEPeoPzjWWYiUmqg7kRCFeALhsqJX0lZtrE7GZnU5SaogoikSSCw4ePDYDz3qv+6WDy+vpqMO4Nzk8MC7lGSSJNl1iZwr6BhGD1eJxK+VoE/kMg0T0RjZWhDtKVXgh+nP8OUpo2doT97r11S0Q0iBjN36W9+OlZA+DidNwbjSdXZ/2zi/7Jk4P1+yBGeStDSUyFWh/Qv3ZX8Bn+URHVDx8hkLCvhNST6eogNDpzCJ9BopF5hM8Q/t5+b5v3D+HnQhrXSPpU+/xn00JOiVpAEEFzk+LdHuQa2QkxZrJ4tOz5nP8O1eKwWVtPoOofAxJFmNpsSeDr0OsQfqrAe+Kwvhh3+eI1vYfWksgWE/PWB5HZimxMJZjYp2DLyIr/Jbm/UXjSabcvm/C3v7nbXU4z4hw3Do3vtIn4mjIc0T8ei13qm0SlidS+JQ5yyMaMfsnmVN/6bxqe6rcHbDc6W/Xe6MVdARI/qOqOvTTVpke1Rj33VQXTbJ5TsX9go9kCZqIhmkuRpRMNB2YbDux1n8PDQ3M0u7DAvlia5BhhRC2hmIg4M/TR3WANgJjPjAqXt18cC92XD9jX/i/rbrFHyM1ChadBjEtkhvX5d04EyF5uQ/rwMTcVL3OxtJe/qn71V87zoorkl+6C/nyq593j8PnD1Dxfp2ZGrVj5O05XZ/3J2UV/cnozfnuSB9+TVFIe0ZSwHGx4On570nRMn1LefWIamg37UHiSo508ORARtS+1Mo2QN9urGhAY427C6wS5DmgMIqJxJ6w0hiLqhCHx/6RY6iThU6VWy48fcTFbPOMfpvR4imSl06N0vlqpZ7j4uMBoxZ4v+PKn44/GZiwJZWRKGdWrwNVwIFlGb7qnw+Dy5vLVaT/oBKfnQQeCgNEZRquIWZ9dI1zfDAb9wRsIAmNTg+kKxv3L3tl173TcOwf4nFvc0Ph7v7//7BJlB2EzpiplZBW4r+34DOYQuaN6cdC8PVaBc9xU8/DQmuQ69Pt9+AzaOGcBh85ho9gCGhenhYLgLTRPM70Qsnhe8AqJRAlOw5u5ge62Wp3nL8OjZ09D/7sl0qi1PCoSK9VlOEIG9oBoNG6P1SQPEFMiSaJODppBoJkKFOFQfoVG87Dh/22i/E+LkxsSH7DmCN9mynZNojzsoZXn/mA0Pr24mAxPr08vRyfNJ5828X7/4f2fzUaj8e54VNy0zJmcf2nIgwez2U4q7AXA/FBu+WdeJVu552ex3LqWuMU+qWz0FsPd308qL/FXiFhevQfKqf7eZuu4pgxyKZmVZ/QcdXh7rEJ3s9Rzprbqygcwf4+v3vUGJ/LV/M1v+v7lTXy1OD9//fS/aJYqdYqvol/iWXr7v6fq7fPs6PVHfjp7d/XTm+XRTH34afDK3lNVEBgldzQGhkZ4Ut+Uw58hFmWCYf/2WEFMY5tVyA1XJKSJXNhq3znw9qtXjoxRFxwb3pI6HnUPCo58EO5Fov/KmP83WePjuR1fSfOvZ5bRiobjQ54wM85vKoyHe5p/d9L+tftqn30/n5vtV0J1XtM1M1v/JEv3K9+GY+f4RiH/6jjqX+raixR5QFWk3JkImaYssLak+Cak0ifyB65ziSxSXAmBviHPygSfL4Tk5R/LTviiTKrmzS4FajfxW7lcT376oPavjLhzuRVLWU1w1D8UJjO/+97y+eTnNbi13G89q+gdv3rjGkYlJ+TBKy2VW9tGyGv5GNACpu4m76qwIZu6w+tIOxRpmyrtmqyqv51nuQJv3g8PZrsWtBt0G6ucDPwlEchvrOeZLSByLqJ4U0i473mcdhjYVIoP9o8gilvL4/Ao7LTKb4nI40e3j/+q+QJGpqrlMAP7NjRw8YM0Qtp+gALHy/Vv4AuC7xr/NwAA//9WzU+u4E8AAA=="
          },
          "sensitive_attributes": [
            [
              {
                "type": "get_attr",
                "value": "part"
              },
              {
                "type": "index",
                "value": {
                  "value": 0,
                  "type": "number"
                }
              },
              {
                "type": "get_attr",
                "value": "content"
              }
            ]
          ],
          "identity_schema_version": 0
        }
      ]
    },
    {
      "module": "module.k3s_cluster",
      "mode": "data",
      "type": "cloudinit_config",
      "name": "k3s_worker_tpl",
      "provider": "provider[\"registry.terraform.io/hashicorp/cloudinit\"]",
      "instances": [
        {
          "schema_version": 0,
          "attributes": {
            "base64_encode": true,
            "boundary": "MIMEBOUNDARY",
            "gzip": true,
            "id": "1143787162",
            "part": [
              {
                "content": "#!/bin/bash\n\ncheck_os() {\n  name=$(cat /etc/os-release | grep ^NAME= | sed 's/\"//g')\n  clean_name=${name#*=}\n\n  version=$(cat /etc/os-release | grep ^VERSION_ID= | sed 's/\"//g')\n  clean_version=${version#*=}\n  major=${clean_version%.*}\n  minor=${clean_version#*.}\n  \n  if [[ \"$clean_name\" == \"Ubuntu\" ]]; then\n    operating_system=\"ubuntu\"\n  elif [[ \"$clean_name\" == \"Oracle Linux Server\" ]]; then\n    operating_system=\"oraclelinux\"\n  else\n    operating_system=\"undef\"\n  fi\n\n  echo \"K3S install process running on: \"\n  echo \"OS: $operating_system\"\n  echo \"OS Major Release: $major\"\n  echo \"OS Minor Release: $minor\"\n}\n\ninstall_oci_cli_ubuntu(){\n  DEBIAN_FRONTEND=noninteractive apt-get install --no-install-recommends -y python3 python3-pip nginx libnginx-mod-stream\n  systemctl enable nginx\n  # https://github.com/oracle/oci-cli/issues/875\n  LATEST_OCICLI=$(curl -L https://api.github.com/repos/oracle/oci-cli/releases | \\\n          jq -r 'sort_by(.name) | reverse | .[0].name') ;\n  echo \"LATEST_OCICLI=${LATEST_OCICLI}\" ;\n  bash -c \"$(curl -L https://raw.githubusercontent.com/oracle/oci-cli/master/scripts/install/install.sh)\" \\\n          -s \\\n          --accept-all-defaults \\\n          --oci-cli-version ${LATEST_OCICLI}\n}\n\ninstall_oci_cli_oracle(){\n  if [[ $major -eq 9 ]]; then\n    dnf -y install oraclelinux-developer-release-el9\n    dnf -y install python39-oci-cli python3-jinja2 nginx-all-modules\n  else\n    dnf -y install oraclelinux-developer-release-el8\n    dnf -y module enable nginx:1.20 python36:3.6\n    dnf -y install python36-oci-cli python3-jinja2 nginx-all-modules\n  fi\n}\n\nwait_lb() {\nwhile [ true ]\ndo\n  curl --output /dev/null --silent -k https://10.0.1.119:6443\n  if [[ \"$?\" -eq 0 ]]; then\n    break\n  fi\n  sleep 5\n  echo \"wait for LB\"\ndone\n}\n\ncheck_os\n\nif [[ \"$operating_system\" == \"ubuntu\" ]]; then\n  # Disable firewall \n  /usr/sbin/netfilter-persistent stop\n  /usr/sbin/netfilter-persistent flush\n\n  systemctl stop netfilter-persistent.service\n  systemctl disable netfilter-persistent.service\n\n  # END Disable firewall\n\n  apt-get update\n  apt-get install -y software-properties-common jq\n  DEBIAN_FRONTEND=noninteractive apt-get upgrade -y\n\n  \n  install_oci_cli_ubuntu\n  \n  \n  # Fix /var/log/journal dir size\n  echo \"SystemMaxUse=100M\" \u003e\u003e /etc/systemd/journald.conf\n  echo \"SystemMaxFileSize=100M\" \u003e\u003e /etc/systemd/journald.conf\n  systemctl restart systemd-journald\nfi\n\nif [[ \"$operating_system\" == \"oraclelinux\" ]]; then\n  # Disable firewall\n  systemctl disable --now firewalld\n  # END Disable firewall\n\n  # Fix iptables/SELinux bug\n  echo '(allow iptables_t cgroup_t (dir (ioctl)))' \u003e /root/local_iptables.cil\n  semodule -i /root/local_iptables.cil\n\n  dnf -y update\n  dnf -y install jq curl\n\n  \n  install_oci_cli_oracle\n  \n\n  # Nginx Selinux Fix\n  setsebool httpd_can_network_connect on -P\nfi\n\nk3s_install_params=()\n\n\n\nif [[ \"$operating_system\" == \"oraclelinux\" ]]; then\n  k3s_install_params+=(\"--selinux\")\nfi\n\nINSTALL_PARAMS=\"${k3s_install_params[*]}\"\n\n\nK3S_VERSION=$(curl --silent https://api.github.com/repos/k3s-io/k3s/releases/latest | jq -r '.name')\n\n\nwait_lb\n\nuntil (curl -sfL https://get.k3s.io | INSTALL_K3S_VERSION=$K3S_VERSION K3S_TOKEN=rBgGXtx9UdOhDDF4JiupssAeBcVdfpkQbsH6u2FqnAfKO7Gv2fsj7NB K3S_URL=https://10.0.1.119:6443 sh -s - $INSTALL_PARAMS); do\n  echo 'k3s did not install correctly'\n  sleep 2\ndone\n\nproxy_protocol_stuff(){\ncat \u003c\u003c 'EOF' \u003e /root/find_ips.sh\nexport OCI_CLI_AUTH=instance_principal\nprivate_ips=()\n\nexport PATH=\"/root/bin:$PATH\"\n# Fetch the OCID of all the running instances in OCI and store to an array\ninstance_ocids=$(oci search resource structured-search --query-text \"QUERY instance resources where lifeCycleState='RUNNING'\"  --query 'data.items[*].identifier' --raw-output | jq -r '.[]' )\n\n# Iterate through the array to fetch details of each instance one by one\nfor val in ${instance_ocids[@]} ; do\n  \n  echo $val\n\n  # Get name of the instance\n  instance_name=$(oci compute instance get --instance-id $val --raw-output --query 'data.\"display-name\"')\n  echo $instance_name\n\n\n  # Get Public Ip of the instance\n  public_ip=$(oci compute instance list-vnics --instance-id $val --raw-output --query 'data[0].\"public-ip\"')\n  echo $public_ip\n\n  private_ip=$(oci compute instance list-vnics --instance-id $val --raw-output --query 'data[0].\"private-ip\"')\n  echo $private_ip\n  private_ips+=($private_ip)\ndone\n\nfor i in \"${private_ips[@]}\"\ndo\n  echo \"$i\" \u003e\u003e /tmp/private_ips\ndone\nEOF\n\nif [[ \"$operating_system\" == \"ubuntu\" ]]; then\n  NGINX_MODULE=/usr/lib/nginx/modules/ngx_stream_module.so\n  NGINX_USER=www-data\nfi\n\nif [[ \"$operating_system\" == \"oraclelinux\" ]]; then\n  NGINX_MODULE=/usr/lib64/nginx/modules/ngx_stream_module.so\n  NGINX_USER=nginx\nfi\n\ncat \u003c\u003c EOD \u003e /root/nginx-header.tpl\nload_module $NGINX_MODULE;\n\nuser $NGINX_USER;\nworker_processes auto;\npid /run/nginx.pid;\n\nEOD\n\ncat \u003c\u003c 'EOF' \u003e /root/nginx-footer.tpl\nevents {\n  worker_connections 768;\n  # multi_accept on;\n}\n\nstream {\n  upstream k3s-http {\n    {% for private_ip in private_ips -%}\n    server {{ private_ip }}:30080 max_fails=3 fail_timeout=10s;\n    {% endfor -%}\n  }\n  upstream k3s-https {\n    {% for private_ip in private_ips -%}\n    server {{ private_ip }}:30443 max_fails=3 fail_timeout=10s;\n    {% endfor -%}\n  }\n\n  log_format basic '$remote_addr [$time_local] '\n    '$protocol $status $bytes_sent $bytes_received '\n    '$session_time \"$upstream_addr\" '\n    '\"$upstream_bytes_sent\" \"$upstream_bytes_received\" \"$upstream_connect_time\"';\n\n  access_log /var/log/nginx/k3s_access.log basic;\n  error_log  /var/log/nginx/k3s_error.log;\n\n  proxy_protocol on;\n\n  server {\n    listen 443;\n    proxy_pass k3s-https;\n    proxy_next_upstream on;\n  }\n\n  server {\n    listen 80;\n    proxy_pass k3s-http;\n    proxy_next_upstream on;\n  }\n}\nEOF\n\ncat /root/nginx-header.tpl /root/nginx-footer.tpl \u003e /root/nginx.tpl\n\ncat \u003c\u003c 'EOF' \u003e /root/render_nginx_config.py\nfrom jinja2 import Template\nimport os\n\nRAW_IP = open('/tmp/private_ips', 'r').readlines()\nIPS = [i.replace('\\n','') for i in RAW_IP]\n\nnginx_config_template_path = '/root/nginx.tpl'\nnginx_config_path = '/etc/nginx/nginx.conf'\n\nwith open(nginx_config_template_path, 'r') as handle:\n    nginx_config_template = handle.read()\n\nnew_nginx_config = Template(nginx_config_template).render(\n    private_ips = IPS\n)\n\nwith open(nginx_config_path, 'w') as handle:\n    handle.write(new_nginx_config)\nEOF\n\nchmod +x /root/find_ips.sh\n./root/find_ips.sh\n\npython3 /root/render_nginx_config.py\n\nnginx -t\n\nsystemctl restart nginx\n}\n\n\nproxy_protocol_stuff\n\n\n\nif [[ \"$operating_system\" == \"ubuntu\" ]]; then\n  DEBIAN_FRONTEND=noninteractive apt-get install --no-install-recommends -y  open-iscsi curl util-linux\nfi\n\nsystemctl enable --now iscsid.service\n",
                "content_type": "text/x-shellscript",
                "filename": null,
                "merge_type": null
              }
            ],
            "rendered": "H4sIAAAAAAAA/7RZbVcbN/Z/r3PyHe5/4h7jtPJASPMAdf9Lgkm9ATvF0G0PZefIM3dswViaSBqMS/jueyTNjG0wpOl2eTOe0X346eqne6/EOykMCkNP5jnuwLTIDM+ZMuGUX2OyCyNZiISpeSc46h113w5O+/t7x78FxL7RX1BpLsUObLU3n5AnhNJloSektq2Y0Ckq2hWxTLgY78CrETdLAs65wWsTXlM9wSzTseK5eUKO+BTv+Xn6f+GIi3DE9ISQeILxZST1RgtuCIBgU+w0NmJmIEQTh1JThRkyjfAZxgpz+Hd/76jbgc+gMYGmDoMwHDdbBCDOkInIG7ixj6fPOreEAFx5/18w+0v3eNgb9KPe/sPGa0s35S/nAmDKLqTqNG5WpL5pP3NjXNwfe/qsbccIAE/h7AyCxgJ9AJ0OBKejQpgigPPzXTATFAQAQOaomOFiHOm5NjjtBIUXIwCYPWRqoFicIRxyUVzDENUVqi/alU4nsyreuMaHEIgEUyuTchtsjCcSgg/bQ+BCG5ZlkCsZo9agCiG4GINlQlBLDoY70LhrdXkYjmxw4dgv1w40XLBXJWyIlyXse0BuCSkxRDLmUZzxyIdro2Wptt9929vrRwfHg/5Jt7/fEVJwYVCx2PArBJYbOkZTT4NSIWn5QhXGcjpFkWigc8jnZiLFdvWkOc9BjLm4hoyP3A86lQnVRiGbEgA/ydhkgIKNMvTCBOApTIzJ9U4YjrmZFKN2LKehX4pQxpzGGQ+51gXq8PWr7wnA4d5Jd3gSDd713h32LMELlQE9rM2wnLeXTCnMpb5rsNwIGj7D726N/d/FJ6AKmloqE43mG23LpxZ8BoWWw3bftM82z93nZgt26/W4A+lm5f02cJJ26wONIbiPWLFZibjQqGKfYdbFYcq0QRX6TKPDcmWqZ1tPWsHKfKhefaUsjjE31C5ngikrMnNXonRFy00LdyezjmEepWeY35CesEDxE7xZ3XaJSC19KoYt7Tma4BVmdltUeYpi9madUsm5NxXYmoQXXFyw555abpJTmRQZ6uXd/JUAXi8reXMrDN7Zaj/frAC83Nluv3wE8cuvQZxyG+sZ4ybKRq5UzCY8QzgDowqEc5JIm6Qdl6gsTF4YCBO8CkXhtq7mGQoD9LLm2dZme7O91d7aerPz8sWL7aVM/P+BW6vN1bUaKWSXHgmAzhBz+L7mvAUGqVRw+DYgiRRo0VaVjZDK8r0059JzcT/TP4V9rl1cU65wZqNGAMJCq1Db0inQpDwzqGhuqantHgFtZP5lqTQrbNldTkJWEdYJtzWqKx7jinRSIntUwc2h29+/Nw87UmXWIk+YwaUPdaqdg5apmTGFNFc2aoajpjblSgEXn/588i7ysWIJAp2TstyuLQh+zIE+4NcQXjEVZnIcXshCCWbnrEDzP7Be8KELxxG7PtXY2drcPArgxx99a+EjlVS6STuWIr2veMAzHPI//qz2Iv4KtWHKlF8SWkkSW38fZ9pyUX+cbmtX3FbAWS2SPLrGPpA8N3ZEh8Ou7z5GxbgKRXODZZmc1TKRgXisZJFHBjZswDe4jE3WarWa8COESkoTZjJmWVRptGPugGKZiih/WIzUaahm3Z20dPHJ5Y8HeOJDZ8fc5Pquug99LO1UHQ6jcSRl5nJMEsW2CUMzk+oyiqUQGBuQAuhHt1KX2zqqnORMsanubLQI+atLeN/ct52NgFJdyrac015/eLJ3eBh93DveOxp2gsbNfb2zZ+e3ASHkw/YwKnviurGo8uij7cXltqZc2kfdWoQZM6gNfK66irJtIHVOJ6QQhmdQOtLpoiMYo2lfbus2l/AZqhmsoFt6Afv7ZPCh2++ot+P3v5rrN6fJYLK/f/Din7zItd7Dt/EvSZpf/jzSP70snh98Envph8Gr91fPU33xqv/WWTg9Puw8UCnAti4aKDRWo9naBVeEPLkvtzUkPAEhF2ktlkphbLJ5sy4hz321ILmS1/MoV9LIWGaRNkWa2h7CHlh++AGa3cHBYhekXCQRz3VbTwhe51IZGLzrRe8Oe9He6clPHedPxBjliouY5ywjueJXzKDVcjQr1T7unfzUCbzVERc7DfshIE/hAE08sdyylvdBpmAnYN+rLr5yooELKwRMJLaSKAQjgQlgSrE5qbHImCe609iQMQeNTMUTm8lkoWIEbVQRm0JhQsshSj8VqObUnikh+Pm0e/xb7bHW0zCboELIeIrv5nGGQ8MMdprHp/1+r/++GUBlB5oJM6zNDTp+t3mCwvCUo2oCpYrNqp5hQdCz8ya0CHkKPVtVDIKZKFmMfVDc3Ow8UxenBA3jmbZhQhZPFkilQBjN7YPY7uCKZTZajZvVqJz94/wWSvZUBGpcsTKPvkfjTsXWuvVd6VZJypopT802trGc5oVZiIEtg5RWr5QnzvbqtFfDFCRc5xmbU3eEdMdfj2nFH1nA+1iMMh5DL1+DMXdjEc8fwpdxbeiV4LH+Opj28BF465TnyzBrlxbhgvn/GwDe/F0EtdMVBDYnL421ys1vqcEtMYLGzZKwpUVAFjklaHDfJ5hpHi7JeSvdwcFfaDT773v9X6Ojwf7pYbfjOseMj0LXgYdl9x2K8XXkj66R/9TWslY9HXaPO7PZjNqI/BctyFogL198NRR/krY4ytTZHezXidOfLCbIElRtk2ckkywpLUFjGcIuIfb4WX20pneJreSoovI+AzWwwshdkvMEQlUIb76d82SXkO5gn6zP3h5EKqUpQeAVCqPd7VfpoewWuBQaXr18ves2mrvbi/yhFaTYtUcMHwunWuTliy2/tnS5rwA337iDyYIvlmhL7AH6za0T1O5iCG5ulmVvb3e2Nzdfb8KUXUepTXKdbbDPyPApysJ0tjb1buUIRWJ9eYu360Dpvw+VLcV/BRUByOQ4SqWaMgMjpnkMzYbCqTQYsSRRcNawZiLXRZ5D09lpNqriDA1tmCk0NEZzgzrStiEqfyuMkV9hUitp1JpL4XBB0Kji4fwEldTS94XJAO59rqyvDJVccR6C5q47X8WWn1Emx4uTjN9Httvzo2076ibvbm6UksoprNNwo1Zh1yfU5VbFMZEs1snNKHOnQXjxYtsvQqnCtF4QYXlE4LWJaq5Yi+VCrbP6evNBo1+2eevzpLsHXpsSHtikq7vXbdv1u1uhSFBFTsyuTcrH7XxOUiWnUN5v8KnrvU5wmtu2mJTvUhNyvPevqPcROiBzFBvNu5m++R00VbPVVsiSjAvUGy3S+ziEDpzxtsI8YzFuNH8Xze+azRbUZcVbPSdkGVVkSv9RzswEOtC8M8HmqngtZU+pnhte1I43CZlxM/GwH/bi4QPTMGEiyXDHrddaeeiUMm6ytmUVOFsJK3TqEK53aeNkF2OjZMUiuXSg93FIWg+CLrHO7mMtMc0Ut17vIGqV5JpMZQLfXq/p1tv3P5Hq8vhR/vi1AGoIuX8T4GveLVl/jPjymXJNX/D33Y278FKuY839/VxheEZdA+DK9L27cH/L4BSS+j7p7j+nKH1C/hMAAP//3aGpnfsaAAA="
          },
          "sensitive_attributes": [
            [
              {
                "type": "get_attr",
                "value": "part"
              },
              {
                "type": "index",
                "value": {
                  "value": 0,
                  "type": "number"
                }
              },
              {
                "type": "get_attr",
                "value": "content"
              }
            ]
          ],
          "identity_schema_version": 0
        }
      ]
    },
    {
      "module": "module.k3s_cluster",
      "mode": "data",
      "type": "http",
      "name": "my_ip",
      "provider": "provider[\"registry.terraform.io/hashicorp/http\"]",
      "instances": [
        {
          "schema_version": 0,
          "attributes": {
            "body": "106.220.95.66",
            "ca_cert_pem": null,
            "client_cert_pem": null,
            "client_key_pem": null,
            "id": "https://api.ipify.org",
            "insecure": null,
            "method": null,
            "request_body": null,
            "request_headers": null,
            "request_timeout_ms": null,
            "response_body": "106.220.95.66",
            "response_body_base64": "MTA2LjIyMC45NS42Ng==",
            "response_headers": {
              "Cf-Cache-Status": "DYNAMIC",
              "Cf-Ray": "a08e9507bc52e14a-MAA",
              "Content-Length": "13",
              "Content-Type": "text/plain",
              "Date": "Tue, 09 Jun 2026 07:56:52 GMT",
              "Server": "cloudflare",
              "Vary": "Origin"
            },
            "retry": null,
            "status_code": 200,
            "url": "https://api.ipify.org"
          },
          "sensitive_attributes": [],
          "identity_schema_version": 0
        }
      ]
    },
    {
      "module": "module.k3s_cluster",
      "mode": "data",
      "type": "oci_core_instance",
      "name": "k3s_servers_instances_ips",
      "provider": "provider[\"registry.terraform.io/oracle/oci\"]",
      "instances": [
        {
          "index_key": 0,
          "schema_version": 0,
          "attributes": {
            "agent_config": [
              {
                "are_all_plugins_disabled": false,
                "is_management_disabled": false,
                "is_monitoring_disabled": false,
                "plugins_config": [
                  {
                    "desired_state": "DISABLED",
                    "name": "Vulnerability Scanning"
                  },
                  {
                    "desired_state": "DISABLED",
                    "name": "Bastion"
                  }
                ]
              }
            ],
            "async": null,
            "availability_config": [
              {
                "is_live_migration_preferred": false,
                "recovery_action": "RESTORE_INSTANCE"
              }
            ],
            "availability_domain": "mvcG:AP-MUMBAI-1-AD-1",
            "boot_volume_id": "ocid1.bootvolume.oc1.ap-mumbai-1.abrg6ljrbmqlg6ak5d67ofelzgdxkt2d7vm6qvr4xmwp75czop6jdbkvfdea",
            "capacity_reservation_id": null,
            "cluster_placement_group_id": null,
            "compartment_id": "ocid1.compartment.oc1..aaaaaaaarovtmmnbssyvqqehfh5njbi3beaytp2pgyys5ehqhecyl6hnv73q",
            "compute_cluster_id": null,
            "create_vnic_details": null,
            "dedicated_vm_host_id": null,
            "defined_tags": {
              "Oracle-Tags.CreatedBy": "default/swapnilkuwar1995@gmail.com",
              "Oracle-Tags.CreatedOn": "2025-12-06T18:02:29.880Z"
            },
            "display_name": "inst-fr9nk-k3s-servers",
            "extended_metadata": null,
            "fault_domain": "FAULT-DOMAIN-1",
            "freeform_tags": {
              "environment": "staging",
              "k3s-cluster-name": "k3s-cluster",
              "k3s-instance-type": "k3s-server",
              "k3s-provisioner": "https://github.com/garutilorenzo/k3s-oci-cluster",
              "k3s-template-type": "k3s-server",
              "oci:compute:instanceconfiguration": "ocid1.instanceconfiguration.oc1.ap-mumbai-1.aaaaaaaarhpizsvumtyl4strlgibssqjke67gvjov2h33ulqa6tqxsslxaoq",
              "oci:compute:instancepool": "ocid1.instancepool.oc1.ap-mumbai-1.aaaaaaaatrpsjltsh2skjuk2kzwubvvqtic3pgampd2rwfcr2jyfrwadiskq",
              "oci:compute:instancepool:opcretrytoken": "928d65ea-d6a9-41c5-ba2d-07809c101a04",
              "provisioner": "terraform"
            },
            "hostname_label": "inst-fr9nk-k3s-servers",
            "id": "ocid1.instance.oc1.ap-mumbai-1.anrg6ljr56u25dqc2bi6ydyilxsuamhx3ejn5gkf2t72wg2r36dd7xdb6qxa",
            "image": "ocid1.image.oc1.ap-mumbai-1.aaaaaaaaohman5szirc6pao66iw4xiyi7wrknar66xmy7t3hf7yxx7eoplqa",
            "instance_configuration_id": null,
            "instance_id": "ocid1.instance.oc1.ap-mumbai-1.anrg6ljr56u25dqc2bi6ydyilxsuamhx3ejn5gkf2t72wg2r36dd7xdb6qxa",
            "instance_options": [
              {
                "are_legacy_imds_endpoints_disabled": false
              }
            ],
            "ipxe_script": null,
            "is_ai_enterprise_enabled": null,
            "is_cross_numa_node": false,
            "is_pv_encryption_in_transit_enabled": null,
            "launch_mode": "PARAVIRTUALIZED",
            "launch_options": [
              {
                "boot_volume_type": "PARAVIRTUALIZED",
                "firmware": "UEFI_64",
                "is_consistent_volume_naming_enabled": true,
                "is_pv_encryption_in_transit_enabled": false,
                "network_type": "PARAVIRTUALIZED",
                "remote_data_volume_type": "PARAVIRTUALIZED"
              }
            ],
            "launch_volume_attachments": null,
            "licensing_configs": [],
            "metadata": {
              "ssh_authorized_keys": "ssh-rsa AAAAB3NzaC1yc2EAAAADAQABAAABgQC/cMRYmDjkr4kmYaLwd0mMOPCSRTrrfgDfT0dLKDk0l1zt0po+rvb0Bcyc/XtIItqNMxiATG6MdTKbQvL66MnwF2mb9/+zUBFecMwJ77coB2zDGUapyuinKNPR0DolQoiQqJr/unPZ4nPmmtB1n0XXWkydg2HdHeoaRYgvNCMvuA+J01Ag3XCdwdb3tyBsppgE4lDdLL2viZdtcGH2a+P3oQE35ZceUzhGXP8YK3+sW6dJA9ZNp6UPq25Z8wFWakPvRmCuq1MJNuWbvBarGKbOKpxQGhG01XFQhrBqD/8tq1bx9kd7KIDXHPMD5CAUH0IMr+2n1xw9sBPp4pJq3+HbMsquBbPwDcHJ6nNDJC5dATG2036CMmRrP3x0xalbqxHOFcNCUPlZL8QomrFf0E/u7+39YU953MWVjI9vL7AHL/qksg0nEjKEF++HxTq4+K7BOhsc6o6qRt6mJQi9aK7oPFQsqwf+t1+vE4A2KEVXnur/amj+U4A3PvUVzI61+CE= swapnilkuwar@Swapnils-MacBook-Pro.local\n",
              "user_data": "H4sIAAAAAAAA/+x8a3Mbt7Lgd1blP3Qob0nKZoakZDs2c3X2yhJt81qiuCKV5FSOlwecaZKwMMAYwFBi7Pz3LTzmxYcsO6dObdVepyKJQDfQaHQ3+gHwTHCNXAfjVYpdSDKmaUqkbiX0HuOfYSoyHhO5Omle9i97r65uBuen139vNsyn4BeUigrehU7Y/q7xXSMIqkDfNYqxJeFqhjLo8UjElM+78NOU6gqAnVzjvW7dB2qBjKlI0lR/17ikCW7Ms/d9a0p5a0rUotGIFhjdToQ6OIRPDQBOEjx5chARDS3UUUuoQCJDohA+w1xiCv9ncHrZO4HPoDCGfdVqtlrz/cMGQMSQ8Ikb4JP5tffDyZ+NBsDSzf+FYX/pXY/6V4NJ/3z34MVIn/xfdgqAhHwQ8uTJpxrU/wh/sH2Ub/bt/RCavgYAncHvv0PzSUl9E05OoHkzzbjOmvD+/c+gF8gbAAAiRUk05fOJWimNyUkzc2ANAGS7hrqSJGIIF5Rn9zBCuUT5xXGFxWEGxQ2ucBcFPMaZgZlRw2yMFgKa745HQLnShDFIpYhQKZAZ55TPwUhCs4C8GnXhyfqo1W64NMyFa7ddXXhimV2HMCyuQpjPzcafjcYdoXrCpla47haUIfwOWmYI7xuxMNuaSQZBIDKdZhpaMS5bPGOmSVGGXENwCwutU9VttTrtsB12wk7nZff506fHlb37X00I8CO060ydSiS3ji8AiiGm8Kyg2hAGMyHh4lWzEQuOhlrPsckCWeL1wRE4U6MLCAS0pBC6NUdtQUK1KIiT5C6cU73IpplCGTnFDCORtAyk+5EQyltOM5UZJDCtgVlItEhEDD+125szNGBL25+NRkMij1FOqNJUTCLBZ3R+cPipYVTsP/4D9ntXr/fhb9B80h+N+1eTs6vB6/6byev+Ra/ZICktbIJfc2jHCaloLTuEpQvSadxSHnehb9qvrHwI2UhQk5ho0vWmQqUkwi5Y5MDJTkOlGJn+RTbtQiyiW5RmXAvTANBkbixR53nYMfK6B38XGSRkBWKJUtIYwRhQBWIGCaqFWxlMV5DxSCQJciOnZpdhJhgTd+YToxxVaJQd1eLMYnStDMQ4IxnT1SYwCnG/usxXAp/+tO3IyZThUIoE9QIzdYlybqyqzJzm7cFVqo2kGsrmTEwJs7t/BFk6lyR2BBi4c1SacqKp4CAzhkAVZMagaQEi1QHlOeTiaOKRJ6lgNFp14fxqMrgaT26Gb65Pz3uOQ2NJZjMaQUI4maNhAcyQ6EwayiKRpIIj18qtb2p00K/UrSmurCKlTOjt3Z4mu+Hwhmi8I6vKPACUzyUq5bv8dIGVg1wEPMjcgeykAuD2hcqpAJCoRCYjrDSZxo8ZKl1rA4jSrAuddlJrTDARctWFp+1LWnQolEsaYRVd23NyIGIcCqkrHamQ6xPtOcGMCAcSxxBlSosE/MIcAlBu9lXCkrAMVSHA6keYZhqohiRTGiiPWBYj6IVQ6DEV5RGCUWeQmDIS5dJTTA8DoQ0O0XD66wh6F6/gjjJmFMELNaQoZ0ImsEDC9ALsSa5AcKccVCptZ1sb1/ZTBYwqHcIItdcnqox8GtTqeHYENzNylUlPkgNZG9kTQJiRDrgT8jYs7KOzjdYgWkkpfqoMVatz9Kx9XBstsBN3ofOsfdSp9RgLIueohzv7ud/gLhy3n232WnFVmuhMBRv8yed90X5g0hftje7qnFt67ZzWWmydzR1nO6fb7K5Ot6W3mE5tne6487T90Pq29Vdm3NZrZ9RRuta+B2MjWEa2FuhlaYESQXEKUmRW9hYkTZFvJ7Xz7GHebOuv7f8O5mjm5sMvmjR8yKLNiHHMapbzbNCvWc2I0w1769BMk0e9xsSoO+Ex+AMvYpnSKP3HTLrjxHgshAPea5ScMEdi7Kyz/dMNtGNCe5i8cUeXt1kpUfZkWkiRzRfGAlij5M63cEUSFlqsoXPWb40XZW0F5aBWPII7qhfmYKIzY6xb0cIc3q0KvgkA7Fy1E/kal9Q5IM2mbXcYOeF2MYMdDkYFJC6NtlvrKSdspaiq8hiAifncxE0FMMMlsi40PTVdymeiWQKfqv9ShrbqGPbkPEOph1IsaYyyW+U+wIc7PfRnuF5QGQfGjVkFH+501e0oSaAJMf6FbV2WZsHv+7kw3mIXmv5zyEREWPMvHJk7zszO0YvKoQnAaEK3jnDU3jlE++hpZQwm5heOvXdEmoijXFvuqlwUIM2EqqiLUrqQIucUXVKG87qqlJt8JiSeZ0m63uuMenkwtCvsIrHxEVWfU00JO0dGViOMBI9VFzqbcEOUVMQFxNEmxGtCWSZxvJCoFoLFxtqUm+vO/P7wmvA5qi40fyiXh/frnRt9V5m2qYOhdUy2APT5jn6SadHnHzDS3Vz9iz4tSWTktvkHTW8pb1YFc0I51V+Uzq1i99dF5pu8vU7p7e3BKMWIzlaObkhNDOk8ahMk5g7TFBdkSYUEqvi+hhgVlRiHxSDna3BdYESjceHMqMo7YAinzsMxQTn0ZwOhhxKVifcaFeYNM8Zyg1Dsj/CB1KX15H/F6UKI2zVj5Xep1Cc6X2ilMS1CFfPPbWGtyYQzsZjX2pQm0W0s6dLse9FeEDjCSKKRoN/f5xRyrNjdKl2ei8Z9HiHDSIvqkO6c+oUwGtujqubt27zYmbNk6xZ7Q8e9xRvYM7jkXEL1iMYYEenEW0gX1V2SNTvAURvfs4JbnDkbwrtN7NaEziMPRXxOlcxSs7hXWTxHvWUllTWnkgpJ9eqMEaXWFpMpvDwb1slWcYUKLW6RV4kiWZyfghHJMap0+3DHGb/cEJlweODYoSp7lYiM60vNlDnOatK3GTyeXZ+PMUmtItQJXhZ7fXN9USyuFmAaY6QiwrC3hUFF56WR485GK7nv2oSN26eU0YicGcJL2NxImSmryjMiScpsnrQTtovVLKvSmmYVZlt/8nSJkszxRlNG//AiXDjyfLvQG3eIMLo0xLrE3pngHCODfWpIOy7EqEgvaBEJNuJ0NqN8/lrI3NTXeLMT2tv9GnCMKROrxJyrZIqsEIpUxL5hXU2tzpRBv0aGCWq52p03AFgePSzvRtpcSqV3Hy3MyVaV3zuikt52fU+LlMsjEXbNX7V124DXR8m9wo2ORHCqhdzap0UqmJivNnsca698EsDyfKdjTq0JW1MdHw3Ma8EIbAtDqjuxrNn7BzUuz4B4S9wfFu1fCniMfTEnxS+CZUn99M+jpRpaEBnLUju23QCDXRNtwbBmakj0ouuKBi5l8DDWDmrItxC0DelRNOWItQ2sp8a6X7djF4LErwgjPEK5ddO2Jt42xeOLu1gf51Fc+yLKdp59AW0XQY/bycdgPY6sHLN39bqxmVzvDU5fXfQmLsc+vL767e/m5/jq7Oqinmb3Tgnl841M+7HPtPf4UqxeU6ZxM8/uPfEg9SfCI9LvzhwNiY4WbqsDIGnKVmPRhYv+aNwb9K7diW1AujUH1ZJ82bt+0yvP+gyrLqnSyFFOZpbciiQV+mcWE+ZwoQsxKtQ/CK2ZmlBuFqKFEXfDOSZIXJzAdgBWO+wsD9bFxe5apbBDeDzJEyroSicHh5+KolDfgVE+d7mcMAybRQ3ooshlFhsYiztu6HKJn8/gxMAXMk9cjQPUAgJXatyoxJy4yo7LLdcqOXnm5AH58sjudPPIdTbng2ypFNlK4b3Nx727edVzNJ1YNZCERwuUrdtjZf7PB0mW4BYe+HW1RGqcLvOr1mFry7Yh0qwoQgYrCGawWYxqANxmUzSgVjot1AOr3r2bWhKc0dsjX7j7mtXZDJfffHiLzPhs1VqgAziNY/CTFJl7UaE/kkg0Alc5VANKOFtEKLC9INlynm808rQNL0tjoq2fNr4+7b3uv5v8cnpx0xtVBShf+sQl2tb2vej1W+9HL3YmKCzJSU6g2YQt0xUL8L8Lgv8sypFrk9nN2LCaW4ZuNir1mnX3bq1u09iDs3zbXT2lURRw9mC8QGtVQMxcplJwhIiYgH+K4DzTGIgCqovC3ExIm6AukjtAeGxHM869bUilmOaVnVVRGPpgCzxa5VlbLUynBEZvXeLL88NZKZfSftn26fM9uFEIC6FsLhvoDBTqojTom6vwa1j9YY4D/Rlwoc3fP8K7bIqSo84TFnn2Qwtoh/a/H+FuQaOFHy5Bwg039pW36+6SABjhsIuhXKOckQgtW8r2/lCFRfX2jnDtB9TCEOKYbyXSkGl4xhFLJdDCT2fmUjZ9Q6NyLj+W4GxVZUl/2IXOy6Ow8/xF2Gm3w047z77njrfdyHzbWuWOGuaHRTkiUzjLmCHCzDiXRnNL9TPj2cR2NddufDDInTBXBvMVOOXrYa4AVpaBXW7ZiWih50XJaa+GVdnrRy5IRQtMMDTiYJZiZHjuq3mpLekJP5BElQoeGz7f4VRhZPQGuZaroaC8lLgKNSM7dhfejsfDUaNckJkZ7hYmXJNlSYcqa26NJlmBtIocGq01XVXfFYT0g+XaHNZE20jT6O3VzcU5DK7GflQ7US42dkLBjT7GmQ2hKvFvwfu+EzgjlGaPSWRvwFANMykSEJlWhrFi5gTZZ5x+9MiZQvhnbtXNfMFMyDsi43+CkLmZJ+AZ6T0Oi+vorYaGzh7l3LHEO2NDVc6oCma8rvEW22LlhzocjM+GrZvz4aEzKb65C+MzE87d4bRqa16UI5UGpWjMybU3cjbJePGtRORGiosY04ppW9c+bxYWZIlFnQtjGPutphyIH20j/tlWb90Da0evMabSRdfKt5/GsZFNDkfh0Y+F+U7ILRoVTghHrkF6PAVLSpx+pEY/CqHKj+1YRKp6bPs6ZquC0tqTJRWFGroW44AXeliT/rE0x4kXNozNQU1ilAooN2bGlQAPfgte5xDBD4c5cQXWW4fT9e3mCDLSHfeHZZp3z6YgHAU1afW9LhS1ejc0LiXkmShPEaREKmNj8oPTLh3s2nOJuF/lSN0iN1cQUokA/JnUalfaOkc/2dZO6/ioyJisk1vwsCbweTm4JvB5Y1XgN+W9RP16gd9WkC/4aKxo6zjfqWv8mFGJyrk5hot4n6KkxoD5O0XHeQXZHriaFSJYXgrxQmxOfas/BG7OhxWpdeeX2RtlnKG0NLVuhtrNphFqGF+MgOhyN8vNrEn+Fn91uwLkFXZdxmjb0nZ7vpzsbgjkjhsx5Fyl3rzPKKeFIpkY1ep2JW9mQvRrVILZMkeZ97dF1Gp1Yw8CcIVVvCdJyjCMRFL0ASjCC2r3vDDOhAi3Q5veKZEbvf+tz9+izyW5V85j9xHhJY1jhnfEqIxxS/lXy2dSjtASS3Pq4l3rL4h2ZTw/Suv7f0BfG1/SuiVoPEKjvcAov4Up6jtE7pwNpYmm0dq9DqPmtjdecZJsdLe+/0fu2Gh/7dHfqPF3EYzimP2LBF8id/mbL6wsR62wZC9vK0PCPEYoV1wKYlDmoCxC5z9vi9AjkvFOuKMtcNUJnFQnqCWNiul+XSCHzAqpMey+qvWjddYIF9YhtSbbuHtLQd1FGkYjbwmNgfZJgbw8sLftdlpZjaj+eUdvacs79PbSWEAYExEpnQwf23W2+FuVxn+TC20CMnMy5P5vxY/2bP3/w4/ufKMf7dOGPqfB55TfP3TFevCmP/htct0bXd1cnxUJjSAIaingZX6leuTp3Uzyeh4EdsYgEsacMIYyYILE09L/reZ+qyhF8lfVMqUkTcNS5YwRKG7idKGcZQesTRTxzbm2Q29ZSKN2wTaoXE/0Z8HalctN72r9+qVv3BYEBFtuP65fsvzSBCXkplu3lovassn5lhoLcRcoTtMUdWBdNZI7LsYBahaZrkAiYQFNKx0u3e/bg4jGxq8pjtYSYiriVaDoH9iF5lHbPtzIFAb1akExrpO/4t5ETQKr6fR/p8C4S+1xMF1189zr4+VqG2RKpA7E7HHAy/JtVCd09wr8Iwt3lXFdJ58aL+b5FxX2IR19sCZhQVxNYiMv/uW3JuXaWrU5WxVTsuyEnaOw03LWvuXckcIbaE2JRCMWzAPkyeRtNs6nn93i8wmLK2JraeiqFd2a9d82Q5VRfgLHnP7gzXVvNJqcXQ3G11cXF73rkyedypOgzX73FstSsfb66oGdqL3r2jVmnvN+1LA58KNGtmWURw2bv64pHorlFS3Ls4rOujxxllpHKPbvxsqzTmkyp3w+sRfzpeH1aHz6pj94M+mPRje962J/DLs3DsIdsPVSqAnWAqf10pVBc7vkryXYqau2yekaQ62QR3KV6sCT2ahqWXXc/CAkUeLSA84DOD277Fl3ASXcXF80/L0pEzTmymUw8uGDZfsoJCkNK1OHQs5bLpEj5MoN3UsIZUDi2PK6qCjY2STOqdLOjzfQaGC7oO5Iyim7ze6I7Lx8+ew/56Y9jyD3YFAEwq64XTwgUlpI58nZ4UkUiYxre2XWuFO3aGnyH9/hyt3wu8aZj9Ee4OVapPh2PB4G7Q5EC8IY8nkZbVi+2WDbnReB5V67U4SBXlUrFwwiRpTqAtRMoJc544JWBG54fXX+KGnbBvhXRW0Lfwx5dXu+TdJKUdsta9uF7VFC9pVS9jgx++ty9oCg7ebkV8lZTdA2JW2LqOWyVhO1/Jlzo5Hb3I03r9biZpvPfp0lPSNccBoRBjfFk989OKfKrmNGJd4RxqAB0MqUbKkp5S2O2l2QCFIjkcqc04ax6ZehZixTi4bx5C1x5qQ0iLANOCwDoBI69pR9AWEPeoPzjWWYiUmqg7kRCFeALhsqJX0lZtrE7GZnU5SaogoikSSCw4ePDYDz3qv+6WDy+vpqMO4Nzk8MC7lGSSJNl1iZwr6BhGD1eJxK+VoE/kMg0T0RjZWhDtKVXgh+nP8OUpo2doT97r11S0Q0iBjN36W9+OlZA+DidNwbjSdXZ/2zi/7Jk4P1+yBGeStDSUyFWh/Qv3ZX8Bn+URHVDx8hkLCvhNST6eogNDpzCJ9BopF5hM8Q/t5+b5v3D+HnQhrXSPpU+/xn00JOiVpAEEFzk+LdHuQa2QkxZrJ4tOz5nP8O1eKwWVtPoOofAxJFmNpsSeDr0OsQfqrAe+Kwvhh3+eI1vYfWksgWE/PWB5HZimxMJZjYp2DLyIr/Jbm/UXjSabcvm/C3v7nbXU4z4hw3Do3vtIn4mjIc0T8ei13qm0SlidS+JQ5yyMaMfsnmVN/6bxqe6rcHbDc6W/Xe6MVdARI/qOqOvTTVpke1Rj33VQXTbJ5TsX9go9kCZqIhmkuRpRMNB2YbDux1n8PDQ3M0u7DAvlia5BhhRC2hmIg4M/TR3WANgJjPjAqXt18cC92XD9jX/i/rbrFHyM1ChadBjEtkhvX5d04EyF5uQ/rwMTcVL3OxtJe/qn71V87zoorkl+6C/nyq593j8PnD1Dxfp2ZGrVj5O05XZ/3J2UV/cnozfnuSB9+TVFIe0ZSwHGx4On570nRMn1LefWIamg37UHiSo508ORARtS+1Mo2QN9urGhAY427C6wS5DmgMIqJxJ6w0hiLqhCHx/6RY6iThU6VWy48fcTFbPOMfpvR4imSl06N0vlqpZ7j4uMBoxZ4v+PKn44/GZiwJZWRKGdWrwNVwIFlGb7qnw+Dy5vLVaT/oBKfnQQeCgNEZRquIWZ9dI1zfDAb9wRsIAmNTg+kKxv3L3tl173TcOwf4nFvc0Ph7v7//7BJlB2EzpiplZBW4r+34DOYQuaN6cdC8PVaBc9xU8/DQmuQ69Pt9+AzaOGcBh85ho9gCGhenhYLgLTRPM70Qsnhe8AqJRAlOw5u5ge62Wp3nL8OjZ09D/7sl0qi1PCoSK9VlOEIG9oBoNG6P1SQPEFMiSaJODppBoJkKFOFQfoVG87Dh/22i/E+LkxsSH7DmCN9mynZNojzsoZXn/mA0Pr24mAxPr08vRyfNJ5828X7/4f2fzUaj8e54VNy0zJmcf2nIgwez2U4q7AXA/FBu+WdeJVu552ex3LqWuMU+qWz0FsPd308qL/FXiFhevQfKqf7eZuu4pgxyKZmVZ/QcdXh7rEJ3s9Rzprbqygcwf4+v3vUGJ/LV/M1v+v7lTXy1OD9//fS/aJYqdYqvol/iWXr7v6fq7fPs6PVHfjp7d/XTm+XRTH34afDK3lNVEBgldzQGhkZ4Ut+Uw58hFmWCYf/2WEFMY5tVyA1XJKSJXNhq3znw9qtXjoxRFxwb3pI6HnUPCo58EO5Fov/KmP83WePjuR1fSfOvZ5bRiobjQ54wM85vKoyHe5p/d9L+tftqn30/n5vtV0J1XtM1M1v/JEv3K9+GY+f4RiH/6jjqX+raixR5QFWk3JkImaYssLak+Cak0ifyB65ziSxSXAmBviHPygSfL4Tk5R/LTviiTKrmzS4FajfxW7lcT376oPavjLhzuRVLWU1w1D8UJjO/+97y+eTnNbi13G89q+gdv3rjGkYlJ+TBKy2VW9tGyGv5GNACpu4m76qwIZu6w+tIOxRpmyrtmqyqv51nuQJv3g8PZrsWtBt0G6ucDPwlEchvrOeZLSByLqJ4U0i473mcdhjYVIoP9o8gilvLo7DzNHzZKr8mIg8g3Ub+qyYMGJmqlsMM7OPQwAUQsrVsh53nYXsnCY6b69/BFwTfNf5vAAAA//+MY1OW4k8AAA=="
            },
            "placement_constraint_details": [],
            "platform_config": [],
            "preemptible_instance_config": [],
            "preserve_boot_volume": null,
            "preserve_data_volumes_created_at_launch": null,
            "private_ip": "10.0.0.27",
            "public_ip": "140.238.227.57",
            "region": "ap-mumbai-1",
            "security_attributes": {},
            "security_attributes_state": "STABLE",
            "shape": "VM.Standard.A1.Flex",
            "shape_config": [
              {
                "baseline_ocpu_utilization": "",
                "gpu_description": "",
                "gpus": 0,
                "local_disk_description": "",
                "local_disks": 0,
                "local_disks_total_size_in_gbs": 0,
                "local_volume_size_in_gbs": 0,
                "max_vnic_attachments": 2,
                "memory_in_gbs": 6,
                "networking_bandwidth_in_gbps": 1,
                "nvmes": 0,
                "ocpus": 1,
                "processor_description": "3.0 GHz Ampere® Altra™",
                "resource_management": "",
                "vcpus": 1
              }
            ],
            "source_details": [
              {
                "boot_volume_size_in_gbs": "47",
                "boot_volume_vpus_per_gb": "10",
                "instance_source_image_filter_details": [],
                "is_preserve_boot_volume_enabled": false,
                "kms_key_id": "",
                "source_id": "ocid1.image.oc1.ap-mumbai-1.aaaaaaaaohman5szirc6pao66iw4xiyi7wrknar66xmy7t3hf7yxx7eoplqa",
                "source_type": "image"
              }
            ],
            "state": "RUNNING",
            "subnet_id": "ocid1.subnet.oc1.ap-mumbai-1.aaaaaaaamqk4ohc7ljd23yglqjjzyt7uk4apfnfnpzui3cwvfij4v7hcxsja",
            "system_tags": {},
            "time_created": "2025-12-06 18:02:49.537 +0000 UTC",
            "time_maintenance_reboot_due": null,
            "update_operation_constraint": null
          },
          "sensitive_attributes": [],
          "identity_schema_version": 0
        }
      ]
    },
    {
      "module": "module.k3s_cluster",
      "mode": "data",
      "type": "oci_core_instance",
      "name": "k3s_workers_instances_ips",
      "provider": "provider[\"registry.terraform.io/oracle/oci\"]",
      "instances": [
        {
          "index_key": 0,
          "schema_version": 0,
          "attributes": {
            "agent_config": [
              {
                "are_all_plugins_disabled": false,
                "is_management_disabled": false,
                "is_monitoring_disabled": false,
                "plugins_config": [
                  {
                    "desired_state": "DISABLED",
                    "name": "Vulnerability Scanning"
                  },
                  {
                    "desired_state": "DISABLED",
                    "name": "Bastion"
                  }
                ]
              }
            ],
            "async": null,
            "availability_config": [
              {
                "is_live_migration_preferred": false,
                "recovery_action": "RESTORE_INSTANCE"
              }
            ],
            "availability_domain": "mvcG:AP-MUMBAI-1-AD-1",
            "boot_volume_id": "ocid1.bootvolume.oc1.ap-mumbai-1.abrg6ljr3wgavjo7s4uxt65urknhyp3miw6mlvjnlth6de337jcllvwodhfq",
            "capacity_reservation_id": null,
            "cluster_placement_group_id": null,
            "compartment_id": "ocid1.compartment.oc1..aaaaaaaarovtmmnbssyvqqehfh5njbi3beaytp2pgyys5ehqhecyl6hnv73q",
            "compute_cluster_id": null,
            "create_vnic_details": null,
            "dedicated_vm_host_id": null,
            "defined_tags": {
              "Oracle-Tags.CreatedBy": "default/swapnilkuwar1995@gmail.com",
              "Oracle-Tags.CreatedOn": "2025-12-06T18:01:58.639Z"
            },
            "display_name": "inst-imljf-k3s-workers",
            "extended_metadata": null,
            "fault_domain": "FAULT-DOMAIN-1",
            "freeform_tags": {
              "environment": "staging",
              "k3s-cluster-name": "k3s-cluster",
              "k3s-instance-type": "k3s-worker",
              "k3s-provisioner": "https://github.com/garutilorenzo/k3s-oci-cluster",
              "k3s-template-type": "k3s-worker",
              "oci:compute:instanceconfiguration": "ocid1.instanceconfiguration.oc1.ap-mumbai-1.aaaaaaaagbmn75srv7ca2gbhtb3duemsztzaobvhfhrbo5zvk5vqccejj3vq",
              "oci:compute:instancepool": "ocid1.instancepool.oc1.ap-mumbai-1.aaaaaaaawa3ocrfmlftcwmmir5oezofx2ke4df77ko6afks6f3desooyvxra",
              "oci:compute:instancepool:opcretrytoken": "ed143cb0-71ec-4b92-8e4f-20f21244311d",
              "provisioner": "terraform"
            },
            "hostname_label": "inst-imljf-k3s-workers",
            "id": "ocid1.instance.oc1.ap-mumbai-1.anrg6ljr56u25dqchrss3pfyzdem6rtgugvobindcalkpov6xpep7u7vyo4a",
            "image": "ocid1.image.oc1.ap-mumbai-1.aaaaaaaaohman5szirc6pao66iw4xiyi7wrknar66xmy7t3hf7yxx7eoplqa",
            "instance_configuration_id": null,
            "instance_id": "ocid1.instance.oc1.ap-mumbai-1.anrg6ljr56u25dqchrss3pfyzdem6rtgugvobindcalkpov6xpep7u7vyo4a",
            "instance_options": [
              {
                "are_legacy_imds_endpoints_disabled": false
              }
            ],
            "ipxe_script": null,
            "is_ai_enterprise_enabled": null,
            "is_cross_numa_node": false,
            "is_pv_encryption_in_transit_enabled": null,
            "launch_mode": "PARAVIRTUALIZED",
            "launch_options": [
              {
                "boot_volume_type": "PARAVIRTUALIZED",
                "firmware": "UEFI_64",
                "is_consistent_volume_naming_enabled": true,
                "is_pv_encryption_in_transit_enabled": false,
                "network_type": "PARAVIRTUALIZED",
                "remote_data_volume_type": "PARAVIRTUALIZED"
              }
            ],
            "launch_volume_attachments": null,
            "licensing_configs": [],
            "metadata": {
              "ssh_authorized_keys": "ssh-rsa AAAAB3NzaC1yc2EAAAADAQABAAABgQC/cMRYmDjkr4kmYaLwd0mMOPCSRTrrfgDfT0dLKDk0l1zt0po+rvb0Bcyc/XtIItqNMxiATG6MdTKbQvL66MnwF2mb9/+zUBFecMwJ77coB2zDGUapyuinKNPR0DolQoiQqJr/unPZ4nPmmtB1n0XXWkydg2HdHeoaRYgvNCMvuA+J01Ag3XCdwdb3tyBsppgE4lDdLL2viZdtcGH2a+P3oQE35ZceUzhGXP8YK3+sW6dJA9ZNp6UPq25Z8wFWakPvRmCuq1MJNuWbvBarGKbOKpxQGhG01XFQhrBqD/8tq1bx9kd7KIDXHPMD5CAUH0IMr+2n1xw9sBPp4pJq3+HbMsquBbPwDcHJ6nNDJC5dATG2036CMmRrP3x0xalbqxHOFcNCUPlZL8QomrFf0E/u7+39YU953MWVjI9vL7AHL/qksg0nEjKEF++HxTq4+K7BOhsc6o6qRt6mJQi9aK7oPFQsqwf+t1+vE4A2KEVXnur/amj+U4A3PvUVzI61+CE= swapnilkuwar@Swapnils-MacBook-Pro.local\n",
              "user_data": "H4sIAAAAAAAA/7RZbVcbN/Z/r3PyHe5/4h7jtPJASPMAdf9Lgkm9ATvF0G0PZefIM3dswViaSBqMS/jueyTNjG0wpOl2eTOe0X346eqne6/EOykMCkNP5jnuwLTIDM+ZMuGUX2OyCyNZiISpeSc46h113w5O+/t7x78FxL7RX1BpLsUObLU3n5AnhNJloSektq2Y0Ckq2hWxTLgY78CrETdLAs65wWsTXlM9wSzTseK5eUKO+BTv+Xn6f+GIi3DE9ISQeILxZST1RgtuCIBgU+w0NmJmIEQTh1JThRkyjfAZxgpz+Hd/76jbgc+gMYGmDoMwHDdbBCDOkInIG7ixj6fPOreEAFx5/18w+0v3eNgb9KPe/sPGa0s35S/nAmDKLqTqNG5WpL5pP3NjXNwfe/qsbccIAE/h7AyCxgJ9AJ0OBKejQpgigPPzXTATFAQAQOaomOFiHOm5NjjtBIUXIwCYPWRqoFicIRxyUVzDENUVqi/alU4nsyreuMaHEIgEUyuTchtsjCcSgg/bQ+BCG5ZlkCsZo9agCiG4GINlQlBLDoY70LhrdXkYjmxw4dgv1w40XLBXJWyIlyXse0BuCSkxRDLmUZzxyIdro2Wptt9929vrRwfHg/5Jt7/fEVJwYVCx2PArBJYbOkZTT4NSIWn5QhXGcjpFkWigc8jnZiLFdvWkOc9BjLm4hoyP3A86lQnVRiGbEgA/ydhkgIKNMvTCBOApTIzJ9U4YjrmZFKN2LKehX4pQxpzGGQ+51gXq8PWr7wnA4d5Jd3gSDd713h32LMELlQE9rM2wnLeXTCnMpb5rsNwIGj7D726N/d/FJ6AKmloqE43mG23LpxZ8BoWWw3bftM82z93nZgt26/W4A+lm5f02cJJ26wONIbiPWLFZibjQqGKfYdbFYcq0QRX6TKPDcmWqZ1tPWsHKfKhefaUsjjE31C5ngikrMnNXonRFy00LdyezjmEepWeY35CesEDxE7xZ3XaJSC19KoYt7Tma4BVmdltUeYpi9madUsm5NxXYmoQXXFyw555abpJTmRQZ6uXd/JUAXi8reXMrDN7Zaj/frAC83Nluv3wE8cuvQZxyG+sZ4ybKRq5UzCY8QzgDowqEc5JIm6Qdl6gsTF4YCBO8CkXhtq7mGQoD9LLm2dZme7O91d7aerPz8sWL7aVM/P+BW6vN1bUaKWSXHgmAzhBz+L7mvAUGqVRw+DYgiRRo0VaVjZDK8r0059JzcT/TP4V9rl1cU65wZqNGAMJCq1Db0inQpDwzqGhuqantHgFtZP5lqTQrbNldTkJWEdYJtzWqKx7jinRSIntUwc2h29+/Nw87UmXWIk+YwaUPdaqdg5apmTGFNFc2aoajpjblSgEXn/588i7ysWIJAp2TstyuLQh+zIE+4NcQXjEVZnIcXshCCWbnrEDzP7Be8KELxxG7PtXY2drcPArgxx99a+EjlVS6STuWIr2veMAzHPI//qz2Iv4KtWHKlF8SWkkSW38fZ9pyUX+cbmtX3FbAWS2SPLrGPpA8N3ZEh8Ou7z5GxbgKRXODZZmc1TKRgXisZJFHBjZswDe4jE3WarWa8COESkoTZjJmWVRptGPugGKZiih/WIzUaahm3Z20dPHJ5Y8HeOJDZ8fc5Pquug99LO1UHQ6jcSRl5nJMEsW2CUMzk+oyiqUQGBuQAuhHt1KX2zqqnORMsanubLQI+atLeN/ct52NgFJdyrac015/eLJ3eBh93DveOxp2gsbNfb2zZ+e3ASHkw/YwKnviurGo8uij7cXltqZc2kfdWoQZM6gNfK66irJtIHVOJ6QQhmdQOtLpoiMYo2lfbus2l/AZqhmsoFt6Afv7ZPCh2++ot+P3v5rrN6fJYLK/f/Din7zItd7Dt/EvSZpf/jzSP70snh98Envph8Gr91fPU33xqv/WWTg9Puw8UCnAti4aKDRWo9naBVeEPLkvtzUkPAEhF2ktlkphbLJ5sy4hz321ILmS1/MoV9LIWGaRNkWa2h7CHlh++AGa3cHBYhekXCQRz3VbTwhe51IZGLzrRe8Oe9He6clPHedPxBjliouY5ywjueJXzKDVcjQr1T7unfzUCbzVERc7DfshIE/hAE08sdyylvdBpmAnYN+rLr5yooELKwRMJLaSKAQjgQlgSrE5qbHImCe609iQMQeNTMUTm8lkoWIEbVQRm0JhQsshSj8VqObUnikh+Pm0e/xb7bHW0zCboELIeIrv5nGGQ8MMdprHp/1+r/++GUBlB5oJM6zNDTp+t3mCwvCUo2oCpYrNqp5hQdCz8ya0CHkKPVtVDIKZKFmMfVDc3Ow8UxenBA3jmbZhQhZPFkilQBjN7YPY7uCKZTZajZvVqJz94/wWSvZUBGpcsTKPvkfjTsXWuvVd6VZJypopT802trGc5oVZiIEtg5RWr5QnzvbqtFfDFCRc5xmbU3eEdMdfj2nFH1nA+1iMMh5DL1+DMXdjEc8fwpdxbeiV4LH+Opj28BF465TnyzBrlxbhgvn/GwDe/F0EtdMVBDYnL421ys1vqcEtMYLGzZKwpUVAFjklaHDfJ5hpHi7JeSvdwcFfaDT773v9X6Ojwf7pYbfjOseMj0LXgYdl9x2K8XXkj66R/9TWslY9HXaPO7PZjNqI/BctyFogL198NRR/krY4ytTZHezXidOfLCbIElRtk2ckkywpLUFjGcIuIfb4WX20pneJreSoovI+AzWwwshdkvMEQlUIb76d82SXkO5gn6zP3h5EKqUpQeAVCqPd7VfpoewWuBQaXr18ves2mrvbi/yhFaTYtUcMHwunWuTliy2/tnS5rwA337iDyYIvlmhL7AH6za0T1O5iCG5ulmVvb3e2Nzdfb8KUXUepTXKdbbDPyPApysJ0tjb1buUIRWJ9eYu360Dpvw+VLcV/BRUByOQ4SqWaMgMjpnkMzYbCqTQYsSRRcNawZiLXRZ5D09lpNqriDA1tmCk0NEZzgzrStiEqfyuMkV9hUitp1JpL4XBB0Kji4fwEldTS94XJAO59rqyvDJVccR6C5q47X8WWn1Emx4uTjN9Httvzo2076ibvbm6UksoprNNwo1Zh1yfU5VbFMZEs1snNKHOnQXjxYtsvQqnCtF4QYXlE4LWJaq5Yi+VCrbP6evNBo1+2eevzpLsHXpsSHtikq7vXbdv1u1uhSFBFTsyuTcrH7XxOUiWnUN5v8KnrvU5wmtu2mJTvUhNyvPevqPcROiBzFBvNu5m++R00VbPVVsiSjAvUGy3S+ziEDpzxtsI8YzFuNH8Xze+azRbUZcVbPSdkGVVkSv9RzswEOtC8M8HmqngtZU+pnhte1I43CZlxM/GwH/bi4QPTMGEiyXDHrddaeeiUMm6ytmUVOFsJK3TqEK53aeNkF2OjZMUiuXSg93FIWg+CLrHO7mMtMc0Ut17vIGqV5JpMZQLfXq/p1tv3P5Hq8vhR/vi1AGoIuX8T4GveLVl/jPjymXJNX/D33Y278FKuY839/VxheEZdA+DK9L27cH/L4BSS+j7p7j+nKH1C/hMAAP//3aGpnfsaAAA="
            },
            "placement_constraint_details": [],
            "platform_config": [],
            "preemptible_instance_config": [],
            "preserve_boot_volume": null,
            "preserve_data_volumes_created_at_launch": null,
            "private_ip": "10.0.0.172",
            "public_ip": "80.225.200.0",
            "region": "ap-mumbai-1",
            "security_attributes": {},
            "security_attributes_state": "STABLE",
            "shape": "VM.Standard.A1.Flex",
            "shape_config": [
              {
                "baseline_ocpu_utilization": "",
                "gpu_description": "",
                "gpus": 0,
                "local_disk_description": "",
                "local_disks": 0,
                "local_disks_total_size_in_gbs": 0,
                "local_volume_size_in_gbs": 0,
                "max_vnic_attachments": 2,
                "memory_in_gbs": 6,
                "networking_bandwidth_in_gbps": 1,
                "nvmes": 0,
                "ocpus": 1,
                "processor_description": "3.0 GHz Ampere® Altra™",
                "resource_management": "",
                "vcpus": 1
              }
            ],
            "source_details": [
              {
                "boot_volume_size_in_gbs": "47",
                "boot_volume_vpus_per_gb": "10",
                "instance_source_image_filter_details": [],
                "is_preserve_boot_volume_enabled": false,
                "kms_key_id": "",
                "source_id": "ocid1.image.oc1.ap-mumbai-1.aaaaaaaaohman5szirc6pao66iw4xiyi7wrknar66xmy7t3hf7yxx7eoplqa",
                "source_type": "image"
              }
            ],
            "state": "RUNNING",
            "subnet_id": "ocid1.subnet.oc1.ap-mumbai-1.aaaaaaaamqk4ohc7ljd23yglqjjzyt7uk4apfnfnpzui3cwvfij4v7hcxsja",
            "system_tags": {},
            "time_created": "2025-12-06 18:02:15.471 +0000 UTC",
            "time_maintenance_reboot_due": null,
            "update_operation_constraint": null
          },
          "sensitive_attributes": [],
          "identity_schema_version": 0
        },
        {
          "index_key": 1,
          "schema_version": 0,
          "attributes": {
            "agent_config": [
              {
                "are_all_plugins_disabled": false,
                "is_management_disabled": false,
                "is_monitoring_disabled": false,
                "plugins_config": [
                  {
                    "desired_state": "DISABLED",
                    "name": "Vulnerability Scanning"
                  },
                  {
                    "desired_state": "DISABLED",
                    "name": "Bastion"
                  }
                ]
              }
            ],
            "async": null,
            "availability_config": [
              {
                "is_live_migration_preferred": false,
                "recovery_action": "RESTORE_INSTANCE"
              }
            ],
            "availability_domain": "mvcG:AP-MUMBAI-1-AD-1",
            "boot_volume_id": "ocid1.bootvolume.oc1.ap-mumbai-1.abrg6ljreh42qmz35btjhsgwvvtawvtb5ov6rigpajoztayinlc6tjrmrcsq",
            "capacity_reservation_id": null,
            "cluster_placement_group_id": null,
            "compartment_id": "ocid1.compartment.oc1..aaaaaaaarovtmmnbssyvqqehfh5njbi3beaytp2pgyys5ehqhecyl6hnv73q",
            "compute_cluster_id": null,
            "create_vnic_details": null,
            "dedicated_vm_host_id": null,
            "defined_tags": {
              "Oracle-Tags.CreatedBy": "default/swapnilkuwar1995@gmail.com",
              "Oracle-Tags.CreatedOn": "2025-12-06T18:01:58.639Z"
            },
            "display_name": "inst-ypkiq-k3s-workers",
            "extended_metadata": null,
            "fault_domain": "FAULT-DOMAIN-3",
            "freeform_tags": {
              "environment": "staging",
              "k3s-cluster-name": "k3s-cluster",
              "k3s-instance-type": "k3s-worker",
              "k3s-provisioner": "https://github.com/garutilorenzo/k3s-oci-cluster",
              "k3s-template-type": "k3s-worker",
              "oci:compute:instanceconfiguration": "ocid1.instanceconfiguration.oc1.ap-mumbai-1.aaaaaaaagbmn75srv7ca2gbhtb3duemsztzaobvhfhrbo5zvk5vqccejj3vq",
              "oci:compute:instancepool": "ocid1.instancepool.oc1.ap-mumbai-1.aaaaaaaawa3ocrfmlftcwmmir5oezofx2ke4df77ko6afks6f3desooyvxra",
              "oci:compute:instancepool:opcretrytoken": "7b3e3d6c-700e-451d-b0a9-a4f0b19109bf",
              "provisioner": "terraform"
            },
            "hostname_label": "inst-ypkiq-k3s-workers",
            "id": "ocid1.instance.oc1.ap-mumbai-1.anrg6ljr56u25dqc6cubj76nu4rkqwiazafyoiolg3anbrcpavwcoziz6qja",
            "image": "ocid1.image.oc1.ap-mumbai-1.aaaaaaaaohman5szirc6pao66iw4xiyi7wrknar66xmy7t3hf7yxx7eoplqa",
            "instance_configuration_id": null,
            "instance_id": "ocid1.instance.oc1.ap-mumbai-1.anrg6ljr56u25dqc6cubj76nu4rkqwiazafyoiolg3anbrcpavwcoziz6qja",
            "instance_options": [
              {
                "are_legacy_imds_endpoints_disabled": false
              }
            ],
            "ipxe_script": null,
            "is_ai_enterprise_enabled": null,
            "is_cross_numa_node": false,
            "is_pv_encryption_in_transit_enabled": null,
            "launch_mode": "PARAVIRTUALIZED",
            "launch_options": [
              {
                "boot_volume_type": "PARAVIRTUALIZED",
                "firmware": "UEFI_64",
                "is_consistent_volume_naming_enabled": true,
                "is_pv_encryption_in_transit_enabled": false,
                "network_type": "PARAVIRTUALIZED",
                "remote_data_volume_type": "PARAVIRTUALIZED"
              }
            ],
            "launch_volume_attachments": null,
            "licensing_configs": [],
            "metadata": {
              "ssh_authorized_keys": "ssh-rsa AAAAB3NzaC1yc2EAAAADAQABAAABgQC/cMRYmDjkr4kmYaLwd0mMOPCSRTrrfgDfT0dLKDk0l1zt0po+rvb0Bcyc/XtIItqNMxiATG6MdTKbQvL66MnwF2mb9/+zUBFecMwJ77coB2zDGUapyuinKNPR0DolQoiQqJr/unPZ4nPmmtB1n0XXWkydg2HdHeoaRYgvNCMvuA+J01Ag3XCdwdb3tyBsppgE4lDdLL2viZdtcGH2a+P3oQE35ZceUzhGXP8YK3+sW6dJA9ZNp6UPq25Z8wFWakPvRmCuq1MJNuWbvBarGKbOKpxQGhG01XFQhrBqD/8tq1bx9kd7KIDXHPMD5CAUH0IMr+2n1xw9sBPp4pJq3+HbMsquBbPwDcHJ6nNDJC5dATG2036CMmRrP3x0xalbqxHOFcNCUPlZL8QomrFf0E/u7+39YU953MWVjI9vL7AHL/qksg0nEjKEF++HxTq4+K7BOhsc6o6qRt6mJQi9aK7oPFQsqwf+t1+vE4A2KEVXnur/amj+U4A3PvUVzI61+CE= swapnilkuwar@Swapnils-MacBook-Pro.local\n",
              "user_data": "H4sIAAAAAAAA/7RZbVcbN/Z/r3PyHe5/4h7jtPJASPMAdf9Lgkm9ATvF0G0PZefIM3dswViaSBqMS/jueyTNjG0wpOl2eTOe0X346eqne6/EOykMCkNP5jnuwLTIDM+ZMuGUX2OyCyNZiISpeSc46h113w5O+/t7x78FxL7RX1BpLsUObLU3n5AnhNJloSektq2Y0Ckq2hWxTLgY78CrETdLAs65wWsTXlM9wSzTseK5eUKO+BTv+Xn6f+GIi3DE9ISQeILxZST1RgtuCIBgU+w0NmJmIEQTh1JThRkyjfAZxgpz+Hd/76jbgc+gMYGmDoMwHDdbBCDOkInIG7ixj6fPOreEAFx5/18w+0v3eNgb9KPe/sPGa0s35S/nAmDKLqTqNG5WpL5pP3NjXNwfe/qsbccIAE/h7AyCxgJ9AJ0OBKejQpgigPPzXTATFAQAQOaomOFiHOm5NjjtBIUXIwCYPWRqoFicIRxyUVzDENUVqi/alU4nsyreuMaHEIgEUyuTchtsjCcSgg/bQ+BCG5ZlkCsZo9agCiG4GINlQlBLDoY70LhrdXkYjmxw4dgv1w40XLBXJWyIlyXse0BuCSkxRDLmUZzxyIdro2Wptt9929vrRwfHg/5Jt7/fEVJwYVCx2PArBJYbOkZTT4NSIWn5QhXGcjpFkWigc8jnZiLFdvWkOc9BjLm4hoyP3A86lQnVRiGbEgA/ydhkgIKNMvTCBOApTIzJ9U4YjrmZFKN2LKehX4pQxpzGGQ+51gXq8PWr7wnA4d5Jd3gSDd713h32LMELlQE9rM2wnLeXTCnMpb5rsNwIGj7D726N/d/FJ6AKmloqE43mG23LpxZ8BoWWw3bftM82z93nZgt26/W4A+lm5f02cJJ26wONIbiPWLFZibjQqGKfYdbFYcq0QRX6TKPDcmWqZ1tPWsHKfKhefaUsjjE31C5ngikrMnNXonRFy00LdyezjmEepWeY35CesEDxE7xZ3XaJSC19KoYt7Tma4BVmdltUeYpi9madUsm5NxXYmoQXXFyw555abpJTmRQZ6uXd/JUAXi8reXMrDN7Zaj/frAC83Nluv3wE8cuvQZxyG+sZ4ybKRq5UzCY8QzgDowqEc5JIm6Qdl6gsTF4YCBO8CkXhtq7mGQoD9LLm2dZme7O91d7aerPz8sWL7aVM/P+BW6vN1bUaKWSXHgmAzhBz+L7mvAUGqVRw+DYgiRRo0VaVjZDK8r0059JzcT/TP4V9rl1cU65wZqNGAMJCq1Db0inQpDwzqGhuqantHgFtZP5lqTQrbNldTkJWEdYJtzWqKx7jinRSIntUwc2h29+/Nw87UmXWIk+YwaUPdaqdg5apmTGFNFc2aoajpjblSgEXn/588i7ysWIJAp2TstyuLQh+zIE+4NcQXjEVZnIcXshCCWbnrEDzP7Be8KELxxG7PtXY2drcPArgxx99a+EjlVS6STuWIr2veMAzHPI//qz2Iv4KtWHKlF8SWkkSW38fZ9pyUX+cbmtX3FbAWS2SPLrGPpA8N3ZEh8Ou7z5GxbgKRXODZZmc1TKRgXisZJFHBjZswDe4jE3WarWa8COESkoTZjJmWVRptGPugGKZiih/WIzUaahm3Z20dPHJ5Y8HeOJDZ8fc5Pquug99LO1UHQ6jcSRl5nJMEsW2CUMzk+oyiqUQGBuQAuhHt1KX2zqqnORMsanubLQI+atLeN/ct52NgFJdyrac015/eLJ3eBh93DveOxp2gsbNfb2zZ+e3ASHkw/YwKnviurGo8uij7cXltqZc2kfdWoQZM6gNfK66irJtIHVOJ6QQhmdQOtLpoiMYo2lfbus2l/AZqhmsoFt6Afv7ZPCh2++ot+P3v5rrN6fJYLK/f/Din7zItd7Dt/EvSZpf/jzSP70snh98Envph8Gr91fPU33xqv/WWTg9Puw8UCnAti4aKDRWo9naBVeEPLkvtzUkPAEhF2ktlkphbLJ5sy4hz321ILmS1/MoV9LIWGaRNkWa2h7CHlh++AGa3cHBYhekXCQRz3VbTwhe51IZGLzrRe8Oe9He6clPHedPxBjliouY5ywjueJXzKDVcjQr1T7unfzUCbzVERc7DfshIE/hAE08sdyylvdBpmAnYN+rLr5yooELKwRMJLaSKAQjgQlgSrE5qbHImCe609iQMQeNTMUTm8lkoWIEbVQRm0JhQsshSj8VqObUnikh+Pm0e/xb7bHW0zCboELIeIrv5nGGQ8MMdprHp/1+r/++GUBlB5oJM6zNDTp+t3mCwvCUo2oCpYrNqp5hQdCz8ya0CHkKPVtVDIKZKFmMfVDc3Ow8UxenBA3jmbZhQhZPFkilQBjN7YPY7uCKZTZajZvVqJz94/wWSvZUBGpcsTKPvkfjTsXWuvVd6VZJypopT802trGc5oVZiIEtg5RWr5QnzvbqtFfDFCRc5xmbU3eEdMdfj2nFH1nA+1iMMh5DL1+DMXdjEc8fwpdxbeiV4LH+Opj28BF465TnyzBrlxbhgvn/GwDe/F0EtdMVBDYnL421ys1vqcEtMYLGzZKwpUVAFjklaHDfJ5hpHi7JeSvdwcFfaDT773v9X6Ojwf7pYbfjOseMj0LXgYdl9x2K8XXkj66R/9TWslY9HXaPO7PZjNqI/BctyFogL198NRR/krY4ytTZHezXidOfLCbIElRtk2ckkywpLUFjGcIuIfb4WX20pneJreSoovI+AzWwwshdkvMEQlUIb76d82SXkO5gn6zP3h5EKqUpQeAVCqPd7VfpoewWuBQaXr18ves2mrvbi/yhFaTYtUcMHwunWuTliy2/tnS5rwA337iDyYIvlmhL7AH6za0T1O5iCG5ulmVvb3e2Nzdfb8KUXUepTXKdbbDPyPApysJ0tjb1buUIRWJ9eYu360Dpvw+VLcV/BRUByOQ4SqWaMgMjpnkMzYbCqTQYsSRRcNawZiLXRZ5D09lpNqriDA1tmCk0NEZzgzrStiEqfyuMkV9hUitp1JpL4XBB0Kji4fwEldTS94XJAO59rqyvDJVccR6C5q47X8WWn1Emx4uTjN9Httvzo2076ibvbm6UksoprNNwo1Zh1yfU5VbFMZEs1snNKHOnQXjxYtsvQqnCtF4QYXlE4LWJaq5Yi+VCrbP6evNBo1+2eevzpLsHXpsSHtikq7vXbdv1u1uhSFBFTsyuTcrH7XxOUiWnUN5v8KnrvU5wmtu2mJTvUhNyvPevqPcROiBzFBvNu5m++R00VbPVVsiSjAvUGy3S+ziEDpzxtsI8YzFuNH8Xze+azRbUZcVbPSdkGVVkSv9RzswEOtC8M8HmqngtZU+pnhte1I43CZlxM/GwH/bi4QPTMGEiyXDHrddaeeiUMm6ytmUVOFsJK3TqEK53aeNkF2OjZMUiuXSg93FIWg+CLrHO7mMtMc0Ut17vIGqV5JpMZQLfXq/p1tv3P5Hq8vhR/vi1AGoIuX8T4GveLVl/jPjymXJNX/D33Y278FKuY839/VxheEZdA+DK9L27cH/L4BSS+j7p7j+nKH1C/hMAAP//3aGpnfsaAAA="
            },
            "placement_constraint_details": [],
            "platform_config": [],
            "preemptible_instance_config": [],
            "preserve_boot_volume": null,
            "preserve_data_volumes_created_at_launch": null,
            "private_ip": "10.0.0.214",
            "public_ip": "140.245.29.200",
            "region": "ap-mumbai-1",
            "security_attributes": {},
            "security_attributes_state": "STABLE",
            "shape": "VM.Standard.A1.Flex",
            "shape_config": [
              {
                "baseline_ocpu_utilization": "",
                "gpu_description": "",
                "gpus": 0,
                "local_disk_description": "",
                "local_disks": 0,
                "local_disks_total_size_in_gbs": 0,
                "local_volume_size_in_gbs": 0,
                "max_vnic_attachments": 2,
                "memory_in_gbs": 6,
                "networking_bandwidth_in_gbps": 1,
                "nvmes": 0,
                "ocpus": 1,
                "processor_description": "3.0 GHz Ampere® Altra™",
                "resource_management": "",
                "vcpus": 1
              }
            ],
            "source_details": [
              {
                "boot_volume_size_in_gbs": "47",
                "boot_volume_vpus_per_gb": "10",
                "instance_source_image_filter_details": [],
                "is_preserve_boot_volume_enabled": false,
                "kms_key_id": "",
                "source_id": "ocid1.image.oc1.ap-mumbai-1.aaaaaaaaohman5szirc6pao66iw4xiyi7wrknar66xmy7t3hf7yxx7eoplqa",
                "source_type": "image"
              }
            ],
            "state": "RUNNING",
            "subnet_id": "ocid1.subnet.oc1.ap-mumbai-1.aaaaaaaamqk4ohc7ljd23yglqjjzyt7uk4apfnfnpzui3cwvfij4v7hcxsja",
            "system_tags": {},
            "time_created": "2025-12-06 18:02:15.691 +0000 UTC",
            "time_maintenance_reboot_due": null,
            "update_operation_constraint": null
          },
          "sensitive_attributes": [],
          "identity_schema_version": 0
        },
        {
          "index_key": 2,
          "schema_version": 0,
          "attributes": {
            "agent_config": [
              {
                "are_all_plugins_disabled": false,
                "is_management_disabled": false,
                "is_monitoring_disabled": false,
                "plugins_config": [
                  {
                    "desired_state": "DISABLED",
                    "name": "Vulnerability Scanning"
                  },
                  {
                    "desired_state": "DISABLED",
                    "name": "Bastion"
                  }
                ]
              }
            ],
            "async": null,
            "availability_config": [
              {
                "is_live_migration_preferred": false,
                "recovery_action": "RESTORE_INSTANCE"
              }
            ],
            "availability_domain": "mvcG:AP-MUMBAI-1-AD-1",
            "boot_volume_id": "ocid1.bootvolume.oc1.ap-mumbai-1.abrg6ljrpmip2ucvn6q4gxb7uqx4dkxutr5c7dkpynzefic7udmuobnk53la",
            "capacity_reservation_id": null,
            "cluster_placement_group_id": null,
            "compartment_id": "ocid1.compartment.oc1..aaaaaaaarovtmmnbssyvqqehfh5njbi3beaytp2pgyys5ehqhecyl6hnv73q",
            "compute_cluster_id": null,
            "create_vnic_details": null,
            "dedicated_vm_host_id": null,
            "defined_tags": {
              "Oracle-Tags.CreatedBy": "default/swapnilkuwar1995@gmail.com",
              "Oracle-Tags.CreatedOn": "2025-12-06T18:01:58.639Z"
            },
            "display_name": "inst-zjhtr-k3s-workers",
            "extended_metadata": null,
            "fault_domain": "FAULT-DOMAIN-2",
            "freeform_tags": {
              "environment": "staging",
              "k3s-cluster-name": "k3s-cluster",
              "k3s-instance-type": "k3s-worker",
              "k3s-provisioner": "https://github.com/garutilorenzo/k3s-oci-cluster",
              "k3s-template-type": "k3s-worker",
              "oci:compute:instanceconfiguration": "ocid1.instanceconfiguration.oc1.ap-mumbai-1.aaaaaaaagbmn75srv7ca2gbhtb3duemsztzaobvhfhrbo5zvk5vqccejj3vq",
              "oci:compute:instancepool": "ocid1.instancepool.oc1.ap-mumbai-1.aaaaaaaawa3ocrfmlftcwmmir5oezofx2ke4df77ko6afks6f3desooyvxra",
              "oci:compute:instancepool:opcretrytoken": "3baf822f-d85e-40a0-862f-608aadb494a5",
              "provisioner": "terraform"
            },
            "hostname_label": "inst-zjhtr-k3s-workers",
            "id": "ocid1.instance.oc1.ap-mumbai-1.anrg6ljr56u25dqcgcmmnmrn5x5ncs3blk3mkovcewea26467r2ro7yl2oxa",
            "image": "ocid1.image.oc1.ap-mumbai-1.aaaaaaaaohman5szirc6pao66iw4xiyi7wrknar66xmy7t3hf7yxx7eoplqa",
            "instance_configuration_id": null,
            "instance_id": "ocid1.instance.oc1.ap-mumbai-1.anrg6ljr56u25dqcgcmmnmrn5x5ncs3blk3mkovcewea26467r2ro7yl2oxa",
            "instance_options": [
              {
                "are_legacy_imds_endpoints_disabled": false
              }
            ],
            "ipxe_script": null,
            "is_ai_enterprise_enabled": null,
            "is_cross_numa_node": false,
            "is_pv_encryption_in_transit_enabled": null,
            "launch_mode": "PARAVIRTUALIZED",
            "launch_options": [
              {
                "boot_volume_type": "PARAVIRTUALIZED",
                "firmware": "UEFI_64",
                "is_consistent_volume_naming_enabled": true,
                "is_pv_encryption_in_transit_enabled": false,
                "network_type": "PARAVIRTUALIZED",
                "remote_data_volume_type": "PARAVIRTUALIZED"
              }
            ],
            "launch_volume_attachments": null,
            "licensing_configs": [],
            "metadata": {
              "ssh_authorized_keys": "ssh-rsa AAAAB3NzaC1yc2EAAAADAQABAAABgQC/cMRYmDjkr4kmYaLwd0mMOPCSRTrrfgDfT0dLKDk0l1zt0po+rvb0Bcyc/XtIItqNMxiATG6MdTKbQvL66MnwF2mb9/+zUBFecMwJ77coB2zDGUapyuinKNPR0DolQoiQqJr/unPZ4nPmmtB1n0XXWkydg2HdHeoaRYgvNCMvuA+J01Ag3XCdwdb3tyBsppgE4lDdLL2viZdtcGH2a+P3oQE35ZceUzhGXP8YK3+sW6dJA9ZNp6UPq25Z8wFWakPvRmCuq1MJNuWbvBarGKbOKpxQGhG01XFQhrBqD/8tq1bx9kd7KIDXHPMD5CAUH0IMr+2n1xw9sBPp4pJq3+HbMsquBbPwDcHJ6nNDJC5dATG2036CMmRrP3x0xalbqxHOFcNCUPlZL8QomrFf0E/u7+39YU953MWVjI9vL7AHL/qksg0nEjKEF++HxTq4+K7BOhsc6o6qRt6mJQi9aK7oPFQsqwf+t1+vE4A2KEVXnur/amj+U4A3PvUVzI61+CE= swapnilkuwar@Swapnils-MacBook-Pro.local\n",
              "user_data": "H4sIAAAAAAAA/7RZbVcbN/Z/r3PyHe5/4h7jtPJASPMAdf9Lgkm9ATvF0G0PZefIM3dswViaSBqMS/jueyTNjG0wpOl2eTOe0X346eqne6/EOykMCkNP5jnuwLTIDM+ZMuGUX2OyCyNZiISpeSc46h113w5O+/t7x78FxL7RX1BpLsUObLU3n5AnhNJloSektq2Y0Ckq2hWxTLgY78CrETdLAs65wWsTXlM9wSzTseK5eUKO+BTv+Xn6f+GIi3DE9ISQeILxZST1RgtuCIBgU+w0NmJmIEQTh1JThRkyjfAZxgpz+Hd/76jbgc+gMYGmDoMwHDdbBCDOkInIG7ixj6fPOreEAFx5/18w+0v3eNgb9KPe/sPGa0s35S/nAmDKLqTqNG5WpL5pP3NjXNwfe/qsbccIAE/h7AyCxgJ9AJ0OBKejQpgigPPzXTATFAQAQOaomOFiHOm5NjjtBIUXIwCYPWRqoFicIRxyUVzDENUVqi/alU4nsyreuMaHEIgEUyuTchtsjCcSgg/bQ+BCG5ZlkCsZo9agCiG4GINlQlBLDoY70LhrdXkYjmxw4dgv1w40XLBXJWyIlyXse0BuCSkxRDLmUZzxyIdro2Wptt9929vrRwfHg/5Jt7/fEVJwYVCx2PArBJYbOkZTT4NSIWn5QhXGcjpFkWigc8jnZiLFdvWkOc9BjLm4hoyP3A86lQnVRiGbEgA/ydhkgIKNMvTCBOApTIzJ9U4YjrmZFKN2LKehX4pQxpzGGQ+51gXq8PWr7wnA4d5Jd3gSDd713h32LMELlQE9rM2wnLeXTCnMpb5rsNwIGj7D726N/d/FJ6AKmloqE43mG23LpxZ8BoWWw3bftM82z93nZgt26/W4A+lm5f02cJJ26wONIbiPWLFZibjQqGKfYdbFYcq0QRX6TKPDcmWqZ1tPWsHKfKhefaUsjjE31C5ngikrMnNXonRFy00LdyezjmEepWeY35CesEDxE7xZ3XaJSC19KoYt7Tma4BVmdltUeYpi9madUsm5NxXYmoQXXFyw555abpJTmRQZ6uXd/JUAXi8reXMrDN7Zaj/frAC83Nluv3wE8cuvQZxyG+sZ4ybKRq5UzCY8QzgDowqEc5JIm6Qdl6gsTF4YCBO8CkXhtq7mGQoD9LLm2dZme7O91d7aerPz8sWL7aVM/P+BW6vN1bUaKWSXHgmAzhBz+L7mvAUGqVRw+DYgiRRo0VaVjZDK8r0059JzcT/TP4V9rl1cU65wZqNGAMJCq1Db0inQpDwzqGhuqantHgFtZP5lqTQrbNldTkJWEdYJtzWqKx7jinRSIntUwc2h29+/Nw87UmXWIk+YwaUPdaqdg5apmTGFNFc2aoajpjblSgEXn/588i7ysWIJAp2TstyuLQh+zIE+4NcQXjEVZnIcXshCCWbnrEDzP7Be8KELxxG7PtXY2drcPArgxx99a+EjlVS6STuWIr2veMAzHPI//qz2Iv4KtWHKlF8SWkkSW38fZ9pyUX+cbmtX3FbAWS2SPLrGPpA8N3ZEh8Ou7z5GxbgKRXODZZmc1TKRgXisZJFHBjZswDe4jE3WarWa8COESkoTZjJmWVRptGPugGKZiih/WIzUaahm3Z20dPHJ5Y8HeOJDZ8fc5Pquug99LO1UHQ6jcSRl5nJMEsW2CUMzk+oyiqUQGBuQAuhHt1KX2zqqnORMsanubLQI+atLeN/ct52NgFJdyrac015/eLJ3eBh93DveOxp2gsbNfb2zZ+e3ASHkw/YwKnviurGo8uij7cXltqZc2kfdWoQZM6gNfK66irJtIHVOJ6QQhmdQOtLpoiMYo2lfbus2l/AZqhmsoFt6Afv7ZPCh2++ot+P3v5rrN6fJYLK/f/Din7zItd7Dt/EvSZpf/jzSP70snh98Envph8Gr91fPU33xqv/WWTg9Puw8UCnAti4aKDRWo9naBVeEPLkvtzUkPAEhF2ktlkphbLJ5sy4hz321ILmS1/MoV9LIWGaRNkWa2h7CHlh++AGa3cHBYhekXCQRz3VbTwhe51IZGLzrRe8Oe9He6clPHedPxBjliouY5ywjueJXzKDVcjQr1T7unfzUCbzVERc7DfshIE/hAE08sdyylvdBpmAnYN+rLr5yooELKwRMJLaSKAQjgQlgSrE5qbHImCe609iQMQeNTMUTm8lkoWIEbVQRm0JhQsshSj8VqObUnikh+Pm0e/xb7bHW0zCboELIeIrv5nGGQ8MMdprHp/1+r/++GUBlB5oJM6zNDTp+t3mCwvCUo2oCpYrNqp5hQdCz8ya0CHkKPVtVDIKZKFmMfVDc3Ow8UxenBA3jmbZhQhZPFkilQBjN7YPY7uCKZTZajZvVqJz94/wWSvZUBGpcsTKPvkfjTsXWuvVd6VZJypopT802trGc5oVZiIEtg5RWr5QnzvbqtFfDFCRc5xmbU3eEdMdfj2nFH1nA+1iMMh5DL1+DMXdjEc8fwpdxbeiV4LH+Opj28BF465TnyzBrlxbhgvn/GwDe/F0EtdMVBDYnL421ys1vqcEtMYLGzZKwpUVAFjklaHDfJ5hpHi7JeSvdwcFfaDT773v9X6Ojwf7pYbfjOseMj0LXgYdl9x2K8XXkj66R/9TWslY9HXaPO7PZjNqI/BctyFogL198NRR/krY4ytTZHezXidOfLCbIElRtk2ckkywpLUFjGcIuIfb4WX20pneJreSoovI+AzWwwshdkvMEQlUIb76d82SXkO5gn6zP3h5EKqUpQeAVCqPd7VfpoewWuBQaXr18ves2mrvbi/yhFaTYtUcMHwunWuTliy2/tnS5rwA337iDyYIvlmhL7AH6za0T1O5iCG5ulmVvb3e2Nzdfb8KUXUepTXKdbbDPyPApysJ0tjb1buUIRWJ9eYu360Dpvw+VLcV/BRUByOQ4SqWaMgMjpnkMzYbCqTQYsSRRcNawZiLXRZ5D09lpNqriDA1tmCk0NEZzgzrStiEqfyuMkV9hUitp1JpL4XBB0Kji4fwEldTS94XJAO59rqyvDJVccR6C5q47X8WWn1Emx4uTjN9Httvzo2076ibvbm6UksoprNNwo1Zh1yfU5VbFMZEs1snNKHOnQXjxYtsvQqnCtF4QYXlE4LWJaq5Yi+VCrbP6evNBo1+2eevzpLsHXpsSHtikq7vXbdv1u1uhSFBFTsyuTcrH7XxOUiWnUN5v8KnrvU5wmtu2mJTvUhNyvPevqPcROiBzFBvNu5m++R00VbPVVsiSjAvUGy3S+ziEDpzxtsI8YzFuNH8Xze+azRbUZcVbPSdkGVVkSv9RzswEOtC8M8HmqngtZU+pnhte1I43CZlxM/GwH/bi4QPTMGEiyXDHrddaeeiUMm6ytmUVOFsJK3TqEK53aeNkF2OjZMUiuXSg93FIWg+CLrHO7mMtMc0Ut17vIGqV5JpMZQLfXq/p1tv3P5Hq8vhR/vi1AGoIuX8T4GveLVl/jPjymXJNX/D33Y278FKuY839/VxheEZdA+DK9L27cH/L4BSS+j7p7j+nKH1C/hMAAP//3aGpnfsaAAA="
            },
            "placement_constraint_details": [],
            "platform_config": [],
            "preemptible_instance_config": [],
            "preserve_boot_volume": null,
            "preserve_data_volumes_created_at_launch": null,
            "private_ip": "10.0.0.85",
            "public_ip": "161.118.164.68",
            "region": "ap-mumbai-1",
            "security_attributes": {},
            "security_attributes_state": "STABLE",
            "shape": "VM.Standard.A1.Flex",
            "shape_config": [
              {
                "baseline_ocpu_utilization": "",
                "gpu_description": "",
                "gpus": 0,
                "local_disk_description": "",
                "local_disks": 0,
                "local_disks_total_size_in_gbs": 0,
                "local_volume_size_in_gbs": 0,
                "max_vnic_attachments": 2,
                "memory_in_gbs": 6,
                "networking_bandwidth_in_gbps": 1,
                "nvmes": 0,
                "ocpus": 1,
                "processor_description": "3.0 GHz Ampere® Altra™",
                "resource_management": "",
                "vcpus": 1
              }
            ],
            "source_details": [
              {
                "boot_volume_size_in_gbs": "47",
                "boot_volume_vpus_per_gb": "10",
                "instance_source_image_filter_details": [],
                "is_preserve_boot_volume_enabled": false,
                "kms_key_id": "",
                "source_id": "ocid1.image.oc1.ap-mumbai-1.aaaaaaaaohman5szirc6pao66iw4xiyi7wrknar66xmy7t3hf7yxx7eoplqa",
                "source_type": "image"
              }
            ],
            "state": "RUNNING",
            "subnet_id": "ocid1.subnet.oc1.ap-mumbai-1.aaaaaaaamqk4ohc7ljd23yglqjjzyt7uk4apfnfnpzui3cwvfij4v7hcxsja",
            "system_tags": {},
            "time_created": "2025-12-06 18:02:15.459 +0000 UTC",
            "time_maintenance_reboot_due": null,
            "update_operation_constraint": null
          },
          "sensitive_attributes": [],
          "identity_schema_version": 0
        }
      ]
    },
    {
      "module": "module.k3s_cluster",
      "mode": "data",
      "type": "oci_core_instance_pool_instances",
      "name": "k3s_servers_instances",
      "provider": "provider[\"registry.terraform.io/oracle/oci\"]",
      "instances": [
        {
          "schema_version": 0,
          "attributes": {
            "compartment_id": "ocid1.compartment.oc1..aaaaaaaarovtmmnbssyvqqehfh5njbi3beaytp2pgyys5ehqhecyl6hnv73q",
            "display_name": null,
            "filter": null,
            "id": "CoreInstancePoolInstancesDataSource-2104812523",
            "instance_pool_id": "ocid1.instancepool.oc1.ap-mumbai-1.aaaaaaaatrpsjltsh2skjuk2kzwubvvqtic3pgampd2rwfcr2jyfrwadiskq",
            "instances": [
              {
                "auto_terminate_instance_on_delete": false,
                "availability_domain": "mvcG:AP-MUMBAI-1-AD-1",
                "compartment_id": "ocid1.compartment.oc1..aaaaaaaarovtmmnbssyvqqehfh5njbi3beaytp2pgyys5ehqhecyl6hnv73q",
                "decrement_size_on_delete": false,
                "display_name": "inst-fr9nk-k3s-servers",
                "fault_domain": "FAULT-DOMAIN-1",
                "id": "ocid1.instance.oc1.ap-mumbai-1.anrg6ljr56u25dqc2bi6ydyilxsuamhx3ejn5gkf2t72wg2r36dd7xdb6qxa",
                "instance_configuration_id": "ocid1.instanceconfiguration.oc1.ap-mumbai-1.aaaaaaaarhpizsvumtyl4strlgibssqjke67gvjov2h33ulqa6tqxsslxaoq",
                "instance_id": "",
                "instance_pool_id": "",
                "load_balancer_backends": [],
                "region": "ap_mumbai_1",
                "shape": "VM.Standard.A1.Flex",
                "state": "Running",
                "time_created": "2025-12-06 18:02:48.262 +0000 UTC"
              }
            ]
          },
          "sensitive_attributes": [],
          "identity_schema_version": 0
        }
      ]
    },
    {
      "module": "module.k3s_cluster",
      "mode": "data",
      "type": "oci_core_instance_pool_instances",
      "name": "k3s_workers_instances",
      "provider": "provider[\"registry.terraform.io/oracle/oci\"]",
      "instances": [
        {
          "schema_version": 0,
          "attributes": {
            "compartment_id": "ocid1.compartment.oc1..aaaaaaaarovtmmnbssyvqqehfh5njbi3beaytp2pgyys5ehqhecyl6hnv73q",
            "display_name": null,
            "filter": null,
            "id": "CoreInstancePoolInstancesDataSource-2793946468",
            "instance_pool_id": "ocid1.instancepool.oc1.ap-mumbai-1.aaaaaaaawa3ocrfmlftcwmmir5oezofx2ke4df77ko6afks6f3desooyvxra",
            "instances": [
              {
                "auto_terminate_instance_on_delete": false,
                "availability_domain": "mvcG:AP-MUMBAI-1-AD-1",
                "compartment_id": "ocid1.compartment.oc1..aaaaaaaarovtmmnbssyvqqehfh5njbi3beaytp2pgyys5ehqhecyl6hnv73q",
                "decrement_size_on_delete": false,
                "display_name": "inst-imljf-k3s-workers",
                "fault_domain": "FAULT-DOMAIN-1",
                "id": "ocid1.instance.oc1.ap-mumbai-1.anrg6ljr56u25dqchrss3pfyzdem6rtgugvobindcalkpov6xpep7u7vyo4a",
                "instance_configuration_id": "ocid1.instanceconfiguration.oc1.ap-mumbai-1.aaaaaaaagbmn75srv7ca2gbhtb3duemsztzaobvhfhrbo5zvk5vqccejj3vq",
                "instance_id": "",
                "instance_pool_id": "",
                "load_balancer_backends": [],
                "region": "ap_mumbai_1",
                "shape": "VM.Standard.A1.Flex",
                "state": "Running",
                "time_created": "2025-12-06 18:02:14.084 +0000 UTC"
              },
              {
                "auto_terminate_instance_on_delete": false,
                "availability_domain": "mvcG:AP-MUMBAI-1-AD-1",
                "compartment_id": "ocid1.compartment.oc1..aaaaaaaarovtmmnbssyvqqehfh5njbi3beaytp2pgyys5ehqhecyl6hnv73q",
                "decrement_size_on_delete": false,
                "display_name": "inst-ypkiq-k3s-workers",
                "fault_domain": "FAULT-DOMAIN-3",
                "id": "ocid1.instance.oc1.ap-mumbai-1.anrg6ljr56u25dqc6cubj76nu4rkqwiazafyoiolg3anbrcpavwcoziz6qja",
                "instance_configuration_id": "ocid1.instanceconfiguration.oc1.ap-mumbai-1.aaaaaaaagbmn75srv7ca2gbhtb3duemsztzaobvhfhrbo5zvk5vqccejj3vq",
                "instance_id": "",
                "instance_pool_id": "",
                "load_balancer_backends": [],
                "region": "ap_mumbai_1",
                "shape": "VM.Standard.A1.Flex",
                "state": "Running",
                "time_created": "2025-12-06 18:02:14.084 +0000 UTC"
              },
              {
                "auto_terminate_instance_on_delete": false,
                "availability_domain": "mvcG:AP-MUMBAI-1-AD-1",
                "compartment_id": "ocid1.compartment.oc1..aaaaaaaarovtmmnbssyvqqehfh5njbi3beaytp2pgyys5ehqhecyl6hnv73q",
                "decrement_size_on_delete": false,
                "display_name": "inst-zjhtr-k3s-workers",
                "fault_domain": "FAULT-DOMAIN-2",
                "id": "ocid1.instance.oc1.ap-mumbai-1.anrg6ljr56u25dqcgcmmnmrn5x5ncs3blk3mkovcewea26467r2ro7yl2oxa",
                "instance_configuration_id": "ocid1.instanceconfiguration.oc1.ap-mumbai-1.aaaaaaaagbmn75srv7ca2gbhtb3duemsztzaobvhfhrbo5zvk5vqccejj3vq",
                "instance_id": "",
                "instance_pool_id": "",
                "load_balancer_backends": [],
                "region": "ap_mumbai_1",
                "shape": "VM.Standard.A1.Flex",
                "state": "Running",
                "time_created": "2025-12-06 18:02:14.084 +0000 UTC"
              }
            ]
          },
          "sensitive_attributes": [],
          "identity_schema_version": 0
        }
      ]
    },
    {
      "module": "module.k3s_cluster",
      "mode": "managed",
      "type": "oci_core_default_route_table",
      "name": "default_oci_core_default_route_table",
      "provider": "provider[\"registry.terraform.io/oracle/oci\"]",
      "instances": [
        {
          "schema_version": 0,
          "attributes": {
            "compartment_id": "ocid1.compartment.oc1..aaaaaaaarovtmmnbssyvqqehfh5njbi3beaytp2pgyys5ehqhecyl6hnv73q",
            "defined_tags": {
              "Oracle-Tags.CreatedBy": "default/swapnilkuwar1995@gmail.com",
              "Oracle-Tags.CreatedOn": "2025-12-06T18:01:28.942Z"
            },
            "display_name": "Default Route Table for Default OCI core vcn",
            "freeform_tags": {
              "environment": "staging",
              "k3s-provisioner": "https://github.com/garutilorenzo/k3s-oci-cluster",
              "provisioner": "terraform"
            },
            "id": "ocid1.routetable.oc1.ap-mumbai-1.aaaaaaaawnznk35v4qwkolbqjvnsdkl6teqwyzgvsehdoaim4z6omd562vga",
            "manage_default_resource_id": "ocid1.routetable.oc1.ap-mumbai-1.aaaaaaaawnznk35v4qwkolbqjvnsdkl6teqwyzgvsehdoaim4z6omd562vga",
            "route_rules": [
              {
                "cidr_block": "",
                "description": "",
                "destination": "0.0.0.0/0",
                "destination_type": "CIDR_BLOCK",
                "network_entity_id": "ocid1.internetgateway.oc1.ap-mumbai-1.aaaaaaaatzq4jntdwfhokht4vjm7tvr7cp37cwhs2p6qc3ioho6ztgnxr7ta",
                "route_type": "STATIC"
              }
            ],
            "state": "AVAILABLE",
            "time_created": "2025-12-06 18:01:29.007 +0000 UTC",
            "timeouts": null
          },
          "sensitive_attributes": [],
          "identity_schema_version": 0,
          "private": "eyJlMmJmYjczMC1lY2FhLTExZTYtOGY4OC0zNDM2M2JjN2M0YzAiOnsiY3JlYXRlIjoxMjAwMDAwMDAwMDAwLCJkZWxldGUiOjEyMDAwMDAwMDAwMDAsInVwZGF0ZSI6MTIwMDAwMDAwMDAwMH19",
          "dependencies": [
            "module.k3s_cluster.oci_core_internet_gateway.default_oci_core_internet_gateway",
            "module.k3s_cluster.oci_core_vcn.default_oci_core_vcn"
          ]
        }
      ]
    },
    {
      "module": "module.k3s_cluster",
      "mode": "managed",
      "type": "oci_core_default_security_list",
      "name": "default_security_list",
      "provider": "provider[\"registry.terraform.io/oracle/oci\"]",
      "instances": [
        {
          "schema_version": 0,
          "attributes": {
            "compartment_id": "ocid1.compartment.oc1..aaaaaaaarovtmmnbssyvqqehfh5njbi3beaytp2pgyys5ehqhecyl6hnv73q",
            "defined_tags": {
              "Oracle-Tags.CreatedBy": "default/swapnilkuwar1995@gmail.com",
              "Oracle-Tags.CreatedOn": "2025-12-06T18:01:28.942Z"
            },
            "display_name": "Default security list",
            "egress_security_rules": [
              {
                "description": "",
                "destination": "0.0.0.0/0",
                "destination_type": "CIDR_BLOCK",
                "icmp_options": [],
                "protocol": "all",
                "stateless": false,
                "tcp_options": [],
                "udp_options": []
              }
            ],
            "freeform_tags": {
              "environment": "staging",
              "k3s-provisioner": "https://github.com/garutilorenzo/k3s-oci-cluster",
              "provisioner": "terraform"
            },
            "id": "ocid1.securitylist.oc1.ap-mumbai-1.aaaaaaaa64h4hmgbmv2yfhcix6i6tnfo2isy7utk7ianuxo25ywplpvkoaua",
            "ingress_security_rules": [
              {
                "description": "",
                "icmp_options": [],
                "protocol": "17",
                "source": "0.0.0.0/0",
                "source_type": "CIDR_BLOCK",
                "stateless": false,
                "tcp_options": [],
                "udp_options": [
                  {
                    "max": 53,
                    "min": 53,
                    "source_port_range": []
                  }
                ]
              },
              {
                "description": "",
                "icmp_options": [],
                "protocol": "6",
                "source": "0.0.0.0/0",
                "source_type": "CIDR_BLOCK",
                "stateless": false,
                "tcp_options": [
                  {
                    "max": 53,
                    "min": 53,
                    "source_port_range": []
                  }
                ],
                "udp_options": []
              },
              {
                "description": "Allow SSH from 106.220.95.66/32",
                "icmp_options": [],
                "protocol": "6",
                "source": "106.220.95.66/32",
                "source_type": "CIDR_BLOCK",
                "stateless": false,
                "tcp_options": [
                  {
                    "max": 22,
                    "min": 22,
                    "source_port_range": []
                  }
                ],
                "udp_options": []
              },
              {
                "description": "Allow all from vcn subnet",
                "icmp_options": [],
                "protocol": "all",
                "source": "10.0.0.0/16",
                "source_type": "CIDR_BLOCK",
                "stateless": false,
                "tcp_options": [],
                "udp_options": []
              },
              {
                "description": "Allow icmp from  106.220.95.66/32",
                "icmp_options": [],
                "protocol": "1",
                "source": "106.220.95.66/32",
                "source_type": "CIDR_BLOCK",
                "stateless": false,
                "tcp_options": [],
                "udp_options": []
              }
            ],
            "manage_default_resource_id": "ocid1.securitylist.oc1.ap-mumbai-1.aaaaaaaa64h4hmgbmv2yfhcix6i6tnfo2isy7utk7ianuxo25ywplpvkoaua",
            "state": "AVAILABLE",
            "time_created": "2025-12-06 18:01:29.007 +0000 UTC",
            "timeouts": null
          },
          "sensitive_attributes": [],
          "identity_schema_version": 0,
          "private": "eyJlMmJmYjczMC1lY2FhLTExZTYtOGY4OC0zNDM2M2JjN2M0YzAiOnsiY3JlYXRlIjoxMjAwMDAwMDAwMDAwLCJkZWxldGUiOjEyMDAwMDAwMDAwMDAsInVwZGF0ZSI6MTIwMDAwMDAwMDAwMH19",
          "dependencies": [
            "module.k3s_cluster.data.http.my_ip",
            "module.k3s_cluster.oci_core_vcn.default_oci_core_vcn"
          ],
          "create_before_destroy": true
        }
      ]
    },
    {
      "module": "module.k3s_cluster",
      "mode": "managed",
      "type": "oci_core_instance_configuration",
      "name": "k3s_server_template",
      "provider": "provider[\"registry.terraform.io/oracle/oci\"]",
      "instances": [
        {
          "schema_version": 0,
          "attributes": {
            "compartment_id": "ocid1.compartment.oc1..aaaaaaaarovtmmnbssyvqqehfh5njbi3beaytp2pgyys5ehqhecyl6hnv73q",
            "deferred_fields": [],
            "defined_tags": {
              "Oracle-Tags.CreatedBy": "default/swapnilkuwar1995@gmail.com",
              "Oracle-Tags.CreatedOn": "2025-12-06T18:02:29.353Z"
            },
            "display_name": "k3s server configuration",
            "freeform_tags": {
              "environment": "staging",
              "k3s-provisioner": "https://github.com/garutilorenzo/k3s-oci-cluster",
              "k3s-template-type": "k3s-server",
              "provisioner": "terraform"
            },
            "id": "ocid1.instanceconfiguration.oc1.ap-mumbai-1.aaaaaaaarhpizsvumtyl4strlgibssqjke67gvjov2h33ulqa6tqxsslxaoq",
            "instance_details": [
              {
                "block_volumes": [],
                "instance_type": "compute",
                "launch_details": [
                  {
                    "agent_config": [
                      {
                        "are_all_plugins_disabled": false,
                        "is_management_disabled": false,
                        "is_monitoring_disabled": false,
                        "plugins_config": [
                          {
                            "desired_state": "DISABLED",
                            "name": "Vulnerability Scanning"
                          },
                          {
                            "desired_state": "ENABLED",
                            "name": "Compute Instance Monitoring"
                          },
                          {
                            "desired_state": "DISABLED",
                            "name": "Bastion"
                          }
                        ]
                      }
                    ],
                    "availability_config": [],
                    "availability_domain": "mvcG:AP-MUMBAI-1-AD-1",
                    "capacity_reservation_id": "",
                    "cluster_placement_group_id": "",
                    "compartment_id": "ocid1.compartment.oc1..aaaaaaaarovtmmnbssyvqqehfh5njbi3beaytp2pgyys5ehqhecyl6hnv73q",
                    "compute_cluster_id": "",
                    "create_vnic_details": [
                      {
                        "assign_ipv6ip": false,
                        "assign_private_dns_record": true,
                        "assign_public_ip": true,
                        "defined_tags": {},
                        "display_name": "",
                        "freeform_tags": {},
                        "hostname_label": "",
                        "ipv6address_ipv6subnet_cidr_pair_details": [],
                        "nsg_ids": [
                          "ocid1.networksecuritygroup.oc1.ap-mumbai-1.aaaaaaaaz6bzjhqgasu7occnez4gdj3johdnlbgsxo4xvbtv54e7mp2tyhsq"
                        ],
                        "private_ip": "",
                        "private_ip_id": "",
                        "security_attributes": {},
                        "skip_source_dest_check": false,
                        "subnet_cidr": "",
                        "subnet_id": "ocid1.subnet.oc1.ap-mumbai-1.aaaaaaaamqk4ohc7ljd23yglqjjzyt7uk4apfnfnpzui3cwvfij4v7hcxsja"
                      }
                    ],
                    "dedicated_vm_host_id": "",
                    "defined_tags": {},
                    "display_name": "k3s server template",
                    "extended_metadata": {},
                    "fault_domain": "",
                    "freeform_tags": {},
                    "instance_options": [],
                    "ipxe_script": "",
                    "is_ai_enterprise_enabled": false,
                    "is_pv_encryption_in_transit_enabled": false,
                    "launch_mode": "",
                    "launch_options": [],
                    "licensing_configs": [],
                    "metadata": {
                      "ssh_authorized_keys": "ssh-rsa AAAAB3NzaC1yc2EAAAADAQABAAABgQC/cMRYmDjkr4kmYaLwd0mMOPCSRTrrfgDfT0dLKDk0l1zt0po+rvb0Bcyc/XtIItqNMxiATG6MdTKbQvL66MnwF2mb9/+zUBFecMwJ77coB2zDGUapyuinKNPR0DolQoiQqJr/unPZ4nPmmtB1n0XXWkydg2HdHeoaRYgvNCMvuA+J01Ag3XCdwdb3tyBsppgE4lDdLL2viZdtcGH2a+P3oQE35ZceUzhGXP8YK3+sW6dJA9ZNp6UPq25Z8wFWakPvRmCuq1MJNuWbvBarGKbOKpxQGhG01XFQhrBqD/8tq1bx9kd7KIDXHPMD5CAUH0IMr+2n1xw9sBPp4pJq3+HbMsquBbPwDcHJ6nNDJC5dATG2036CMmRrP3x0xalbqxHOFcNCUPlZL8QomrFf0E/u7+39YU953MWVjI9vL7AHL/qksg0nEjKEF++HxTq4+K7BOhsc6o6qRt6mJQi9aK7oPFQsqwf+t1+vE4A2KEVXnur/amj+U4A3PvUVzI61+CE= swapnilkuwar@Swapnils-MacBook-Pro.local\n",
                      "user_data": "H4sIAAAAAAAA/+x8a3Mbt7Lgd1blP3Qob0nKZoakZDs2c3X2yhJt81qiuCKV5FSOlwecaZKwMMAYwFBi7Pz3LTzmxYcsO6dObdVepyKJQDfQaHQ3+gHwTHCNXAfjVYpdSDKmaUqkbiX0HuOfYSoyHhO5Omle9i97r65uBuen139vNsyn4BeUigrehU7Y/q7xXSMIqkDfNYqxJeFqhjLo8UjElM+78NOU6gqAnVzjvW7dB2qBjKlI0lR/17ikCW7Ms/d9a0p5a0rUotGIFhjdToQ6OIRPDQBOEjx5chARDS3UUUuoQCJDohA+w1xiCv9ncHrZO4HPoDCGfdVqtlrz/cMGQMSQ8Ikb4JP5tffDyZ+NBsDSzf+FYX/pXY/6V4NJ/3z34MVIn/xfdgqAhHwQ8uTJpxrU/wh/sH2Ub/bt/RCavgYAncHvv0PzSUl9E05OoHkzzbjOmvD+/c+gF8gbAAAiRUk05fOJWimNyUkzc2ANAGS7hrqSJGIIF5Rn9zBCuUT5xXGFxWEGxQ2ucBcFPMaZgZlRw2yMFgKa745HQLnShDFIpYhQKZAZ55TPwUhCs4C8GnXhyfqo1W64NMyFa7ddXXhimV2HMCyuQpjPzcafjcYdoXrCpla47haUIfwOWmYI7xuxMNuaSQZBIDKdZhpaMS5bPGOmSVGGXENwCwutU9VttTrtsB12wk7nZff506fHlb37X00I8CO060ydSiS3ji8AiiGm8Kyg2hAGMyHh4lWzEQuOhlrPsckCWeL1wRE4U6MLCAS0pBC6NUdtQUK1KIiT5C6cU73IpplCGTnFDCORtAyk+5EQyltOM5UZJDCtgVlItEhEDD+125szNGBL25+NRkMij1FOqNJUTCLBZ3R+cPipYVTsP/4D9ntXr/fhb9B80h+N+1eTs6vB6/6byev+Ra/ZICktbIJfc2jHCaloLTuEpQvSadxSHnehb9qvrHwI2UhQk5ho0vWmQqUkwi5Y5MDJTkOlGJn+RTbtQiyiW5RmXAvTANBkbixR53nYMfK6B38XGSRkBWKJUtIYwRhQBWIGCaqFWxlMV5DxSCQJciOnZpdhJhgTd+YToxxVaJQd1eLMYnStDMQ4IxnT1SYwCnG/usxXAp/+tO3IyZThUIoE9QIzdYlybqyqzJzm7cFVqo2kGsrmTEwJs7t/BFk6lyR2BBi4c1SacqKp4CAzhkAVZMagaQEi1QHlOeTiaOKRJ6lgNFp14fxqMrgaT26Gb65Pz3uOQ2NJZjMaQUI4maNhAcyQ6EwayiKRpIIj18qtb2p00K/UrSmurCKlTOjt3Z4mu+Hwhmi8I6vKPACUzyUq5bv8dIGVg1wEPMjcgeykAuD2hcqpAJCoRCYjrDSZxo8ZKl1rA4jSrAuddlJrTDARctWFp+1LWnQolEsaYRVd23NyIGIcCqkrHamQ6xPtOcGMCAcSxxBlSosE/MIcAlBu9lXCkrAMVSHA6keYZhqohiRTGiiPWBYj6IVQ6DEV5RGCUWeQmDIS5dJTTA8DoQ0O0XD66wh6F6/gjjJmFMELNaQoZ0ImsEDC9ALsSa5AcKccVCptZ1sb1/ZTBYwqHcIItdcnqox8GtTqeHYENzNylUlPkgNZG9kTQJiRDrgT8jYs7KOzjdYgWkkpfqoMVatz9Kx9XBstsBN3ofOsfdSp9RgLIueohzv7ud/gLhy3n232WnFVmuhMBRv8yed90X5g0hftje7qnFt67ZzWWmydzR1nO6fb7K5Ot6W3mE5tne6487T90Pq29Vdm3NZrZ9RRuta+B2MjWEa2FuhlaYESQXEKUmRW9hYkTZFvJ7Xz7GHebOuv7f8O5mjm5sMvmjR8yKLNiHHMapbzbNCvWc2I0w1769BMk0e9xsSoO+Ex+AMvYpnSKP3HTLrjxHgshAPea5ScMEdi7Kyz/dMNtGNCe5i8cUeXt1kpUfZkWkiRzRfGAlij5M63cEUSFlqsoXPWb40XZW0F5aBWPII7qhfmYKIzY6xb0cIc3q0KvgkA7Fy1E/kal9Q5IM2mbXcYOeF2MYMdDkYFJC6NtlvrKSdspaiq8hiAifncxE0FMMMlsi40PTVdymeiWQKfqv9ShrbqGPbkPEOph1IsaYyyW+U+wIc7PfRnuF5QGQfGjVkFH+501e0oSaAJMf6FbV2WZsHv+7kw3mIXmv5zyEREWPMvHJk7zszO0YvKoQnAaEK3jnDU3jlE++hpZQwm5heOvXdEmoijXFvuqlwUIM2EqqiLUrqQIucUXVKG87qqlJt8JiSeZ0m63uuMenkwtCvsIrHxEVWfU00JO0dGViOMBI9VFzqbcEOUVMQFxNEmxGtCWSZxvJCoFoLFxtqUm+vO/P7wmvA5qi40fyiXh/frnRt9V5m2qYOhdUy2APT5jn6SadHnHzDS3Vz9iz4tSWTktvkHTW8pb1YFc0I51V+Uzq1i99dF5pu8vU7p7e3BKMWIzlaObkhNDOk8ahMk5g7TFBdkSYUEqvi+hhgVlRiHxSDna3BdYESjceHMqMo7YAinzsMxQTn0ZwOhhxKVifcaFeYNM8Zyg1Dsj/CB1KX15H/F6UKI2zVj5Xep1Cc6X2ilMS1CFfPPbWGtyYQzsZjX2pQm0W0s6dLse9FeEDjCSKKRoN/f5xRyrNjdKl2ei8Z9HiHDSIvqkO6c+oUwGtujqubt27zYmbNk6xZ7Q8e9xRvYM7jkXEL1iMYYEenEW0gX1V2SNTvAURvfs4JbnDkbwrtN7NaEziMPRXxOlcxSs7hXWTxHvWUllTWnkgpJ9eqMEaXWFpMpvDwb1slWcYUKLW6RV4kiWZyfghHJMap0+3DHGb/cEJlweODYoSp7lYiM60vNlDnOatK3GTyeXZ+PMUmtItQJXhZ7fXN9USyuFmAaY6QiwrC3hUFF56WR485GK7nv2oSN26eU0YicGcJL2NxImSmryjMiScpsnrQTtovVLKvSmmYVZlt/8nSJkszxRlNG//AiXDjyfLvQG3eIMLo0xLrE3pngHCODfWpIOy7EqEgvaBEJNuJ0NqN8/lrI3NTXeLMT2tv9GnCMKROrxJyrZIqsEIpUxL5hXU2tzpRBv0aGCWq52p03AFgePSzvRtpcSqV3Hy3MyVaV3zuikt52fU+LlMsjEXbNX7V124DXR8m9wo2ORHCqhdzap0UqmJivNnsca698EsDyfKdjTq0JW1MdHw3Ma8EIbAtDqjuxrNn7BzUuz4B4S9wfFu1fCniMfTEnxS+CZUn99M+jpRpaEBnLUju23QCDXRNtwbBmakj0ouuKBi5l8DDWDmrItxC0DelRNOWItQ2sp8a6X7djF4LErwgjPEK5ddO2Jt42xeOLu1gf51Fc+yLKdp59AW0XQY/bycdgPY6sHLN39bqxmVzvDU5fXfQmLsc+vL767e/m5/jq7Oqinmb3Tgnl841M+7HPtPf4UqxeU6ZxM8/uPfEg9SfCI9LvzhwNiY4WbqsDIGnKVmPRhYv+aNwb9K7diW1AujUH1ZJ82bt+0yvP+gyrLqnSyFFOZpbciiQV+mcWE+ZwoQsxKtQ/CK2ZmlBuFqKFEXfDOSZIXJzAdgBWO+wsD9bFxe5apbBDeDzJEyroSicHh5+KolDfgVE+d7mcMAybRQ3ooshlFhsYiztu6HKJn8/gxMAXMk9cjQPUAgJXatyoxJy4yo7LLdcqOXnm5AH58sjudPPIdTbng2ypFNlK4b3Nx727edVzNJ1YNZCERwuUrdtjZf7PB0mW4BYe+HW1RGqcLvOr1mFry7Yh0qwoQgYrCGawWYxqANxmUzSgVjot1AOr3r2bWhKc0dsjX7j7mtXZDJfffHiLzPhs1VqgAziNY/CTFJl7UaE/kkg0Alc5VANKOFtEKLC9INlynm808rQNL0tjoq2fNr4+7b3uv5v8cnpx0xtVBShf+sQl2tb2vej1W+9HL3YmKCzJSU6g2YQt0xUL8L8Lgv8sypFrk9nN2LCaW4ZuNir1mnX3bq1u09iDs3zbXT2lURRw9mC8QGtVQMxcplJwhIiYgH+K4DzTGIgCqovC3ExIm6AukjtAeGxHM869bUilmOaVnVVRGPpgCzxa5VlbLUynBEZvXeLL88NZKZfSftn26fM9uFEIC6FsLhvoDBTqojTom6vwa1j9YY4D/Rlwoc3fP8K7bIqSo84TFnn2Qwtoh/a/H+FuQaOFHy5Bwg039pW36+6SABjhsIuhXKOckQgtW8r2/lCFRfX2jnDtB9TCEOKYbyXSkGl4xhFLJdDCT2fmUjZ9Q6NyLj+W4GxVZUl/2IXOy6Ow8/xF2Gm3w047z77njrfdyHzbWuWOGuaHRTkiUzjLmCHCzDiXRnNL9TPj2cR2NddufDDInTBXBvMVOOXrYa4AVpaBXW7ZiWih50XJaa+GVdnrRy5IRQtMMDTiYJZiZHjuq3mpLekJP5BElQoeGz7f4VRhZPQGuZaroaC8lLgKNSM7dhfejsfDUaNckJkZ7hYmXJNlSYcqa26NJlmBtIocGq01XVXfFYT0g+XaHNZE20jT6O3VzcU5DK7GflQ7US42dkLBjT7GmQ2hKvFvwfu+EzgjlGaPSWRvwFANMykSEJlWhrFi5gTZZ5x+9MiZQvhnbtXNfMFMyDsi43+CkLmZJ+AZ6T0Oi+vorYaGzh7l3LHEO2NDVc6oCma8rvEW22LlhzocjM+GrZvz4aEzKb65C+MzE87d4bRqa16UI5UGpWjMybU3cjbJePGtRORGiosY04ppW9c+bxYWZIlFnQtjGPutphyIH20j/tlWb90Da0evMabSRdfKt5/GsZFNDkfh0Y+F+U7ILRoVTghHrkF6PAVLSpx+pEY/CqHKj+1YRKp6bPs6ZquC0tqTJRWFGroW44AXeliT/rE0x4kXNozNQU1ilAooN2bGlQAPfgte5xDBD4c5cQXWW4fT9e3mCDLSHfeHZZp3z6YgHAU1afW9LhS1ejc0LiXkmShPEaREKmNj8oPTLh3s2nOJuF/lSN0iN1cQUokA/JnUalfaOkc/2dZO6/ioyJisk1vwsCbweTm4JvB5Y1XgN+W9RP16gd9WkC/4aKxo6zjfqWv8mFGJyrk5hot4n6KkxoD5O0XHeQXZHriaFSJYXgrxQmxOfas/BG7OhxWpdeeX2RtlnKG0NLVuhtrNphFqGF+MgOhyN8vNrEn+Fn91uwLkFXZdxmjb0nZ7vpzsbgjkjhsx5Fyl3rzPKKeFIpkY1ep2JW9mQvRrVILZMkeZ97dF1Gp1Yw8CcIVVvCdJyjCMRFL0ASjCC2r3vDDOhAi3Q5veKZEbvf+tz9+izyW5V85j9xHhJY1jhnfEqIxxS/lXy2dSjtASS3Pq4l3rL4h2ZTw/Suv7f0BfG1/SuiVoPEKjvcAov4Up6jtE7pwNpYmm0dq9DqPmtjdecZJsdLe+/0fu2Gh/7dHfqPF3EYzimP2LBF8id/mbL6wsR62wZC9vK0PCPEYoV1wKYlDmoCxC5z9vi9AjkvFOuKMtcNUJnFQnqCWNiul+XSCHzAqpMey+qvWjddYIF9YhtSbbuHtLQd1FGkYjbwmNgfZJgbw8sLftdlpZjaj+eUdvacs79PbSWEAYExEpnQwf23W2+FuVxn+TC20CMnMy5P5vxY/2bP3/w4/ufKMf7dOGPqfB55TfP3TFevCmP/htct0bXd1cnxUJjSAIaingZX6leuTp3Uzyeh4EdsYgEsacMIYyYILE09L/reZ+qyhF8lfVMqUkTcNS5YwRKG7idKGcZQesTRTxzbm2Q29ZSKN2wTaoXE/0Z8HalctN72r9+qVv3BYEBFtuP65fsvzSBCXkplu3lovassn5lhoLcRcoTtMUdWBdNZI7LsYBahaZrkAiYQFNKx0u3e/bg4jGxq8pjtYSYiriVaDoH9iF5lHbPtzIFAb1akExrpO/4t5ETQKr6fR/p8C4S+1xMF1189zr4+VqG2RKpA7E7HHAy/JtVCd09wr8Iwt3lXFdJ58aL+b5FxX2IR19sCZhQVxNYiMv/uW3JuXaWrU5WxVTsuyEnaOw03LWvuXckcIbaE2JRCMWzAPkyeRtNs6nn93i8wmLK2JraeiqFd2a9d82Q5VRfgLHnP7gzXVvNJqcXQ3G11cXF73rkyedypOgzX73FstSsfb66oGdqL3r2jVmnvN+1LA58KNGtmWURw2bv64pHorlFS3Ls4rOujxxllpHKPbvxsqzTmkyp3w+sRfzpeH1aHz6pj94M+mPRje962J/DLs3DsIdsPVSqAnWAqf10pVBc7vkryXYqau2yekaQ62QR3KV6sCT2ahqWXXc/CAkUeLSA84DOD277Fl3ASXcXF80/L0pEzTmymUw8uGDZfsoJCkNK1OHQs5bLpEj5MoN3UsIZUDi2PK6qCjY2STOqdLOjzfQaGC7oO5Iyim7ze6I7Lx8+ew/56Y9jyD3YFAEwq64XTwgUlpI58nZ4UkUiYxre2XWuFO3aGnyH9/hyt3wu8aZj9Ee4OVapPh2PB4G7Q5EC8IY8nkZbVi+2WDbnReB5V67U4SBXlUrFwwiRpTqAtRMoJc544JWBG54fXX+KGnbBvhXRW0Lfwx5dXu+TdJKUdsta9uF7VFC9pVS9jgx++ty9oCg7ebkV8lZTdA2JW2LqOWyVhO1/Jlzo5Hb3I03r9biZpvPfp0lPSNccBoRBjfFk989OKfKrmNGJd4RxqAB0MqUbKkp5S2O2l2QCFIjkcqc04ax6ZehZixTi4bx5C1x5qQ0iLANOCwDoBI69pR9AWEPeoPzjWWYiUmqg7kRCFeALhsqJX0lZtrE7GZnU5SaogoikSSCw4ePDYDz3qv+6WDy+vpqMO4Nzk8MC7lGSSJNl1iZwr6BhGD1eJxK+VoE/kMg0T0RjZWhDtKVXgh+nP8OUpo2doT97r11S0Q0iBjN36W9+OlZA+DidNwbjSdXZ/2zi/7Jk4P1+yBGeStDSUyFWh/Qv3ZX8Bn+URHVDx8hkLCvhNST6eogNDpzCJ9BopF5hM8Q/t5+b5v3D+HnQhrXSPpU+/xn00JOiVpAEEFzk+LdHuQa2QkxZrJ4tOz5nP8O1eKwWVtPoOofAxJFmNpsSeDr0OsQfqrAe+Kwvhh3+eI1vYfWksgWE/PWB5HZimxMJZjYp2DLyIr/Jbm/UXjSabcvm/C3v7nbXU4z4hw3Do3vtIn4mjIc0T8ei13qm0SlidS+JQ5yyMaMfsnmVN/6bxqe6rcHbDc6W/Xe6MVdARI/qOqOvTTVpke1Rj33VQXTbJ5TsX9go9kCZqIhmkuRpRMNB2YbDux1n8PDQ3M0u7DAvlia5BhhRC2hmIg4M/TR3WANgJjPjAqXt18cC92XD9jX/i/rbrFHyM1ChadBjEtkhvX5d04EyF5uQ/rwMTcVL3OxtJe/qn71V87zoorkl+6C/nyq593j8PnD1Dxfp2ZGrVj5O05XZ/3J2UV/cnozfnuSB9+TVFIe0ZSwHGx4On570nRMn1LefWIamg37UHiSo508ORARtS+1Mo2QN9urGhAY427C6wS5DmgMIqJxJ6w0hiLqhCHx/6RY6iThU6VWy48fcTFbPOMfpvR4imSl06N0vlqpZ7j4uMBoxZ4v+PKn44/GZiwJZWRKGdWrwNVwIFlGb7qnw+Dy5vLVaT/oBKfnQQeCgNEZRquIWZ9dI1zfDAb9wRsIAmNTg+kKxv3L3tl173TcOwf4nFvc0Ph7v7//7BJlB2EzpiplZBW4r+34DOYQuaN6cdC8PVaBc9xU8/DQmuQ69Pt9+AzaOGcBh85ho9gCGhenhYLgLTRPM70Qsnhe8AqJRAlOw5u5ge62Wp3nL8OjZ09D/7sl0qi1PCoSK9VlOEIG9oBoNG6P1SQPEFMiSaJODppBoJkKFOFQfoVG87Dh/22i/E+LkxsSH7DmCN9mynZNojzsoZXn/mA0Pr24mAxPr08vRyfNJ5828X7/4f2fzUaj8e54VNy0zJmcf2nIgwez2U4q7AXA/FBu+WdeJVu552ex3LqWuMU+qWz0FsPd308qL/FXiFhevQfKqf7eZuu4pgxyKZmVZ/QcdXh7rEJ3s9Rzprbqygcwf4+v3vUGJ/LV/M1v+v7lTXy1OD9//fS/aJYqdYqvol/iWXr7v6fq7fPs6PVHfjp7d/XTm+XRTH34afDK3lNVEBgldzQGhkZ4Ut+Uw58hFmWCYf/2WEFMY5tVyA1XJKSJXNhq3znw9qtXjoxRFxwb3pI6HnUPCo58EO5Fov/KmP83WePjuR1fSfOvZ5bRiobjQ54wM85vKoyHe5p/d9L+tftqn30/n5vtV0J1XtM1M1v/JEv3K9+GY+f4RiH/6jjqX+raixR5QFWk3JkImaYssLak+Cak0ifyB65ziSxSXAmBviHPygSfL4Tk5R/LTviiTKrmzS4FajfxW7lcT376oPavjLhzuRVLWU1w1D8UJjO/+97y+eTnNbi13G89q+gdv3rjGkYlJ+TBKy2VW9tGyGv5GNACpu4m76qwIZu6w+tIOxRpmyrtmqyqv51nuQJv3g8PZrsWtBt0G6ucDPwlEchvrOeZLSByLqJ4U0i473mcdhjYVIoP9o8gilvLo7DzNHzZKr8mIg8g3Ub+qyYMGJmqlsMM7OPQwAUQsrVsh53nYXsnCY6b69/BFwTfNf5vAAAA//+MY1OW4k8AAA=="
                    },
                    "placement_constraint_details": [],
                    "platform_config": [],
                    "preemptible_instance_config": [],
                    "preferred_maintenance_action": "",
                    "security_attributes": {},
                    "shape": "VM.Standard.A1.Flex",
                    "shape_config": [
                      {
                        "baseline_ocpu_utilization": "",
                        "local_volume_size_in_gbs": 0,
                        "memory_in_gbs": 6,
                        "nvmes": 0,
                        "ocpus": 1,
                        "resource_management": "",
                        "vcpus": 0
                      }
                    ],
                    "source_details": [
                      {
                        "boot_volume_id": "",
                        "boot_volume_size_in_gbs": "",
                        "boot_volume_vpus_per_gb": "10",
                        "image_id": "ocid1.image.oc1.ap-mumbai-1.aaaaaaaaohman5szirc6pao66iw4xiyi7wrknar66xmy7t3hf7yxx7eoplqa",
                        "instance_source_image_filter_details": [],
                        "kms_key_id": "",
                        "source_type": "image"
                      }
                    ]
                  }
                ],
                "options": [],
                "secondary_vnics": []
              }
            ],
            "instance_id": null,
            "source": null,
            "time_created": "2025-12-06 18:02:29.555 +0000 UTC",
            "timeouts": {
              "create": null,
              "delete": null,
              "update": null
            }
          },
          "sensitive_attributes": [],
          "identity_schema_version": 0,
          "private": "eyJlMmJmYjczMC1lY2FhLTExZTYtOGY4OC0zNDM2M2JjN2M0YzAiOnsiY3JlYXRlIjoxMjAwMDAwMDAwMDAwLCJkZWxldGUiOjEyMDAwMDAwMDAwMDAsInVwZGF0ZSI6MTIwMDAwMDAwMDAwMH0sInNjaGVtYV92ZXJzaW9uIjoiMCJ9",
          "dependencies": [
            "module.k3s_cluster.data.cloudinit_config.k3s_server_tpl",
            "module.k3s_cluster.data.http.my_ip",
            "module.k3s_cluster.oci_core_default_security_list.default_security_list",
            "module.k3s_cluster.oci_core_network_security_group.lb_to_instances_kubeapi",
            "module.k3s_cluster.oci_core_network_security_group.public_lb_nsg",
            "module.k3s_cluster.oci_core_subnet.default_oci_core_subnet10",
            "module.k3s_cluster.oci_core_subnet.oci_core_subnet11",
            "module.k3s_cluster.oci_core_vcn.default_oci_core_vcn",
            "module.k3s_cluster.oci_load_balancer_load_balancer.k3s_load_balancer",
            "module.k3s_cluster.oci_network_load_balancer_network_load_balancer.k3s_public_lb",
            "module.k3s_cluster.random_password.k3s_token"
          ],
          "create_before_destroy": true
        }
      ]
    },
    {
      "module": "module.k3s_cluster",
      "mode": "managed",
      "type": "oci_core_instance_configuration",
      "name": "k3s_worker_template",
      "provider": "provider[\"registry.terraform.io/oracle/oci\"]",
      "instances": [
        {
          "schema_version": 0,
          "attributes": {
            "compartment_id": "ocid1.compartment.oc1..aaaaaaaarovtmmnbssyvqqehfh5njbi3beaytp2pgyys5ehqhecyl6hnv73q",
            "deferred_fields": [],
            "defined_tags": {
              "Oracle-Tags.CreatedBy": "default/swapnilkuwar1995@gmail.com",
              "Oracle-Tags.CreatedOn": "2025-12-06T18:01:58.320Z"
            },
            "display_name": "k3s worker configuration",
            "freeform_tags": {
              "environment": "staging",
              "k3s-provisioner": "https://github.com/garutilorenzo/k3s-oci-cluster",
              "k3s-template-type": "k3s-worker",
              "provisioner": "terraform"
            },
            "id": "ocid1.instanceconfiguration.oc1.ap-mumbai-1.aaaaaaaagbmn75srv7ca2gbhtb3duemsztzaobvhfhrbo5zvk5vqccejj3vq",
            "instance_details": [
              {
                "block_volumes": [],
                "instance_type": "compute",
                "launch_details": [
                  {
                    "agent_config": [
                      {
                        "are_all_plugins_disabled": false,
                        "is_management_disabled": false,
                        "is_monitoring_disabled": false,
                        "plugins_config": [
                          {
                            "desired_state": "DISABLED",
                            "name": "Vulnerability Scanning"
                          },
                          {
                            "desired_state": "ENABLED",
                            "name": "Compute Instance Monitoring"
                          },
                          {
                            "desired_state": "DISABLED",
                            "name": "Bastion"
                          }
                        ]
                      }
                    ],
                    "availability_config": [],
                    "availability_domain": "mvcG:AP-MUMBAI-1-AD-1",
                    "capacity_reservation_id": "",
                    "cluster_placement_group_id": "",
                    "compartment_id": "ocid1.compartment.oc1..aaaaaaaarovtmmnbssyvqqehfh5njbi3beaytp2pgyys5ehqhecyl6hnv73q",
                    "compute_cluster_id": "",
                    "create_vnic_details": [
                      {
                        "assign_ipv6ip": false,
                        "assign_private_dns_record": true,
                        "assign_public_ip": true,
                        "defined_tags": {},
                        "display_name": "",
                        "freeform_tags": {},
                        "hostname_label": "",
                        "ipv6address_ipv6subnet_cidr_pair_details": [],
                        "nsg_ids": [
                          "ocid1.networksecuritygroup.oc1.ap-mumbai-1.aaaaaaaa37psf7aq2psnthadeqt4fyicoqrh5p5adx76jzhh4wrcmle6jo6a"
                        ],
                        "private_ip": "",
                        "private_ip_id": "",
                        "security_attributes": {},
                        "skip_source_dest_check": false,
                        "subnet_cidr": "",
                        "subnet_id": "ocid1.subnet.oc1.ap-mumbai-1.aaaaaaaamqk4ohc7ljd23yglqjjzyt7uk4apfnfnpzui3cwvfij4v7hcxsja"
                      }
                    ],
                    "dedicated_vm_host_id": "",
                    "defined_tags": {},
                    "display_name": "k3s worker template",
                    "extended_metadata": {},
                    "fault_domain": "",
                    "freeform_tags": {},
                    "instance_options": [],
                    "ipxe_script": "",
                    "is_ai_enterprise_enabled": false,
                    "is_pv_encryption_in_transit_enabled": false,
                    "launch_mode": "",
                    "launch_options": [],
                    "licensing_configs": [],
                    "metadata": {
                      "ssh_authorized_keys": "ssh-rsa AAAAB3NzaC1yc2EAAAADAQABAAABgQC/cMRYmDjkr4kmYaLwd0mMOPCSRTrrfgDfT0dLKDk0l1zt0po+rvb0Bcyc/XtIItqNMxiATG6MdTKbQvL66MnwF2mb9/+zUBFecMwJ77coB2zDGUapyuinKNPR0DolQoiQqJr/unPZ4nPmmtB1n0XXWkydg2HdHeoaRYgvNCMvuA+J01Ag3XCdwdb3tyBsppgE4lDdLL2viZdtcGH2a+P3oQE35ZceUzhGXP8YK3+sW6dJA9ZNp6UPq25Z8wFWakPvRmCuq1MJNuWbvBarGKbOKpxQGhG01XFQhrBqD/8tq1bx9kd7KIDXHPMD5CAUH0IMr+2n1xw9sBPp4pJq3+HbMsquBbPwDcHJ6nNDJC5dATG2036CMmRrP3x0xalbqxHOFcNCUPlZL8QomrFf0E/u7+39YU953MWVjI9vL7AHL/qksg0nEjKEF++HxTq4+K7BOhsc6o6qRt6mJQi9aK7oPFQsqwf+t1+vE4A2KEVXnur/amj+U4A3PvUVzI61+CE= swapnilkuwar@Swapnils-MacBook-Pro.local\n",
                      "user_data": "H4sIAAAAAAAA/7RZbVcbN/Z/r3PyHe5/4h7jtPJASPMAdf9Lgkm9ATvF0G0PZefIM3dswViaSBqMS/jueyTNjG0wpOl2eTOe0X346eqne6/EOykMCkNP5jnuwLTIDM+ZMuGUX2OyCyNZiISpeSc46h113w5O+/t7x78FxL7RX1BpLsUObLU3n5AnhNJloSektq2Y0Ckq2hWxTLgY78CrETdLAs65wWsTXlM9wSzTseK5eUKO+BTv+Xn6f+GIi3DE9ISQeILxZST1RgtuCIBgU+w0NmJmIEQTh1JThRkyjfAZxgpz+Hd/76jbgc+gMYGmDoMwHDdbBCDOkInIG7ixj6fPOreEAFx5/18w+0v3eNgb9KPe/sPGa0s35S/nAmDKLqTqNG5WpL5pP3NjXNwfe/qsbccIAE/h7AyCxgJ9AJ0OBKejQpgigPPzXTATFAQAQOaomOFiHOm5NjjtBIUXIwCYPWRqoFicIRxyUVzDENUVqi/alU4nsyreuMaHEIgEUyuTchtsjCcSgg/bQ+BCG5ZlkCsZo9agCiG4GINlQlBLDoY70LhrdXkYjmxw4dgv1w40XLBXJWyIlyXse0BuCSkxRDLmUZzxyIdro2Wptt9929vrRwfHg/5Jt7/fEVJwYVCx2PArBJYbOkZTT4NSIWn5QhXGcjpFkWigc8jnZiLFdvWkOc9BjLm4hoyP3A86lQnVRiGbEgA/ydhkgIKNMvTCBOApTIzJ9U4YjrmZFKN2LKehX4pQxpzGGQ+51gXq8PWr7wnA4d5Jd3gSDd713h32LMELlQE9rM2wnLeXTCnMpb5rsNwIGj7D726N/d/FJ6AKmloqE43mG23LpxZ8BoWWw3bftM82z93nZgt26/W4A+lm5f02cJJ26wONIbiPWLFZibjQqGKfYdbFYcq0QRX6TKPDcmWqZ1tPWsHKfKhefaUsjjE31C5ngikrMnNXonRFy00LdyezjmEepWeY35CesEDxE7xZ3XaJSC19KoYt7Tma4BVmdltUeYpi9madUsm5NxXYmoQXXFyw555abpJTmRQZ6uXd/JUAXi8reXMrDN7Zaj/frAC83Nluv3wE8cuvQZxyG+sZ4ybKRq5UzCY8QzgDowqEc5JIm6Qdl6gsTF4YCBO8CkXhtq7mGQoD9LLm2dZme7O91d7aerPz8sWL7aVM/P+BW6vN1bUaKWSXHgmAzhBz+L7mvAUGqVRw+DYgiRRo0VaVjZDK8r0059JzcT/TP4V9rl1cU65wZqNGAMJCq1Db0inQpDwzqGhuqantHgFtZP5lqTQrbNldTkJWEdYJtzWqKx7jinRSIntUwc2h29+/Nw87UmXWIk+YwaUPdaqdg5apmTGFNFc2aoajpjblSgEXn/588i7ysWIJAp2TstyuLQh+zIE+4NcQXjEVZnIcXshCCWbnrEDzP7Be8KELxxG7PtXY2drcPArgxx99a+EjlVS6STuWIr2veMAzHPI//qz2Iv4KtWHKlF8SWkkSW38fZ9pyUX+cbmtX3FbAWS2SPLrGPpA8N3ZEh8Ou7z5GxbgKRXODZZmc1TKRgXisZJFHBjZswDe4jE3WarWa8COESkoTZjJmWVRptGPugGKZiih/WIzUaahm3Z20dPHJ5Y8HeOJDZ8fc5Pquug99LO1UHQ6jcSRl5nJMEsW2CUMzk+oyiqUQGBuQAuhHt1KX2zqqnORMsanubLQI+atLeN/ct52NgFJdyrac015/eLJ3eBh93DveOxp2gsbNfb2zZ+e3ASHkw/YwKnviurGo8uij7cXltqZc2kfdWoQZM6gNfK66irJtIHVOJ6QQhmdQOtLpoiMYo2lfbus2l/AZqhmsoFt6Afv7ZPCh2++ot+P3v5rrN6fJYLK/f/Din7zItd7Dt/EvSZpf/jzSP70snh98Envph8Gr91fPU33xqv/WWTg9Puw8UCnAti4aKDRWo9naBVeEPLkvtzUkPAEhF2ktlkphbLJ5sy4hz321ILmS1/MoV9LIWGaRNkWa2h7CHlh++AGa3cHBYhekXCQRz3VbTwhe51IZGLzrRe8Oe9He6clPHedPxBjliouY5ywjueJXzKDVcjQr1T7unfzUCbzVERc7DfshIE/hAE08sdyylvdBpmAnYN+rLr5yooELKwRMJLaSKAQjgQlgSrE5qbHImCe609iQMQeNTMUTm8lkoWIEbVQRm0JhQsshSj8VqObUnikh+Pm0e/xb7bHW0zCboELIeIrv5nGGQ8MMdprHp/1+r/++GUBlB5oJM6zNDTp+t3mCwvCUo2oCpYrNqp5hQdCz8ya0CHkKPVtVDIKZKFmMfVDc3Ow8UxenBA3jmbZhQhZPFkilQBjN7YPY7uCKZTZajZvVqJz94/wWSvZUBGpcsTKPvkfjTsXWuvVd6VZJypopT802trGc5oVZiIEtg5RWr5QnzvbqtFfDFCRc5xmbU3eEdMdfj2nFH1nA+1iMMh5DL1+DMXdjEc8fwpdxbeiV4LH+Opj28BF465TnyzBrlxbhgvn/GwDe/F0EtdMVBDYnL421ys1vqcEtMYLGzZKwpUVAFjklaHDfJ5hpHi7JeSvdwcFfaDT773v9X6Ojwf7pYbfjOseMj0LXgYdl9x2K8XXkj66R/9TWslY9HXaPO7PZjNqI/BctyFogL198NRR/krY4ytTZHezXidOfLCbIElRtk2ckkywpLUFjGcIuIfb4WX20pneJreSoovI+AzWwwshdkvMEQlUIb76d82SXkO5gn6zP3h5EKqUpQeAVCqPd7VfpoewWuBQaXr18ves2mrvbi/yhFaTYtUcMHwunWuTliy2/tnS5rwA337iDyYIvlmhL7AH6za0T1O5iCG5ulmVvb3e2Nzdfb8KUXUepTXKdbbDPyPApysJ0tjb1buUIRWJ9eYu360Dpvw+VLcV/BRUByOQ4SqWaMgMjpnkMzYbCqTQYsSRRcNawZiLXRZ5D09lpNqriDA1tmCk0NEZzgzrStiEqfyuMkV9hUitp1JpL4XBB0Kji4fwEldTS94XJAO59rqyvDJVccR6C5q47X8WWn1Emx4uTjN9Httvzo2076ibvbm6UksoprNNwo1Zh1yfU5VbFMZEs1snNKHOnQXjxYtsvQqnCtF4QYXlE4LWJaq5Yi+VCrbP6evNBo1+2eevzpLsHXpsSHtikq7vXbdv1u1uhSFBFTsyuTcrH7XxOUiWnUN5v8KnrvU5wmtu2mJTvUhNyvPevqPcROiBzFBvNu5m++R00VbPVVsiSjAvUGy3S+ziEDpzxtsI8YzFuNH8Xze+azRbUZcVbPSdkGVVkSv9RzswEOtC8M8HmqngtZU+pnhte1I43CZlxM/GwH/bi4QPTMGEiyXDHrddaeeiUMm6ytmUVOFsJK3TqEK53aeNkF2OjZMUiuXSg93FIWg+CLrHO7mMtMc0Ut17vIGqV5JpMZQLfXq/p1tv3P5Hq8vhR/vi1AGoIuX8T4GveLVl/jPjymXJNX/D33Y278FKuY839/VxheEZdA+DK9L27cH/L4BSS+j7p7j+nKH1C/hMAAP//3aGpnfsaAAA="
                    },
                    "placement_constraint_details": [],
                    "platform_config": [],
                    "preemptible_instance_config": [],
                    "preferred_maintenance_action": "",
                    "security_attributes": {},
                    "shape": "VM.Standard.A1.Flex",
                    "shape_config": [
                      {
                        "baseline_ocpu_utilization": "",
                        "local_volume_size_in_gbs": 0,
                        "memory_in_gbs": 6,
                        "nvmes": 0,
                        "ocpus": 1,
                        "resource_management": "",
                        "vcpus": 0
                      }
                    ],
                    "source_details": [
                      {
                        "boot_volume_id": "",
                        "boot_volume_size_in_gbs": "",
                        "boot_volume_vpus_per_gb": "10",
                        "image_id": "ocid1.image.oc1.ap-mumbai-1.aaaaaaaaohman5szirc6pao66iw4xiyi7wrknar66xmy7t3hf7yxx7eoplqa",
                        "instance_source_image_filter_details": [],
                        "kms_key_id": "",
                        "source_type": "image"
                      }
                    ]
                  }
                ],
                "options": [],
                "secondary_vnics": []
              }
            ],
            "instance_id": null,
            "source": null,
            "time_created": "2025-12-06 18:01:58.54 +0000 UTC",
            "timeouts": null
          },
          "sensitive_attributes": [],
          "identity_schema_version": 0,
          "private": "eyJlMmJmYjczMC1lY2FhLTExZTYtOGY4OC0zNDM2M2JjN2M0YzAiOnsiY3JlYXRlIjoxMjAwMDAwMDAwMDAwLCJkZWxldGUiOjEyMDAwMDAwMDAwMDAsInVwZGF0ZSI6MTIwMDAwMDAwMDAwMH19",
          "dependencies": [
            "module.k3s_cluster.data.cloudinit_config.k3s_worker_tpl",
            "module.k3s_cluster.data.http.my_ip",
            "module.k3s_cluster.oci_core_default_security_list.default_security_list",
            "module.k3s_cluster.oci_core_network_security_group.lb_to_instances_http",
            "module.k3s_cluster.oci_core_subnet.default_oci_core_subnet10",
            "module.k3s_cluster.oci_core_subnet.oci_core_subnet11",
            "module.k3s_cluster.oci_core_vcn.default_oci_core_vcn",
            "module.k3s_cluster.oci_load_balancer_load_balancer.k3s_load_balancer",
            "module.k3s_cluster.random_password.k3s_token"
          ],
          "create_before_destroy": true
        }
      ]
    },
    {
      "module": "module.k3s_cluster",
      "mode": "managed",
      "type": "oci_core_instance_pool",
      "name": "k3s_servers",
      "provider": "provider[\"registry.terraform.io/oracle/oci\"]",
      "instances": [
        {
          "schema_version": 0,
          "attributes": {
            "actual_size": 1,
            "compartment_id": "ocid1.compartment.oc1..aaaaaaaarovtmmnbssyvqqehfh5njbi3beaytp2pgyys5ehqhecyl6hnv73q",
            "current_size": null,
            "defined_tags": {
              "Oracle-Tags.CreatedBy": "default/swapnilkuwar1995@gmail.com",
              "Oracle-Tags.CreatedOn": "2025-12-06T18:02:29.880Z"
            },
            "display_name": "k3s-servers",
            "freeform_tags": {
              "environment": "staging",
              "k3s-cluster-name": "k3s-cluster",
              "k3s-instance-type": "k3s-server",
              "k3s-provisioner": "https://github.com/garutilorenzo/k3s-oci-cluster",
              "provisioner": "terraform"
            },
            "id": "ocid1.instancepool.oc1.ap-mumbai-1.aaaaaaaatrpsjltsh2skjuk2kzwubvvqtic3pgampd2rwfcr2jyfrwadiskq",
            "instance_configuration_id": "ocid1.instanceconfiguration.oc1.ap-mumbai-1.aaaaaaaarhpizsvumtyl4strlgibssqjke67gvjov2h33ulqa6tqxsslxaoq",
            "instance_display_name_formatter": null,
            "instance_hostname_formatter": null,
            "lifecycle_management": [],
            "load_balancers": [],
            "placement_configurations": [
              {
                "availability_domain": "mvcG:AP-MUMBAI-1-AD-1",
                "compute_cluster_id": "",
                "fault_domains": [
                  "FAULT-DOMAIN-1",
                  "FAULT-DOMAIN-2",
                  "FAULT-DOMAIN-3"
                ],
                "primary_subnet_id": "ocid1.subnet.oc1.ap-mumbai-1.aaaaaaaamqk4ohc7ljd23yglqjjzyt7uk4apfnfnpzui3cwvfij4v7hcxsja",
                "primary_vnic_subnets": [],
                "secondary_vnic_subnets": []
              }
            ],
            "size": 1,
            "state": "RUNNING",
            "time_created": "2025-12-06 18:02:30.076 +0000 UTC",
            "timeouts": null
          },
          "sensitive_attributes": [],
          "identity_schema_version": 0,
          "private": "eyJlMmJmYjczMC1lY2FhLTExZTYtOGY4OC0zNDM2M2JjN2M0YzAiOnsiY3JlYXRlIjozNjAwMDAwMDAwMDAwLCJkZWxldGUiOjM2MDAwMDAwMDAwMDAsInVwZGF0ZSI6MzYwMDAwMDAwMDAwMH19",
          "dependencies": [
            "module.k3s_cluster.data.cloudinit_config.k3s_server_tpl",
            "module.k3s_cluster.data.http.my_ip",
            "module.k3s_cluster.oci_core_default_security_list.default_security_list",
            "module.k3s_cluster.oci_core_instance_configuration.k3s_server_template",
            "module.k3s_cluster.oci_core_network_security_group.lb_to_instances_kubeapi",
            "module.k3s_cluster.oci_core_network_security_group.public_lb_nsg",
            "module.k3s_cluster.oci_core_subnet.default_oci_core_subnet10",
            "module.k3s_cluster.oci_core_subnet.oci_core_subnet11",
            "module.k3s_cluster.oci_core_vcn.default_oci_core_vcn",
            "module.k3s_cluster.oci_identity_dynamic_group.compute_dynamic_group",
            "module.k3s_cluster.oci_identity_policy.compute_dynamic_group_policy",
            "module.k3s_cluster.oci_load_balancer_load_balancer.k3s_load_balancer",
            "module.k3s_cluster.oci_network_load_balancer_network_load_balancer.k3s_public_lb",
            "module.k3s_cluster.random_password.k3s_token"
          ],
          "create_before_destroy": true
        }
      ]
    },
    {
      "module": "module.k3s_cluster",
      "mode": "managed",
      "type": "oci_core_instance_pool",
      "name": "k3s_workers",
      "provider": "provider[\"registry.terraform.io/oracle/oci\"]",
      "instances": [
        {
          "schema_version": 0,
          "attributes": {
            "actual_size": 3,
            "compartment_id": "ocid1.compartment.oc1..aaaaaaaarovtmmnbssyvqqehfh5njbi3beaytp2pgyys5ehqhecyl6hnv73q",
            "current_size": null,
            "defined_tags": {
              "Oracle-Tags.CreatedBy": "default/swapnilkuwar1995@gmail.com",
              "Oracle-Tags.CreatedOn": "2025-12-06T18:01:58.639Z"
            },
            "display_name": "k3s-workers",
            "freeform_tags": {
              "environment": "staging",
              "k3s-cluster-name": "k3s-cluster",
              "k3s-instance-type": "k3s-worker",
              "k3s-provisioner": "https://github.com/garutilorenzo/k3s-oci-cluster",
              "provisioner": "terraform"
            },
            "id": "ocid1.instancepool.oc1.ap-mumbai-1.aaaaaaaawa3ocrfmlftcwmmir5oezofx2ke4df77ko6afks6f3desooyvxra",
            "instance_configuration_id": "ocid1.instanceconfiguration.oc1.ap-mumbai-1.aaaaaaaagbmn75srv7ca2gbhtb3duemsztzaobvhfhrbo5zvk5vqccejj3vq",
            "instance_display_name_formatter": null,
            "instance_hostname_formatter": null,
            "lifecycle_management": [],
            "load_balancers": [],
            "placement_configurations": [
              {
                "availability_domain": "mvcG:AP-MUMBAI-1-AD-1",
                "compute_cluster_id": "",
                "fault_domains": [
                  "FAULT-DOMAIN-1",
                  "FAULT-DOMAIN-2",
                  "FAULT-DOMAIN-3"
                ],
                "primary_subnet_id": "ocid1.subnet.oc1.ap-mumbai-1.aaaaaaaamqk4ohc7ljd23yglqjjzyt7uk4apfnfnpzui3cwvfij4v7hcxsja",
                "primary_vnic_subnets": [],
                "secondary_vnic_subnets": []
              }
            ],
            "size": 3,
            "state": "RUNNING",
            "time_created": "2025-12-06 18:01:58.934 +0000 UTC",
            "timeouts": null
          },
          "sensitive_attributes": [],
          "identity_schema_version": 0,
          "private": "eyJlMmJmYjczMC1lY2FhLTExZTYtOGY4OC0zNDM2M2JjN2M0YzAiOnsiY3JlYXRlIjozNjAwMDAwMDAwMDAwLCJkZWxldGUiOjM2MDAwMDAwMDAwMDAsInVwZGF0ZSI6MzYwMDAwMDAwMDAwMH19",
          "dependencies": [
            "module.k3s_cluster.data.cloudinit_config.k3s_worker_tpl",
            "module.k3s_cluster.data.http.my_ip",
            "module.k3s_cluster.oci_core_default_security_list.default_security_list",
            "module.k3s_cluster.oci_core_instance_configuration.k3s_worker_template",
            "module.k3s_cluster.oci_core_network_security_group.lb_to_instances_http",
            "module.k3s_cluster.oci_core_subnet.default_oci_core_subnet10",
            "module.k3s_cluster.oci_core_subnet.oci_core_subnet11",
            "module.k3s_cluster.oci_core_vcn.default_oci_core_vcn",
            "module.k3s_cluster.oci_load_balancer_load_balancer.k3s_load_balancer",
            "module.k3s_cluster.random_password.k3s_token"
          ],
          "create_before_destroy": true
        }
      ]
    },
    {
      "module": "module.k3s_cluster",
      "mode": "managed",
      "type": "oci_core_internet_gateway",
      "name": "default_oci_core_internet_gateway",
      "provider": "provider[\"registry.terraform.io/oracle/oci\"]",
      "instances": [
        {
          "schema_version": 0,
          "attributes": {
            "compartment_id": "ocid1.compartment.oc1..aaaaaaaarovtmmnbssyvqqehfh5njbi3beaytp2pgyys5ehqhecyl6hnv73q",
            "defined_tags": {
              "Oracle-Tags.CreatedBy": "default/swapnilkuwar1995@gmail.com",
              "Oracle-Tags.CreatedOn": "2025-12-06T18:01:29.507Z"
            },
            "display_name": "Internet Gateway Default OCI core vcn",
            "enabled": true,
            "freeform_tags": {
              "environment": "staging",
              "k3s-provisioner": "https://github.com/garutilorenzo/k3s-oci-cluster",
              "provisioner": "terraform"
            },
            "id": "ocid1.internetgateway.oc1.ap-mumbai-1.aaaaaaaatzq4jntdwfhokht4vjm7tvr7cp37cwhs2p6qc3ioho6ztgnxr7ta",
            "route_table_id": null,
            "state": "AVAILABLE",
            "time_created": "2025-12-06 18:01:29.542 +0000 UTC",
            "timeouts": null,
            "vcn_id": "ocid1.vcn.oc1.ap-mumbai-1.amaaaaaa56u25dqariq5wqhpmowazadvb5gb7hkowwxh6kpzktoiq4k5ag5a"
          },
          "sensitive_attributes": [],
          "identity_schema_version": 0,
          "private": "eyJlMmJmYjczMC1lY2FhLTExZTYtOGY4OC0zNDM2M2JjN2M0YzAiOnsiY3JlYXRlIjoxMjAwMDAwMDAwMDAwLCJkZWxldGUiOjEyMDAwMDAwMDAwMDAsInVwZGF0ZSI6MTIwMDAwMDAwMDAwMH19",
          "dependencies": [
            "module.k3s_cluster.oci_core_vcn.default_oci_core_vcn"
          ]
        }
      ]
    },
    {
      "module": "module.k3s_cluster",
      "mode": "managed",
      "type": "oci_core_network_security_group",
      "name": "lb_to_instances_http",
      "provider": "provider[\"registry.terraform.io/oracle/oci\"]",
      "instances": [
        {
          "schema_version": 0,
          "attributes": {
            "compartment_id": "ocid1.compartment.oc1..aaaaaaaarovtmmnbssyvqqehfh5njbi3beaytp2pgyys5ehqhecyl6hnv73q",
            "defined_tags": {
              "Oracle-Tags.CreatedBy": "default/swapnilkuwar1995@gmail.com",
              "Oracle-Tags.CreatedOn": "2025-12-06T18:01:29.550Z"
            },
            "display_name": "Public LB to K3s workers Compute Instances NSG",
            "freeform_tags": {
              "environment": "staging",
              "k3s-provisioner": "https://github.com/garutilorenzo/k3s-oci-cluster",
              "provisioner": "terraform"
            },
            "id": "ocid1.networksecuritygroup.oc1.ap-mumbai-1.aaaaaaaa37psf7aq2psnthadeqt4fyicoqrh5p5adx76jzhh4wrcmle6jo6a",
            "state": "AVAILABLE",
            "time_created": "2025-12-06 18:01:29.65 +0000 UTC",
            "timeouts": null,
            "vcn_id": "ocid1.vcn.oc1.ap-mumbai-1.amaaaaaa56u25dqariq5wqhpmowazadvb5gb7hkowwxh6kpzktoiq4k5ag5a"
          },
          "sensitive_attributes": [],
          "identity_schema_version": 0,
          "private": "eyJlMmJmYjczMC1lY2FhLTExZTYtOGY4OC0zNDM2M2JjN2M0YzAiOnsiY3JlYXRlIjoxMjAwMDAwMDAwMDAwLCJkZWxldGUiOjEyMDAwMDAwMDAwMDAsInVwZGF0ZSI6MTIwMDAwMDAwMDAwMH19",
          "dependencies": [
            "module.k3s_cluster.oci_core_vcn.default_oci_core_vcn"
          ],
          "create_before_destroy": true
        }
      ]
    },
    {
      "module": "module.k3s_cluster",
      "mode": "managed",
      "type": "oci_core_network_security_group",
      "name": "lb_to_instances_kubeapi",
      "provider": "provider[\"registry.terraform.io/oracle/oci\"]",
      "instances": [
        {
          "schema_version": 0,
          "attributes": {
            "compartment_id": "ocid1.compartment.oc1..aaaaaaaarovtmmnbssyvqqehfh5njbi3beaytp2pgyys5ehqhecyl6hnv73q",
            "defined_tags": {
              "Oracle-Tags.CreatedBy": "default/swapnilkuwar1995@gmail.com",
              "Oracle-Tags.CreatedOn": "2025-12-06T18:01:29.546Z"
            },
            "display_name": "Public LB to K3s master Compute Instances NSG (kubeapi)",
            "freeform_tags": {
              "environment": "staging",
              "k3s-provisioner": "https://github.com/garutilorenzo/k3s-oci-cluster",
              "provisioner": "terraform"
            },
            "id": "ocid1.networksecuritygroup.oc1.ap-mumbai-1.aaaaaaaaz6bzjhqgasu7occnez4gdj3johdnlbgsxo4xvbtv54e7mp2tyhsq",
            "state": "AVAILABLE",
            "time_created": "2025-12-06 18:01:30.582 +0000 UTC",
            "timeouts": null,
            "vcn_id": "ocid1.vcn.oc1.ap-mumbai-1.amaaaaaa56u25dqariq5wqhpmowazadvb5gb7hkowwxh6kpzktoiq4k5ag5a"
          },
          "sensitive_attributes": [],
          "identity_schema_version": 0,
          "private": "eyJlMmJmYjczMC1lY2FhLTExZTYtOGY4OC0zNDM2M2JjN2M0YzAiOnsiY3JlYXRlIjoxMjAwMDAwMDAwMDAwLCJkZWxldGUiOjEyMDAwMDAwMDAwMDAsInVwZGF0ZSI6MTIwMDAwMDAwMDAwMH19",
          "dependencies": [
            "module.k3s_cluster.oci_core_vcn.default_oci_core_vcn"
          ],
          "create_before_destroy": true
        }
      ]
    },
    {
      "module": "module.k3s_cluster",
      "mode": "managed",
      "type": "oci_core_network_security_group",
      "name": "public_lb_nsg",
      "provider": "provider[\"registry.terraform.io/oracle/oci\"]",
      "instances": [
        {
          "schema_version": 0,
          "attributes": {
            "compartment_id": "ocid1.compartment.oc1..aaaaaaaarovtmmnbssyvqqehfh5njbi3beaytp2pgyys5ehqhecyl6hnv73q",
            "defined_tags": {
              "Oracle-Tags.CreatedBy": "default/swapnilkuwar1995@gmail.com",
              "Oracle-Tags.CreatedOn": "2025-12-06T18:01:29.553Z"
            },
            "display_name": "K3s public LB nsg",
            "freeform_tags": {
              "environment": "staging",
              "k3s-provisioner": "https://github.com/garutilorenzo/k3s-oci-cluster",
              "provisioner": "terraform"
            },
            "id": "ocid1.networksecuritygroup.oc1.ap-mumbai-1.aaaaaaaabexkk7orwxn6dfph7jgo53bgn2jc7ki2dccr3izt6w26ev5u7gqq",
            "state": "AVAILABLE",
            "time_created": "2025-12-06 18:01:29.689 +0000 UTC",
            "timeouts": null,
            "vcn_id": "ocid1.vcn.oc1.ap-mumbai-1.amaaaaaa56u25dqariq5wqhpmowazadvb5gb7hkowwxh6kpzktoiq4k5ag5a"
          },
          "sensitive_attributes": [],
          "identity_schema_version": 0,
          "private": "eyJlMmJmYjczMC1lY2FhLTExZTYtOGY4OC0zNDM2M2JjN2M0YzAiOnsiY3JlYXRlIjoxMjAwMDAwMDAwMDAwLCJkZWxldGUiOjEyMDAwMDAwMDAwMDAsInVwZGF0ZSI6MTIwMDAwMDAwMDAwMH19",
          "dependencies": [
            "module.k3s_cluster.oci_core_vcn.default_oci_core_vcn"
          ],
          "create_before_destroy": true
        }
      ]
    },
    {
      "module": "module.k3s_cluster",
      "mode": "managed",
      "type": "oci_core_network_security_group_security_rule",
      "name": "allow_dns_tcp_from_all",
      "provider": "provider[\"registry.terraform.io/oracle/oci\"]",
      "instances": [
        {
          "schema_version": 0,
          "attributes": {
            "description": "Allow DNS TCP from all",
            "destination": null,
            "destination_type": "",
            "direction": "INGRESS",
            "icmp_options": [],
            "id": "6874C8",
            "is_valid": true,
            "network_security_group_id": "ocid1.networksecuritygroup.oc1.ap-mumbai-1.aaaaaaaabexkk7orwxn6dfph7jgo53bgn2jc7ki2dccr3izt6w26ev5u7gqq",
            "protocol": "6",
            "source": "0.0.0.0/0",
            "source_type": "CIDR_BLOCK",
            "stateless": false,
            "tcp_options": [
              {
                "destination_port_range": [
                  {
                    "max": 53,
                    "min": 53
                  }
                ],
                "source_port_range": []
              }
            ],
            "time_created": "2026-06-09 05:55:23.776 +0000 UTC",
            "timeouts": null,
            "udp_options": []
          },
          "sensitive_attributes": [],
          "identity_schema_version": 0,
          "private": "eyJlMmJmYjczMC1lY2FhLTExZTYtOGY4OC0zNDM2M2JjN2M0YzAiOnsiY3JlYXRlIjoxMjAwMDAwMDAwMDAwLCJkZWxldGUiOjEyMDAwMDAwMDAwMDAsInVwZGF0ZSI6MTIwMDAwMDAwMDAwMH19",
          "dependencies": [
            "module.k3s_cluster.oci_core_network_security_group.public_lb_nsg",
            "module.k3s_cluster.oci_core_vcn.default_oci_core_vcn"
          ]
        }
      ]
    },
    {
      "module": "module.k3s_cluster",
      "mode": "managed",
      "type": "oci_core_network_security_group_security_rule",
      "name": "allow_dns_udp_from_all",
      "provider": "provider[\"registry.terraform.io/oracle/oci\"]",
      "instances": [
        {
          "schema_version": 0,
          "attributes": {
            "description": "Allow DNS UDP from all",
            "destination": null,
            "destination_type": "",
            "direction": "INGRESS",
            "icmp_options": [],
            "id": "760966",
            "is_valid": true,
            "network_security_group_id": "ocid1.networksecuritygroup.oc1.ap-mumbai-1.aaaaaaaabexkk7orwxn6dfph7jgo53bgn2jc7ki2dccr3izt6w26ev5u7gqq",
            "protocol": "17",
            "source": "0.0.0.0/0",
            "source_type": "CIDR_BLOCK",
            "stateless": false,
            "tcp_options": [],
            "time_created": "2026-06-09 05:55:23.621 +0000 UTC",
            "timeouts": null,
            "udp_options": [
              {
                "destination_port_range": [
                  {
                    "max": 53,
                    "min": 53
                  }
                ],
                "source_port_range": []
              }
            ]
          },
          "sensitive_attributes": [],
          "identity_schema_version": 0,
          "private": "eyJlMmJmYjczMC1lY2FhLTExZTYtOGY4OC0zNDM2M2JjN2M0YzAiOnsiY3JlYXRlIjoxMjAwMDAwMDAwMDAwLCJkZWxldGUiOjEyMDAwMDAwMDAwMDAsInVwZGF0ZSI6MTIwMDAwMDAwMDAwMH19",
          "dependencies": [
            "module.k3s_cluster.oci_core_network_security_group.public_lb_nsg",
            "module.k3s_cluster.oci_core_vcn.default_oci_core_vcn"
          ]
        }
      ]
    },
    {
      "module": "module.k3s_cluster",
      "mode": "managed",
      "type": "oci_core_network_security_group_security_rule",
      "name": "allow_http_from_all",
      "provider": "provider[\"registry.terraform.io/oracle/oci\"]",
      "instances": [
        {
          "schema_version": 0,
          "attributes": {
            "description": "Allow HTTP from all",
            "destination": null,
            "destination_type": "",
            "direction": "INGRESS",
            "icmp_options": [],
            "id": "5E662B",
            "is_valid": true,
            "network_security_group_id": "ocid1.networksecuritygroup.oc1.ap-mumbai-1.aaaaaaaabexkk7orwxn6dfph7jgo53bgn2jc7ki2dccr3izt6w26ev5u7gqq",
            "protocol": "6",
            "source": "0.0.0.0/0",
            "source_type": "CIDR_BLOCK",
            "stateless": false,
            "tcp_options": [
              {
                "destination_port_range": [
                  {
                    "max": 80,
                    "min": 80
                  }
                ],
                "source_port_range": []
              }
            ],
            "time_created": "2026-03-18 07:12:44.395 +0000 UTC",
            "timeouts": null,
            "udp_options": []
          },
          "sensitive_attributes": [],
          "identity_schema_version": 0,
          "private": "eyJlMmJmYjczMC1lY2FhLTExZTYtOGY4OC0zNDM2M2JjN2M0YzAiOnsiY3JlYXRlIjoxMjAwMDAwMDAwMDAwLCJkZWxldGUiOjEyMDAwMDAwMDAwMDAsInVwZGF0ZSI6MTIwMDAwMDAwMDAwMH19",
          "dependencies": [
            "module.k3s_cluster.oci_core_network_security_group.public_lb_nsg",
            "module.k3s_cluster.oci_core_vcn.default_oci_core_vcn"
          ]
        }
      ]
    },
    {
      "module": "module.k3s_cluster",
      "mode": "managed",
      "type": "oci_core_network_security_group_security_rule",
      "name": "allow_https_from_all",
      "provider": "provider[\"registry.terraform.io/oracle/oci\"]",
      "instances": [
        {
          "schema_version": 0,
          "attributes": {
            "description": "Allow HTTPS from all",
            "destination": null,
            "destination_type": "",
            "direction": "INGRESS",
            "icmp_options": [],
            "id": "0A9190",
            "is_valid": true,
            "network_security_group_id": "ocid1.networksecuritygroup.oc1.ap-mumbai-1.aaaaaaaabexkk7orwxn6dfph7jgo53bgn2jc7ki2dccr3izt6w26ev5u7gqq",
            "protocol": "6",
            "source": "0.0.0.0/0",
            "source_type": "CIDR_BLOCK",
            "stateless": false,
            "tcp_options": [
              {
                "destination_port_range": [
                  {
                    "max": 443,
                    "min": 443
                  }
                ],
                "source_port_range": []
              }
            ],
            "time_created": "2025-12-06 18:01:30.126 +0000 UTC",
            "timeouts": null,
            "udp_options": []
          },
          "sensitive_attributes": [],
          "identity_schema_version": 0,
          "private": "eyJlMmJmYjczMC1lY2FhLTExZTYtOGY4OC0zNDM2M2JjN2M0YzAiOnsiY3JlYXRlIjoxMjAwMDAwMDAwMDAwLCJkZWxldGUiOjEyMDAwMDAwMDAwMDAsInVwZGF0ZSI6MTIwMDAwMDAwMDAwMH19",
          "dependencies": [
            "module.k3s_cluster.oci_core_network_security_group.public_lb_nsg",
            "module.k3s_cluster.oci_core_vcn.default_oci_core_vcn"
          ]
        }
      ]
    },
    {
      "module": "module.k3s_cluster",
      "mode": "managed",
      "type": "oci_core_network_security_group_security_rule",
      "name": "nsg_to_instances_adguard_tcp",
      "provider": "provider[\"registry.terraform.io/oracle/oci\"]",
      "instances": [
        {
          "schema_version": 0,
          "attributes": {
            "description": "Allow AdGuard TCP NodePort",
            "destination": null,
            "destination_type": "",
            "direction": "INGRESS",
            "icmp_options": [],
            "id": "C24EEE",
            "is_valid": true,
            "network_security_group_id": "ocid1.networksecuritygroup.oc1.ap-mumbai-1.aaaaaaaa37psf7aq2psnthadeqt4fyicoqrh5p5adx76jzhh4wrcmle6jo6a",
            "protocol": "6",
            "source": "ocid1.networksecuritygroup.oc1.ap-mumbai-1.aaaaaaaabexkk7orwxn6dfph7jgo53bgn2jc7ki2dccr3izt6w26ev5u7gqq",
            "source_type": "NETWORK_SECURITY_GROUP",
            "stateless": false,
            "tcp_options": [
              {
                "destination_port_range": [
                  {
                    "max": 30054,
                    "min": 30054
                  }
                ],
                "source_port_range": []
              }
            ],
            "time_created": "2026-06-09 05:55:23.765 +0000 UTC",
            "timeouts": null,
            "udp_options": []
          },
          "sensitive_attributes": [],
          "identity_schema_version": 0,
          "private": "eyJlMmJmYjczMC1lY2FhLTExZTYtOGY4OC0zNDM2M2JjN2M0YzAiOnsiY3JlYXRlIjoxMjAwMDAwMDAwMDAwLCJkZWxldGUiOjEyMDAwMDAwMDAwMDAsInVwZGF0ZSI6MTIwMDAwMDAwMDAwMH19",
          "dependencies": [
            "module.k3s_cluster.oci_core_network_security_group.lb_to_instances_http",
            "module.k3s_cluster.oci_core_network_security_group.public_lb_nsg",
            "module.k3s_cluster.oci_core_vcn.default_oci_core_vcn"
          ]
        }
      ]
    },
    {
      "module": "module.k3s_cluster",
      "mode": "managed",
      "type": "oci_core_network_security_group_security_rule",
      "name": "nsg_to_instances_adguard_udp",
      "provider": "provider[\"registry.terraform.io/oracle/oci\"]",
      "instances": [
        {
          "schema_version": 0,
          "attributes": {
            "description": "Allow AdGuard UDP NodePort",
            "destination": null,
            "destination_type": "",
            "direction": "INGRESS",
            "icmp_options": [],
            "id": "4B78BC",
            "is_valid": true,
            "network_security_group_id": "ocid1.networksecuritygroup.oc1.ap-mumbai-1.aaaaaaaa37psf7aq2psnthadeqt4fyicoqrh5p5adx76jzhh4wrcmle6jo6a",
            "protocol": "17",
            "source": "ocid1.networksecuritygroup.oc1.ap-mumbai-1.aaaaaaaabexkk7orwxn6dfph7jgo53bgn2jc7ki2dccr3izt6w26ev5u7gqq",
            "source_type": "NETWORK_SECURITY_GROUP",
            "stateless": false,
            "tcp_options": [],
            "time_created": "2026-06-09 05:55:23.646 +0000 UTC",
            "timeouts": null,
            "udp_options": [
              {
                "destination_port_range": [
                  {
                    "max": 30055,
                    "min": 30055
                  }
                ],
                "source_port_range": []
              }
            ]
          },
          "sensitive_attributes": [],
          "identity_schema_version": 0,
          "private": "eyJlMmJmYjczMC1lY2FhLTExZTYtOGY4OC0zNDM2M2JjN2M0YzAiOnsiY3JlYXRlIjoxMjAwMDAwMDAwMDAwLCJkZWxldGUiOjEyMDAwMDAwMDAwMDAsInVwZGF0ZSI6MTIwMDAwMDAwMDAwMH19",
          "dependencies": [
            "module.k3s_cluster.oci_core_network_security_group.lb_to_instances_http",
            "module.k3s_cluster.oci_core_network_security_group.public_lb_nsg",
            "module.k3s_cluster.oci_core_vcn.default_oci_core_vcn"
          ]
        }
      ]
    },
    {
      "module": "module.k3s_cluster",
      "mode": "managed",
      "type": "oci_core_network_security_group_security_rule",
      "name": "nsg_to_instances_http",
      "provider": "provider[\"registry.terraform.io/oracle/oci\"]",
      "instances": [
        {
          "schema_version": 0,
          "attributes": {
            "description": "Allow HTTP from all",
            "destination": null,
            "destination_type": "",
            "direction": "INGRESS",
            "icmp_options": [],
            "id": "E04E08",
            "is_valid": true,
            "network_security_group_id": "ocid1.networksecuritygroup.oc1.ap-mumbai-1.aaaaaaaa37psf7aq2psnthadeqt4fyicoqrh5p5adx76jzhh4wrcmle6jo6a",
            "protocol": "6",
            "source": "ocid1.networksecuritygroup.oc1.ap-mumbai-1.aaaaaaaabexkk7orwxn6dfph7jgo53bgn2jc7ki2dccr3izt6w26ev5u7gqq",
            "source_type": "NETWORK_SECURITY_GROUP",
            "stateless": false,
            "tcp_options": [
              {
                "destination_port_range": [
                  {
                    "max": 80,
                    "min": 80
                  }
                ],
                "source_port_range": []
              }
            ],
            "time_created": "2025-12-06 18:01:30.242 +0000 UTC",
            "timeouts": null,
            "udp_options": []
          },
          "sensitive_attributes": [],
          "identity_schema_version": 0,
          "private": "eyJlMmJmYjczMC1lY2FhLTExZTYtOGY4OC0zNDM2M2JjN2M0YzAiOnsiY3JlYXRlIjoxMjAwMDAwMDAwMDAwLCJkZWxldGUiOjEyMDAwMDAwMDAwMDAsInVwZGF0ZSI6MTIwMDAwMDAwMDAwMH19",
          "dependencies": [
            "module.k3s_cluster.oci_core_network_security_group.lb_to_instances_http",
            "module.k3s_cluster.oci_core_network_security_group.public_lb_nsg",
            "module.k3s_cluster.oci_core_vcn.default_oci_core_vcn"
          ]
        }
      ]
    },
    {
      "module": "module.k3s_cluster",
      "mode": "managed",
      "type": "oci_core_network_security_group_security_rule",
      "name": "nsg_to_instances_https",
      "provider": "provider[\"registry.terraform.io/oracle/oci\"]",
      "instances": [
        {
          "schema_version": 0,
          "attributes": {
            "description": "Allow HTTPS from all",
            "destination": null,
            "destination_type": "",
            "direction": "INGRESS",
            "icmp_options": [],
            "id": "F7605D",
            "is_valid": true,
            "network_security_group_id": "ocid1.networksecuritygroup.oc1.ap-mumbai-1.aaaaaaaa37psf7aq2psnthadeqt4fyicoqrh5p5adx76jzhh4wrcmle6jo6a",
            "protocol": "6",
            "source": "ocid1.networksecuritygroup.oc1.ap-mumbai-1.aaaaaaaabexkk7orwxn6dfph7jgo53bgn2jc7ki2dccr3izt6w26ev5u7gqq",
            "source_type": "NETWORK_SECURITY_GROUP",
            "stateless": false,
            "tcp_options": [
              {
                "destination_port_range": [
                  {
                    "max": 443,
                    "min": 443
                  }
                ],
                "source_port_range": []
              }
            ],
            "time_created": "2025-12-06 18:01:30.114 +0000 UTC",
            "timeouts": null,
            "udp_options": []
          },
          "sensitive_attributes": [],
          "identity_schema_version": 0,
          "private": "eyJlMmJmYjczMC1lY2FhLTExZTYtOGY4OC0zNDM2M2JjN2M0YzAiOnsiY3JlYXRlIjoxMjAwMDAwMDAwMDAwLCJkZWxldGUiOjEyMDAwMDAwMDAwMDAsInVwZGF0ZSI6MTIwMDAwMDAwMDAwMH19",
          "dependencies": [
            "module.k3s_cluster.oci_core_network_security_group.lb_to_instances_http",
            "module.k3s_cluster.oci_core_network_security_group.public_lb_nsg",
            "module.k3s_cluster.oci_core_vcn.default_oci_core_vcn"
          ]
        }
      ]
    },
    {
      "module": "module.k3s_cluster",
      "mode": "managed",
      "type": "oci_core_subnet",
      "name": "default_oci_core_subnet10",
      "provider": "provider[\"registry.terraform.io/oracle/oci\"]",
      "instances": [
        {
          "schema_version": 0,
          "attributes": {
            "availability_domain": null,
            "cidr_block": "10.0.0.0/24",
            "compartment_id": "ocid1.compartment.oc1..aaaaaaaarovtmmnbssyvqqehfh5njbi3beaytp2pgyys5ehqhecyl6hnv73q",
            "defined_tags": {
              "Oracle-Tags.CreatedBy": "default/swapnilkuwar1995@gmail.com",
              "Oracle-Tags.CreatedOn": "2025-12-06T18:01:29.916Z"
            },
            "dhcp_options_id": "ocid1.dhcpoptions.oc1.ap-mumbai-1.aaaaaaaabzfauup76todutxys6iljjtndr2e27zmposfuk3myu7fucipxmzq",
            "display_name": "10.0.0.0/24 (default) OCI core subnet",
            "dns_label": "defaultsubnet10",
            "freeform_tags": {
              "environment": "staging",
              "k3s-provisioner": "https://github.com/garutilorenzo/k3s-oci-cluster",
              "provisioner": "terraform"
            },
            "id": "ocid1.subnet.oc1.ap-mumbai-1.aaaaaaaamqk4ohc7ljd23yglqjjzyt7uk4apfnfnpzui3cwvfij4v7hcxsja",
            "ipv4cidr_blocks": [
              "10.0.0.0/24"
            ],
            "ipv6cidr_block": null,
            "ipv6cidr_blocks": [],
            "ipv6virtual_router_ip": null,
            "prohibit_internet_ingress": false,
            "prohibit_public_ip_on_vnic": false,
            "route_table_id": "ocid1.routetable.oc1.ap-mumbai-1.aaaaaaaawnznk35v4qwkolbqjvnsdkl6teqwyzgvsehdoaim4z6omd562vga",
            "security_list_ids": [
              "ocid1.securitylist.oc1.ap-mumbai-1.aaaaaaaa64h4hmgbmv2yfhcix6i6tnfo2isy7utk7ianuxo25ywplpvkoaua"
            ],
            "state": "AVAILABLE",
            "subnet_domain_name": "defaultsubnet10.defaultvcn.oraclevcn.com",
            "time_created": "2025-12-06 18:01:30.309 +0000 UTC",
            "timeouts": null,
            "vcn_id": "ocid1.vcn.oc1.ap-mumbai-1.amaaaaaa56u25dqariq5wqhpmowazadvb5gb7hkowwxh6kpzktoiq4k5ag5a",
            "virtual_router_ip": "10.0.0.1",
            "virtual_router_mac": "00:00:17:EB:9A:A9"
          },
          "sensitive_attributes": [],
          "identity_schema_version": 0,
          "private": "eyJlMmJmYjczMC1lY2FhLTExZTYtOGY4OC0zNDM2M2JjN2M0YzAiOnsiY3JlYXRlIjoxMjAwMDAwMDAwMDAwLCJkZWxldGUiOjEyMDAwMDAwMDAwMDAsInVwZGF0ZSI6MTIwMDAwMDAwMDAwMH19",
          "dependencies": [
            "module.k3s_cluster.data.http.my_ip",
            "module.k3s_cluster.oci_core_default_security_list.default_security_list",
            "module.k3s_cluster.oci_core_vcn.default_oci_core_vcn"
          ],
          "create_before_destroy": true
        }
      ]
    },
    {
      "module": "module.k3s_cluster",
      "mode": "managed",
      "type": "oci_core_subnet",
      "name": "oci_core_subnet11",
      "provider": "provider[\"registry.terraform.io/oracle/oci\"]",
      "instances": [
        {
          "schema_version": 0,
          "attributes": {
            "availability_domain": null,
            "cidr_block": "10.0.1.0/24",
            "compartment_id": "ocid1.compartment.oc1..aaaaaaaarovtmmnbssyvqqehfh5njbi3beaytp2pgyys5ehqhecyl6hnv73q",
            "defined_tags": {
              "Oracle-Tags.CreatedBy": "default/swapnilkuwar1995@gmail.com",
              "Oracle-Tags.CreatedOn": "2025-12-06T18:01:29.945Z"
            },
            "dhcp_options_id": "ocid1.dhcpoptions.oc1.ap-mumbai-1.aaaaaaaabzfauup76todutxys6iljjtndr2e27zmposfuk3myu7fucipxmzq",
            "display_name": "10.0.1.0/24 OCI core subnet",
            "dns_label": "defaultsubnet11",
            "freeform_tags": {
              "environment": "staging",
              "k3s-provisioner": "https://github.com/garutilorenzo/k3s-oci-cluster",
              "provisioner": "terraform"
            },
            "id": "ocid1.subnet.oc1.ap-mumbai-1.aaaaaaaarnbdyfiej6rbx3m3mf5wby7bmx6mx4uy3ejyvwo2ozq5wf3wpluq",
            "ipv4cidr_blocks": [
              "10.0.1.0/24"
            ],
            "ipv6cidr_block": null,
            "ipv6cidr_blocks": [],
            "ipv6virtual_router_ip": null,
            "prohibit_internet_ingress": false,
            "prohibit_public_ip_on_vnic": false,
            "route_table_id": "ocid1.routetable.oc1.ap-mumbai-1.aaaaaaaawnznk35v4qwkolbqjvnsdkl6teqwyzgvsehdoaim4z6omd562vga",
            "security_list_ids": [
              "ocid1.securitylist.oc1.ap-mumbai-1.aaaaaaaa64h4hmgbmv2yfhcix6i6tnfo2isy7utk7ianuxo25ywplpvkoaua"
            ],
            "state": "AVAILABLE",
            "subnet_domain_name": "defaultsubnet11.defaultvcn.oraclevcn.com",
            "time_created": "2025-12-06 18:01:30.698 +0000 UTC",
            "timeouts": null,
            "vcn_id": "ocid1.vcn.oc1.ap-mumbai-1.amaaaaaa56u25dqariq5wqhpmowazadvb5gb7hkowwxh6kpzktoiq4k5ag5a",
            "virtual_router_ip": "10.0.1.1",
            "virtual_router_mac": "00:00:17:EB:9A:A9"
          },
          "sensitive_attributes": [],
          "identity_schema_version": 0,
          "private": "eyJlMmJmYjczMC1lY2FhLTExZTYtOGY4OC0zNDM2M2JjN2M0YzAiOnsiY3JlYXRlIjoxMjAwMDAwMDAwMDAwLCJkZWxldGUiOjEyMDAwMDAwMDAwMDAsInVwZGF0ZSI6MTIwMDAwMDAwMDAwMH19",
          "dependencies": [
            "module.k3s_cluster.data.http.my_ip",
            "module.k3s_cluster.oci_core_default_security_list.default_security_list",
            "module.k3s_cluster.oci_core_vcn.default_oci_core_vcn"
          ],
          "create_before_destroy": true
        }
      ]
    },
    {
      "module": "module.k3s_cluster",
      "mode": "managed",
      "type": "oci_core_vcn",
      "name": "default_oci_core_vcn",
      "provider": "provider[\"registry.terraform.io/oracle/oci\"]",
      "instances": [
        {
          "schema_version": 0,
          "attributes": {
            "byoipv6cidr_blocks": [],
            "byoipv6cidr_details": [],
            "cidr_block": "10.0.0.0/16",
            "cidr_blocks": [
              "10.0.0.0/16"
            ],
            "compartment_id": "ocid1.compartment.oc1..aaaaaaaarovtmmnbssyvqqehfh5njbi3beaytp2pgyys5ehqhecyl6hnv73q",
            "default_dhcp_options_id": "ocid1.dhcpoptions.oc1.ap-mumbai-1.aaaaaaaabzfauup76todutxys6iljjtndr2e27zmposfuk3myu7fucipxmzq",
            "default_route_table_id": "ocid1.routetable.oc1.ap-mumbai-1.aaaaaaaawnznk35v4qwkolbqjvnsdkl6teqwyzgvsehdoaim4z6omd562vga",
            "default_security_list_id": "ocid1.securitylist.oc1.ap-mumbai-1.aaaaaaaa64h4hmgbmv2yfhcix6i6tnfo2isy7utk7ianuxo25ywplpvkoaua",
            "defined_tags": {
              "Oracle-Tags.CreatedBy": "default/swapnilkuwar1995@gmail.com",
              "Oracle-Tags.CreatedOn": "2025-12-06T18:01:28.942Z"
            },
            "display_name": "Default OCI core vcn",
            "dns_label": "defaultvcn",
            "freeform_tags": {
              "environment": "staging",
              "k3s-provisioner": "https://github.com/garutilorenzo/k3s-oci-cluster",
              "provisioner": "terraform"
            },
            "id": "ocid1.vcn.oc1.ap-mumbai-1.amaaaaaa56u25dqariq5wqhpmowazadvb5gb7hkowwxh6kpzktoiq4k5ag5a",
            "ipv6cidr_blocks": [],
            "ipv6private_cidr_blocks": [],
            "is_ipv6enabled": false,
            "is_oracle_gua_allocation_enabled": null,
            "security_attributes": {},
            "state": "AVAILABLE",
            "time_created": "2025-12-06 18:01:29.007 +0000 UTC",
            "timeouts": null,
            "vcn_domain_name": "defaultvcn.oraclevcn.com"
          },
          "sensitive_attributes": [],
          "identity_schema_version": 0,
          "private": "eyJlMmJmYjczMC1lY2FhLTExZTYtOGY4OC0zNDM2M2JjN2M0YzAiOnsiY3JlYXRlIjoxMjAwMDAwMDAwMDAwLCJkZWxldGUiOjEyMDAwMDAwMDAwMDAsInVwZGF0ZSI6MTIwMDAwMDAwMDAwMH19",
          "create_before_destroy": true
        }
      ]
    },
    {
      "module": "module.k3s_cluster",
      "mode": "managed",
      "type": "oci_identity_dynamic_group",
      "name": "compute_dynamic_group",
      "provider": "provider[\"registry.terraform.io/oracle/oci\"]",
      "instances": [
        {
          "schema_version": 0,
          "attributes": {
            "compartment_id": "ocid1.tenancy.oc1..aaaaaaaav3adgp5nbosqr3aq62572k4oqgbncssrcogouzskw5irpvvmke3a",
            "defined_tags": {
              "Oracle-Tags.CreatedBy": "default/swapnilkuwar1995@gmail.com",
              "Oracle-Tags.CreatedOn": "2025-12-06T18:01:29.121Z"
            },
            "description": "Dynamic group which contains all instance in this compartment",
            "freeform_tags": {
              "environment": "staging",
              "k3s-provisioner": "https://github.com/garutilorenzo/k3s-oci-cluster",
              "provisioner": "terraform"
            },
            "id": "ocid1.dynamicgroup.oc1..aaaaaaaa45pzkfafu2z3ku5wqeo7y5agafnmx4vyr2erv3ek6m3sfh7w3yjq",
            "inactive_state": null,
            "matching_rule": "All {instance.compartment.id = 'ocid1.compartment.oc1..aaaaaaaarovtmmnbssyvqqehfh5njbi3beaytp2pgyys5ehqhecyl6hnv73q'}",
            "name": "Compute_Dynamic_Group",
            "state": "ACTIVE",
            "time_created": "2025-12-06 18:01:29.658 +0000 UTC",
            "timeouts": null
          },
          "sensitive_attributes": [],
          "identity_schema_version": 0,
          "private": "eyJlMmJmYjczMC1lY2FhLTExZTYtOGY4OC0zNDM2M2JjN2M0YzAiOnsiY3JlYXRlIjoxMjAwMDAwMDAwMDAwLCJkZWxldGUiOjEyMDAwMDAwMDAwMDAsInVwZGF0ZSI6MTIwMDAwMDAwMDAwMH19",
          "create_before_destroy": true
        }
      ]
    },
    {
      "module": "module.k3s_cluster",
      "mode": "managed",
      "type": "oci_identity_policy",
      "name": "compute_dynamic_group_policy",
      "provider": "provider[\"registry.terraform.io/oracle/oci\"]",
      "instances": [
        {
          "schema_version": 0,
          "attributes": {
            "ETag": "1795e1f39bf0117cf809707fe7f0d87598f4fa1c",
            "compartment_id": "ocid1.compartment.oc1..aaaaaaaarovtmmnbssyvqqehfh5njbi3beaytp2pgyys5ehqhecyl6hnv73q",
            "defined_tags": {
              "Oracle-Tags.CreatedBy": "default/swapnilkuwar1995@gmail.com",
              "Oracle-Tags.CreatedOn": "2025-12-06T18:01:30.095Z"
            },
            "description": "Policy to allow dynamic group Compute_Dynamic_Group to read instance-family and compute-management-family in the compartment",
            "freeform_tags": {
              "environment": "staging",
              "k3s-provisioner": "https://github.com/garutilorenzo/k3s-oci-cluster",
              "provisioner": "terraform"
            },
            "id": "ocid1.policy.oc1..aaaaaaaaive4acujafltgmn26v36kfezzyn4mqbaadqpngmmpfcr3m5ebv5q",
            "inactive_state": null,
            "lastUpdateETag": "1795e1f39bf0117cf809707fe7f0d87598f4fa1c",
            "name": "Compute_To_Oci_Api_Policy",
            "policyHash": "2e024023ed38c0a5d36fd5ed0686ac3e",
            "state": "ACTIVE",
            "statements": [
              "allow dynamic-group Compute_Dynamic_Group to read instance-family in compartment id ocid1.compartment.oc1..aaaaaaaarovtmmnbssyvqqehfh5njbi3beaytp2pgyys5ehqhecyl6hnv73q",
              "allow dynamic-group Compute_Dynamic_Group to read compute-management-family in compartment id ocid1.compartment.oc1..aaaaaaaarovtmmnbssyvqqehfh5njbi3beaytp2pgyys5ehqhecyl6hnv73q"
            ],
            "time_created": "2025-12-06 18:01:30.132 +0000 UTC",
            "timeouts": null,
            "version_date": null
          },
          "sensitive_attributes": [],
          "identity_schema_version": 0,
          "private": "eyJlMmJmYjczMC1lY2FhLTExZTYtOGY4OC0zNDM2M2JjN2M0YzAiOnsiY3JlYXRlIjoxMjAwMDAwMDAwMDAwLCJkZWxldGUiOjEyMDAwMDAwMDAwMDAsInVwZGF0ZSI6MTIwMDAwMDAwMDAwMH19",
          "dependencies": [
            "module.k3s_cluster.oci_identity_dynamic_group.compute_dynamic_group"
          ],
          "create_before_destroy": true
        }
      ]
    },
    {
      "module": "module.k3s_cluster",
      "mode": "managed",
      "type": "oci_load_balancer_backend",
      "name": "k3s_kube_api_backend",
      "provider": "provider[\"registry.terraform.io/oracle/oci\"]",
      "instances": [
        {
          "index_key": 0,
          "schema_version": 0,
          "attributes": {
            "backendset_name": "K3s__kube_api_backend_set",
            "backup": false,
            "drain": false,
            "id": "loadBalancers/ocid1.loadbalancer.oc1.ap-mumbai-1.aaaaaaaa6u4kpmzbg3bthjfku6ufhlkupoxlpwfuk2rcfajazavwj3gjkjtq/backendSets/K3s__kube_api_backend_set/backends/10.0.0.27:6443",
            "ip_address": "10.0.0.27",
            "load_balancer_id": "ocid1.loadbalancer.oc1.ap-mumbai-1.aaaaaaaa6u4kpmzbg3bthjfku6ufhlkupoxlpwfuk2rcfajazavwj3gjkjtq",
            "max_connections": null,
            "name": "10.0.0.27:6443",
            "offline": false,
            "port": 6443,
            "state": "SUCCEEDED",
            "timeouts": null,
            "weight": 1
          },
          "sensitive_attributes": [],
          "identity_schema_version": 0,
          "private": "eyJlMmJmYjczMC1lY2FhLTExZTYtOGY4OC0zNDM2M2JjN2M0YzAiOnsiY3JlYXRlIjoxMjAwMDAwMDAwMDAwLCJkZWxldGUiOjEyMDAwMDAwMDAwMDAsInVwZGF0ZSI6MTIwMDAwMDAwMDAwMH19",
          "dependencies": [
            "module.k3s_cluster.data.cloudinit_config.k3s_server_tpl",
            "module.k3s_cluster.data.http.my_ip",
            "module.k3s_cluster.data.oci_core_instance.k3s_servers_instances_ips",
            "module.k3s_cluster.data.oci_core_instance_pool_instances.k3s_servers_instances",
            "module.k3s_cluster.oci_core_default_security_list.default_security_list",
            "module.k3s_cluster.oci_core_instance_configuration.k3s_server_template",
            "module.k3s_cluster.oci_core_instance_pool.k3s_servers",
            "module.k3s_cluster.oci_core_network_security_group.lb_to_instances_kubeapi",
            "module.k3s_cluster.oci_core_network_security_group.public_lb_nsg",
            "module.k3s_cluster.oci_core_subnet.default_oci_core_subnet10",
            "module.k3s_cluster.oci_core_subnet.oci_core_subnet11",
            "module.k3s_cluster.oci_core_vcn.default_oci_core_vcn",
            "module.k3s_cluster.oci_identity_dynamic_group.compute_dynamic_group",
            "module.k3s_cluster.oci_identity_policy.compute_dynamic_group_policy",
            "module.k3s_cluster.oci_load_balancer_backend_set.k3s_kube_api_backend_set",
            "module.k3s_cluster.oci_load_balancer_load_balancer.k3s_load_balancer",
            "module.k3s_cluster.oci_network_load_balancer_network_load_balancer.k3s_public_lb",
            "module.k3s_cluster.random_password.k3s_token"
          ]
        }
      ]
    },
    {
      "module": "module.k3s_cluster",
      "mode": "managed",
      "type": "oci_load_balancer_backend_set",
      "name": "k3s_kube_api_backend_set",
      "provider": "provider[\"registry.terraform.io/oracle/oci\"]",
      "instances": [
        {
          "schema_version": 0,
          "attributes": {
            "backend": [
              {
                "backup": false,
                "drain": false,
                "ip_address": "10.0.0.27",
                "max_connections": 0,
                "name": "10.0.0.27:6443",
                "offline": false,
                "port": 6443,
                "weight": 1
              }
            ],
            "backend_max_connections": null,
            "health_checker": [
              {
                "interval_ms": 30000,
                "is_force_plain_text": false,
                "port": 6443,
                "protocol": "TCP",
                "response_body_regex": ".*",
                "retries": 3,
                "return_code": 200,
                "timeout_in_millis": 3000,
                "url_path": ""
              }
            ],
            "id": "loadBalancers/ocid1.loadbalancer.oc1.ap-mumbai-1.aaaaaaaa6u4kpmzbg3bthjfku6ufhlkupoxlpwfuk2rcfajazavwj3gjkjtq/backendSets/K3s__kube_api_backend_set",
            "lb_cookie_session_persistence_configuration": [],
            "load_balancer_id": "ocid1.loadbalancer.oc1.ap-mumbai-1.aaaaaaaa6u4kpmzbg3bthjfku6ufhlkupoxlpwfuk2rcfajazavwj3gjkjtq",
            "name": "K3s__kube_api_backend_set",
            "policy": "ROUND_ROBIN",
            "session_persistence_configuration": [],
            "ssl_configuration": [],
            "state": "SUCCEEDED",
            "timeouts": null
          },
          "sensitive_attributes": [],
          "identity_schema_version": 0,
          "private": "eyJlMmJmYjczMC1lY2FhLTExZTYtOGY4OC0zNDM2M2JjN2M0YzAiOnsiY3JlYXRlIjoxMjAwMDAwMDAwMDAwLCJkZWxldGUiOjEyMDAwMDAwMDAwMDAsInVwZGF0ZSI6MTIwMDAwMDAwMDAwMH19",
          "dependencies": [
            "module.k3s_cluster.data.http.my_ip",
            "module.k3s_cluster.oci_core_default_security_list.default_security_list",
            "module.k3s_cluster.oci_core_subnet.oci_core_subnet11",
            "module.k3s_cluster.oci_core_vcn.default_oci_core_vcn",
            "module.k3s_cluster.oci_load_balancer_load_balancer.k3s_load_balancer"
          ]
        }
      ]
    },
    {
      "module": "module.k3s_cluster",
      "mode": "managed",
      "type": "oci_load_balancer_listener",
      "name": "k3s_kube_api_listener",
      "provider": "provider[\"registry.terraform.io/oracle/oci\"]",
      "instances": [
        {
          "schema_version": 0,
          "attributes": {
            "connection_configuration": [
              {
                "backend_tcp_proxy_protocol_options": [],
                "backend_tcp_proxy_protocol_version": 0,
                "idle_timeout_in_seconds": "300"
              }
            ],
            "default_backend_set_name": "K3s__kube_api_backend_set",
            "hostname_names": [],
            "id": "loadBalancers/ocid1.loadbalancer.oc1.ap-mumbai-1.aaaaaaaa6u4kpmzbg3bthjfku6ufhlkupoxlpwfuk2rcfajazavwj3gjkjtq/listeners/K3s__kube_api_listener",
            "load_balancer_id": "ocid1.loadbalancer.oc1.ap-mumbai-1.aaaaaaaa6u4kpmzbg3bthjfku6ufhlkupoxlpwfuk2rcfajazavwj3gjkjtq",
            "name": "K3s__kube_api_listener",
            "path_route_set_name": null,
            "port": 6443,
            "protocol": "TCP",
            "routing_policy_name": null,
            "rule_set_names": [],
            "ssl_configuration": [],
            "state": "SUCCEEDED",
            "timeouts": null
          },
          "sensitive_attributes": [],
          "identity_schema_version": 0,
          "private": "eyJlMmJmYjczMC1lY2FhLTExZTYtOGY4OC0zNDM2M2JjN2M0YzAiOnsiY3JlYXRlIjoxMjAwMDAwMDAwMDAwLCJkZWxldGUiOjEyMDAwMDAwMDAwMDAsInVwZGF0ZSI6MTIwMDAwMDAwMDAwMH19",
          "dependencies": [
            "module.k3s_cluster.data.http.my_ip",
            "module.k3s_cluster.oci_core_default_security_list.default_security_list",
            "module.k3s_cluster.oci_core_subnet.oci_core_subnet11",
            "module.k3s_cluster.oci_core_vcn.default_oci_core_vcn",
            "module.k3s_cluster.oci_load_balancer_backend_set.k3s_kube_api_backend_set",
            "module.k3s_cluster.oci_load_balancer_load_balancer.k3s_load_balancer"
          ]
        }
      ]
    },
    {
      "module": "module.k3s_cluster",
      "mode": "managed",
      "type": "oci_load_balancer_load_balancer",
      "name": "k3s_load_balancer",
      "provider": "provider[\"registry.terraform.io/oracle/oci\"]",
      "instances": [
        {
          "schema_version": 0,
          "attributes": {
            "compartment_id": "ocid1.compartment.oc1..aaaaaaaarovtmmnbssyvqqehfh5njbi3beaytp2pgyys5ehqhecyl6hnv73q",
            "defined_tags": {
              "Oracle-Tags.CreatedBy": "default/swapnilkuwar1995@gmail.com",
              "Oracle-Tags.CreatedOn": "2025-12-06T18:01:34.574Z"
            },
            "display_name": "k3s internal load balancer",
            "freeform_tags": {
              "environment": "staging",
              "k3s-provisioner": "https://github.com/garutilorenzo/k3s-oci-cluster",
              "provisioner": "terraform"
            },
            "id": "ocid1.loadbalancer.oc1.ap-mumbai-1.aaaaaaaa6u4kpmzbg3bthjfku6ufhlkupoxlpwfuk2rcfajazavwj3gjkjtq",
            "ip_address_details": [
              {
                "ip_address": "10.0.1.119",
                "is_public": false,
                "reserved_ip": []
              }
            ],
            "ip_addresses": [
              "10.0.1.119"
            ],
            "ip_mode": "IPV4",
            "ipv6subnet_cidr": null,
            "is_delete_protection_enabled": null,
            "is_private": true,
            "is_request_id_enabled": null,
            "network_security_group_ids": [],
            "request_id_header": null,
            "reserved_ips": [],
            "security_attributes": {},
            "shape": "flexible",
            "shape_details": [
              {
                "maximum_bandwidth_in_mbps": 10,
                "minimum_bandwidth_in_mbps": 10
              }
            ],
            "state": "ACTIVE",
            "subnet_ids": [
              "ocid1.subnet.oc1.ap-mumbai-1.aaaaaaaarnbdyfiej6rbx3m3mf5wby7bmx6mx4uy3ejyvwo2ozq5wf3wpluq"
            ],
            "system_tags": {},
            "time_created": "2025-12-06 18:01:34.811 +0000 UTC",
            "timeouts": null
          },
          "sensitive_attributes": [],
          "identity_schema_version": 0,
          "private": "eyJlMmJmYjczMC1lY2FhLTExZTYtOGY4OC0zNDM2M2JjN2M0YzAiOnsiY3JlYXRlIjoxMjAwMDAwMDAwMDAwLCJkZWxldGUiOjEyMDAwMDAwMDAwMDAsInVwZGF0ZSI6MTIwMDAwMDAwMDAwMH19",
          "dependencies": [
            "module.k3s_cluster.data.http.my_ip",
            "module.k3s_cluster.oci_core_default_security_list.default_security_list",
            "module.k3s_cluster.oci_core_subnet.oci_core_subnet11",
            "module.k3s_cluster.oci_core_vcn.default_oci_core_vcn"
          ],
          "create_before_destroy": true
        }
      ]
    },
    {
      "module": "module.k3s_cluster",
      "mode": "managed",
      "type": "oci_network_load_balancer_backend",
      "name": "adguard_tcp_backend",
      "provider": "provider[\"registry.terraform.io/oracle/oci\"]",
      "instances": [
        {
          "index_key": 0,
          "schema_version": 0,
          "attributes": {
            "backend_set_name": "adguard_tcp_backend",
            "id": "networkLoadBalancers/ocid1.networkloadbalancer.oc1.ap-mumbai-1.amaaaaaa56u25dqar4ekliozcaqmfdz2xeuuqexdn3dnybjna2zq46vr5lbq/backendSets/adguard_tcp_backend/backends/ocid1.instance.oc1.ap-mumbai-1.anrg6ljr56u25dqchrss3pfyzdem6rtgugvobindcalkpov6xpep7u7vyo4a:30054",
            "ip_address": "10.0.0.172",
            "is_backup": false,
            "is_drain": false,
            "is_offline": false,
            "name": "ocid1.instance.oc1.ap-mumbai-1.anrg6ljr56u25dqchrss3pfyzdem6rtgugvobindcalkpov6xpep7u7vyo4a:30054",
            "network_load_balancer_id": "ocid1.networkloadbalancer.oc1.ap-mumbai-1.amaaaaaa56u25dqar4ekliozcaqmfdz2xeuuqexdn3dnybjna2zq46vr5lbq",
            "port": 30054,
            "target_id": "ocid1.instance.oc1.ap-mumbai-1.anrg6ljr56u25dqchrss3pfyzdem6rtgugvobindcalkpov6xpep7u7vyo4a",
            "timeouts": null,
            "weight": 1
          },
          "sensitive_attributes": [],
          "identity_schema_version": 0,
          "private": "eyJlMmJmYjczMC1lY2FhLTExZTYtOGY4OC0zNDM2M2JjN2M0YzAiOnsiY3JlYXRlIjoxMjAwMDAwMDAwMDAwLCJkZWxldGUiOjEyMDAwMDAwMDAwMDAsInVwZGF0ZSI6MTIwMDAwMDAwMDAwMH19",
          "dependencies": [
            "module.k3s_cluster.data.cloudinit_config.k3s_worker_tpl",
            "module.k3s_cluster.data.http.my_ip",
            "module.k3s_cluster.data.oci_core_instance_pool_instances.k3s_workers_instances",
            "module.k3s_cluster.oci_core_default_security_list.default_security_list",
            "module.k3s_cluster.oci_core_instance_configuration.k3s_worker_template",
            "module.k3s_cluster.oci_core_instance_pool.k3s_workers",
            "module.k3s_cluster.oci_core_network_security_group.lb_to_instances_http",
            "module.k3s_cluster.oci_core_network_security_group.public_lb_nsg",
            "module.k3s_cluster.oci_core_subnet.default_oci_core_subnet10",
            "module.k3s_cluster.oci_core_subnet.oci_core_subnet11",
            "module.k3s_cluster.oci_core_vcn.default_oci_core_vcn",
            "module.k3s_cluster.oci_load_balancer_load_balancer.k3s_load_balancer",
            "module.k3s_cluster.oci_network_load_balancer_backend_set.adguard_tcp_backend_set",
            "module.k3s_cluster.oci_network_load_balancer_network_load_balancer.k3s_public_lb",
            "module.k3s_cluster.random_password.k3s_token"
          ]
        },
        {
          "index_key": 1,
          "schema_version": 0,
          "attributes": {
            "backend_set_name": "adguard_tcp_backend",
            "id": "networkLoadBalancers/ocid1.networkloadbalancer.oc1.ap-mumbai-1.amaaaaaa56u25dqar4ekliozcaqmfdz2xeuuqexdn3dnybjna2zq46vr5lbq/backendSets/adguard_tcp_backend/backends/ocid1.instance.oc1.ap-mumbai-1.anrg6ljr56u25dqc6cubj76nu4rkqwiazafyoiolg3anbrcpavwcoziz6qja:30054",
            "ip_address": "10.0.0.214",
            "is_backup": false,
            "is_drain": false,
            "is_offline": false,
            "name": "ocid1.instance.oc1.ap-mumbai-1.anrg6ljr56u25dqc6cubj76nu4rkqwiazafyoiolg3anbrcpavwcoziz6qja:30054",
            "network_load_balancer_id": "ocid1.networkloadbalancer.oc1.ap-mumbai-1.amaaaaaa56u25dqar4ekliozcaqmfdz2xeuuqexdn3dnybjna2zq46vr5lbq",
            "port": 30054,
            "target_id": "ocid1.instance.oc1.ap-mumbai-1.anrg6ljr56u25dqc6cubj76nu4rkqwiazafyoiolg3anbrcpavwcoziz6qja",
            "timeouts": null,
            "weight": 1
          },
          "sensitive_attributes": [],
          "identity_schema_version": 0,
          "private": "eyJlMmJmYjczMC1lY2FhLTExZTYtOGY4OC0zNDM2M2JjN2M0YzAiOnsiY3JlYXRlIjoxMjAwMDAwMDAwMDAwLCJkZWxldGUiOjEyMDAwMDAwMDAwMDAsInVwZGF0ZSI6MTIwMDAwMDAwMDAwMH19",
          "dependencies": [
            "module.k3s_cluster.data.cloudinit_config.k3s_worker_tpl",
            "module.k3s_cluster.data.http.my_ip",
            "module.k3s_cluster.data.oci_core_instance_pool_instances.k3s_workers_instances",
            "module.k3s_cluster.oci_core_default_security_list.default_security_list",
            "module.k3s_cluster.oci_core_instance_configuration.k3s_worker_template",
            "module.k3s_cluster.oci_core_instance_pool.k3s_workers",
            "module.k3s_cluster.oci_core_network_security_group.lb_to_instances_http",
            "module.k3s_cluster.oci_core_network_security_group.public_lb_nsg",
            "module.k3s_cluster.oci_core_subnet.default_oci_core_subnet10",
            "module.k3s_cluster.oci_core_subnet.oci_core_subnet11",
            "module.k3s_cluster.oci_core_vcn.default_oci_core_vcn",
            "module.k3s_cluster.oci_load_balancer_load_balancer.k3s_load_balancer",
            "module.k3s_cluster.oci_network_load_balancer_backend_set.adguard_tcp_backend_set",
            "module.k3s_cluster.oci_network_load_balancer_network_load_balancer.k3s_public_lb",
            "module.k3s_cluster.random_password.k3s_token"
          ]
        },
        {
          "index_key": 2,
          "schema_version": 0,
          "attributes": {
            "backend_set_name": "adguard_tcp_backend",
            "id": "networkLoadBalancers/ocid1.networkloadbalancer.oc1.ap-mumbai-1.amaaaaaa56u25dqar4ekliozcaqmfdz2xeuuqexdn3dnybjna2zq46vr5lbq/backendSets/adguard_tcp_backend/backends/ocid1.instance.oc1.ap-mumbai-1.anrg6ljr56u25dqcgcmmnmrn5x5ncs3blk3mkovcewea26467r2ro7yl2oxa:30054",
            "ip_address": "10.0.0.85",
            "is_backup": false,
            "is_drain": false,
            "is_offline": false,
            "name": "ocid1.instance.oc1.ap-mumbai-1.anrg6ljr56u25dqcgcmmnmrn5x5ncs3blk3mkovcewea26467r2ro7yl2oxa:30054",
            "network_load_balancer_id": "ocid1.networkloadbalancer.oc1.ap-mumbai-1.amaaaaaa56u25dqar4ekliozcaqmfdz2xeuuqexdn3dnybjna2zq46vr5lbq",
            "port": 30054,
            "target_id": "ocid1.instance.oc1.ap-mumbai-1.anrg6ljr56u25dqcgcmmnmrn5x5ncs3blk3mkovcewea26467r2ro7yl2oxa",
            "timeouts": null,
            "weight": 1
          },
          "sensitive_attributes": [],
          "identity_schema_version": 0,
          "private": "eyJlMmJmYjczMC1lY2FhLTExZTYtOGY4OC0zNDM2M2JjN2M0YzAiOnsiY3JlYXRlIjoxMjAwMDAwMDAwMDAwLCJkZWxldGUiOjEyMDAwMDAwMDAwMDAsInVwZGF0ZSI6MTIwMDAwMDAwMDAwMH19",
          "dependencies": [
            "module.k3s_cluster.data.cloudinit_config.k3s_worker_tpl",
            "module.k3s_cluster.data.http.my_ip",
            "module.k3s_cluster.data.oci_core_instance_pool_instances.k3s_workers_instances",
            "module.k3s_cluster.oci_core_default_security_list.default_security_list",
            "module.k3s_cluster.oci_core_instance_configuration.k3s_worker_template",
            "module.k3s_cluster.oci_core_instance_pool.k3s_workers",
            "module.k3s_cluster.oci_core_network_security_group.lb_to_instances_http",
            "module.k3s_cluster.oci_core_network_security_group.public_lb_nsg",
            "module.k3s_cluster.oci_core_subnet.default_oci_core_subnet10",
            "module.k3s_cluster.oci_core_subnet.oci_core_subnet11",
            "module.k3s_cluster.oci_core_vcn.default_oci_core_vcn",
            "module.k3s_cluster.oci_load_balancer_load_balancer.k3s_load_balancer",
            "module.k3s_cluster.oci_network_load_balancer_backend_set.adguard_tcp_backend_set",
            "module.k3s_cluster.oci_network_load_balancer_network_load_balancer.k3s_public_lb",
            "module.k3s_cluster.random_password.k3s_token"
          ]
        }
      ]
    },
    {
      "module": "module.k3s_cluster",
      "mode": "managed",
      "type": "oci_network_load_balancer_backend",
      "name": "adguard_udp_backend",
      "provider": "provider[\"registry.terraform.io/oracle/oci\"]",
      "instances": [
        {
          "index_key": 0,
          "schema_version": 0,
          "attributes": {
            "backend_set_name": "adguard_udp_backend",
            "id": "networkLoadBalancers/ocid1.networkloadbalancer.oc1.ap-mumbai-1.amaaaaaa56u25dqar4ekliozcaqmfdz2xeuuqexdn3dnybjna2zq46vr5lbq/backendSets/adguard_udp_backend/backends/ocid1.instance.oc1.ap-mumbai-1.anrg6ljr56u25dqchrss3pfyzdem6rtgugvobindcalkpov6xpep7u7vyo4a:30055",
            "ip_address": "10.0.0.172",
            "is_backup": false,
            "is_drain": false,
            "is_offline": false,
            "name": "ocid1.instance.oc1.ap-mumbai-1.anrg6ljr56u25dqchrss3pfyzdem6rtgugvobindcalkpov6xpep7u7vyo4a:30055",
            "network_load_balancer_id": "ocid1.networkloadbalancer.oc1.ap-mumbai-1.amaaaaaa56u25dqar4ekliozcaqmfdz2xeuuqexdn3dnybjna2zq46vr5lbq",
            "port": 30055,
            "target_id": "ocid1.instance.oc1.ap-mumbai-1.anrg6ljr56u25dqchrss3pfyzdem6rtgugvobindcalkpov6xpep7u7vyo4a",
            "timeouts": null,
            "weight": 1
          },
          "sensitive_attributes": [],
          "identity_schema_version": 0,
          "private": "eyJlMmJmYjczMC1lY2FhLTExZTYtOGY4OC0zNDM2M2JjN2M0YzAiOnsiY3JlYXRlIjoxMjAwMDAwMDAwMDAwLCJkZWxldGUiOjEyMDAwMDAwMDAwMDAsInVwZGF0ZSI6MTIwMDAwMDAwMDAwMH19",
          "dependencies": [
            "module.k3s_cluster.data.cloudinit_config.k3s_worker_tpl",
            "module.k3s_cluster.data.http.my_ip",
            "module.k3s_cluster.data.oci_core_instance_pool_instances.k3s_workers_instances",
            "module.k3s_cluster.oci_core_default_security_list.default_security_list",
            "module.k3s_cluster.oci_core_instance_configuration.k3s_worker_template",
            "module.k3s_cluster.oci_core_instance_pool.k3s_workers",
            "module.k3s_cluster.oci_core_network_security_group.lb_to_instances_http",
            "module.k3s_cluster.oci_core_network_security_group.public_lb_nsg",
            "module.k3s_cluster.oci_core_subnet.default_oci_core_subnet10",
            "module.k3s_cluster.oci_core_subnet.oci_core_subnet11",
            "module.k3s_cluster.oci_core_vcn.default_oci_core_vcn",
            "module.k3s_cluster.oci_load_balancer_load_balancer.k3s_load_balancer",
            "module.k3s_cluster.oci_network_load_balancer_backend_set.adguard_udp_backend_set",
            "module.k3s_cluster.oci_network_load_balancer_network_load_balancer.k3s_public_lb",
            "module.k3s_cluster.random_password.k3s_token"
          ]
        },
        {
          "index_key": 1,
          "schema_version": 0,
          "attributes": {
            "backend_set_name": "adguard_udp_backend",
            "id": "networkLoadBalancers/ocid1.networkloadbalancer.oc1.ap-mumbai-1.amaaaaaa56u25dqar4ekliozcaqmfdz2xeuuqexdn3dnybjna2zq46vr5lbq/backendSets/adguard_udp_backend/backends/ocid1.instance.oc1.ap-mumbai-1.anrg6ljr56u25dqc6cubj76nu4rkqwiazafyoiolg3anbrcpavwcoziz6qja:30055",
            "ip_address": "10.0.0.214",
            "is_backup": false,
            "is_drain": false,
            "is_offline": false,
            "name": "ocid1.instance.oc1.ap-mumbai-1.anrg6ljr56u25dqc6cubj76nu4rkqwiazafyoiolg3anbrcpavwcoziz6qja:30055",
            "network_load_balancer_id": "ocid1.networkloadbalancer.oc1.ap-mumbai-1.amaaaaaa56u25dqar4ekliozcaqmfdz2xeuuqexdn3dnybjna2zq46vr5lbq",
            "port": 30055,
            "target_id": "ocid1.instance.oc1.ap-mumbai-1.anrg6ljr56u25dqc6cubj76nu4rkqwiazafyoiolg3anbrcpavwcoziz6qja",
            "timeouts": null,
            "weight": 1
          },
          "sensitive_attributes": [],
          "identity_schema_version": 0,
          "private": "eyJlMmJmYjczMC1lY2FhLTExZTYtOGY4OC0zNDM2M2JjN2M0YzAiOnsiY3JlYXRlIjoxMjAwMDAwMDAwMDAwLCJkZWxldGUiOjEyMDAwMDAwMDAwMDAsInVwZGF0ZSI6MTIwMDAwMDAwMDAwMH19",
          "dependencies": [
            "module.k3s_cluster.data.cloudinit_config.k3s_worker_tpl",
            "module.k3s_cluster.data.http.my_ip",
            "module.k3s_cluster.data.oci_core_instance_pool_instances.k3s_workers_instances",
            "module.k3s_cluster.oci_core_default_security_list.default_security_list",
            "module.k3s_cluster.oci_core_instance_configuration.k3s_worker_template",
            "module.k3s_cluster.oci_core_instance_pool.k3s_workers",
            "module.k3s_cluster.oci_core_network_security_group.lb_to_instances_http",
            "module.k3s_cluster.oci_core_network_security_group.public_lb_nsg",
            "module.k3s_cluster.oci_core_subnet.default_oci_core_subnet10",
            "module.k3s_cluster.oci_core_subnet.oci_core_subnet11",
            "module.k3s_cluster.oci_core_vcn.default_oci_core_vcn",
            "module.k3s_cluster.oci_load_balancer_load_balancer.k3s_load_balancer",
            "module.k3s_cluster.oci_network_load_balancer_backend_set.adguard_udp_backend_set",
            "module.k3s_cluster.oci_network_load_balancer_network_load_balancer.k3s_public_lb",
            "module.k3s_cluster.random_password.k3s_token"
          ]
        },
        {
          "index_key": 2,
          "schema_version": 0,
          "attributes": {
            "backend_set_name": "adguard_udp_backend",
            "id": "networkLoadBalancers/ocid1.networkloadbalancer.oc1.ap-mumbai-1.amaaaaaa56u25dqar4ekliozcaqmfdz2xeuuqexdn3dnybjna2zq46vr5lbq/backendSets/adguard_udp_backend/backends/ocid1.instance.oc1.ap-mumbai-1.anrg6ljr56u25dqcgcmmnmrn5x5ncs3blk3mkovcewea26467r2ro7yl2oxa:30055",
            "ip_address": "10.0.0.85",
            "is_backup": false,
            "is_drain": false,
            "is_offline": false,
            "name": "ocid1.instance.oc1.ap-mumbai-1.anrg6ljr56u25dqcgcmmnmrn5x5ncs3blk3mkovcewea26467r2ro7yl2oxa:30055",
            "network_load_balancer_id": "ocid1.networkloadbalancer.oc1.ap-mumbai-1.amaaaaaa56u25dqar4ekliozcaqmfdz2xeuuqexdn3dnybjna2zq46vr5lbq",
            "port": 30055,
            "target_id": "ocid1.instance.oc1.ap-mumbai-1.anrg6ljr56u25dqcgcmmnmrn5x5ncs3blk3mkovcewea26467r2ro7yl2oxa",
            "timeouts": null,
            "weight": 1
          },
          "sensitive_attributes": [],
          "identity_schema_version": 0,
          "private": "eyJlMmJmYjczMC1lY2FhLTExZTYtOGY4OC0zNDM2M2JjN2M0YzAiOnsiY3JlYXRlIjoxMjAwMDAwMDAwMDAwLCJkZWxldGUiOjEyMDAwMDAwMDAwMDAsInVwZGF0ZSI6MTIwMDAwMDAwMDAwMH19",
          "dependencies": [
            "module.k3s_cluster.data.cloudinit_config.k3s_worker_tpl",
            "module.k3s_cluster.data.http.my_ip",
            "module.k3s_cluster.data.oci_core_instance_pool_instances.k3s_workers_instances",
            "module.k3s_cluster.oci_core_default_security_list.default_security_list",
            "module.k3s_cluster.oci_core_instance_configuration.k3s_worker_template",
            "module.k3s_cluster.oci_core_instance_pool.k3s_workers",
            "module.k3s_cluster.oci_core_network_security_group.lb_to_instances_http",
            "module.k3s_cluster.oci_core_network_security_group.public_lb_nsg",
            "module.k3s_cluster.oci_core_subnet.default_oci_core_subnet10",
            "module.k3s_cluster.oci_core_subnet.oci_core_subnet11",
            "module.k3s_cluster.oci_core_vcn.default_oci_core_vcn",
            "module.k3s_cluster.oci_load_balancer_load_balancer.k3s_load_balancer",
            "module.k3s_cluster.oci_network_load_balancer_backend_set.adguard_udp_backend_set",
            "module.k3s_cluster.oci_network_load_balancer_network_load_balancer.k3s_public_lb",
            "module.k3s_cluster.random_password.k3s_token"
          ]
        }
      ]
    },
    {
      "module": "module.k3s_cluster",
      "mode": "managed",
      "type": "oci_network_load_balancer_backend",
      "name": "k3s_http_backend",
      "provider": "provider[\"registry.terraform.io/oracle/oci\"]",
      "instances": [
        {
          "index_key": 0,
          "schema_version": 0,
          "attributes": {
            "backend_set_name": "k3s_http_backend",
            "id": "networkLoadBalancers/ocid1.networkloadbalancer.oc1.ap-mumbai-1.amaaaaaa56u25dqar4ekliozcaqmfdz2xeuuqexdn3dnybjna2zq46vr5lbq/backendSets/k3s_http_backend/backends/ocid1.instance.oc1.ap-mumbai-1.anrg6ljr56u25dqchrss3pfyzdem6rtgugvobindcalkpov6xpep7u7vyo4a:80",
            "ip_address": "10.0.0.172",
            "is_backup": false,
            "is_drain": false,
            "is_offline": false,
            "name": "ocid1.instance.oc1.ap-mumbai-1.anrg6ljr56u25dqchrss3pfyzdem6rtgugvobindcalkpov6xpep7u7vyo4a:80",
            "network_load_balancer_id": "ocid1.networkloadbalancer.oc1.ap-mumbai-1.amaaaaaa56u25dqar4ekliozcaqmfdz2xeuuqexdn3dnybjna2zq46vr5lbq",
            "port": 80,
            "target_id": "ocid1.instance.oc1.ap-mumbai-1.anrg6ljr56u25dqchrss3pfyzdem6rtgugvobindcalkpov6xpep7u7vyo4a",
            "timeouts": null,
            "weight": 1
          },
          "sensitive_attributes": [],
          "identity_schema_version": 0,
          "private": "eyJlMmJmYjczMC1lY2FhLTExZTYtOGY4OC0zNDM2M2JjN2M0YzAiOnsiY3JlYXRlIjoxMjAwMDAwMDAwMDAwLCJkZWxldGUiOjEyMDAwMDAwMDAwMDAsInVwZGF0ZSI6MTIwMDAwMDAwMDAwMH19",
          "dependencies": [
            "module.k3s_cluster.data.cloudinit_config.k3s_worker_tpl",
            "module.k3s_cluster.data.http.my_ip",
            "module.k3s_cluster.data.oci_core_instance_pool_instances.k3s_workers_instances",
            "module.k3s_cluster.oci_core_default_security_list.default_security_list",
            "module.k3s_cluster.oci_core_instance_configuration.k3s_worker_template",
            "module.k3s_cluster.oci_core_instance_pool.k3s_workers",
            "module.k3s_cluster.oci_core_network_security_group.lb_to_instances_http",
            "module.k3s_cluster.oci_core_network_security_group.public_lb_nsg",
            "module.k3s_cluster.oci_core_subnet.default_oci_core_subnet10",
            "module.k3s_cluster.oci_core_subnet.oci_core_subnet11",
            "module.k3s_cluster.oci_core_vcn.default_oci_core_vcn",
            "module.k3s_cluster.oci_load_balancer_load_balancer.k3s_load_balancer",
            "module.k3s_cluster.oci_network_load_balancer_backend_set.k3s_http_backend_set",
            "module.k3s_cluster.oci_network_load_balancer_network_load_balancer.k3s_public_lb",
            "module.k3s_cluster.random_password.k3s_token"
          ]
        },
        {
          "index_key": 1,
          "schema_version": 0,
          "attributes": {
            "backend_set_name": "k3s_http_backend",
            "id": "networkLoadBalancers/ocid1.networkloadbalancer.oc1.ap-mumbai-1.amaaaaaa56u25dqar4ekliozcaqmfdz2xeuuqexdn3dnybjna2zq46vr5lbq/backendSets/k3s_http_backend/backends/ocid1.instance.oc1.ap-mumbai-1.anrg6ljr56u25dqc6cubj76nu4rkqwiazafyoiolg3anbrcpavwcoziz6qja:80",
            "ip_address": "10.0.0.214",
            "is_backup": false,
            "is_drain": false,
            "is_offline": false,
            "name": "ocid1.instance.oc1.ap-mumbai-1.anrg6ljr56u25dqc6cubj76nu4rkqwiazafyoiolg3anbrcpavwcoziz6qja:80",
            "network_load_balancer_id": "ocid1.networkloadbalancer.oc1.ap-mumbai-1.amaaaaaa56u25dqar4ekliozcaqmfdz2xeuuqexdn3dnybjna2zq46vr5lbq",
            "port": 80,
            "target_id": "ocid1.instance.oc1.ap-mumbai-1.anrg6ljr56u25dqc6cubj76nu4rkqwiazafyoiolg3anbrcpavwcoziz6qja",
            "timeouts": null,
            "weight": 1
          },
          "sensitive_attributes": [],
          "identity_schema_version": 0,
          "private": "eyJlMmJmYjczMC1lY2FhLTExZTYtOGY4OC0zNDM2M2JjN2M0YzAiOnsiY3JlYXRlIjoxMjAwMDAwMDAwMDAwLCJkZWxldGUiOjEyMDAwMDAwMDAwMDAsInVwZGF0ZSI6MTIwMDAwMDAwMDAwMH19",
          "dependencies": [
            "module.k3s_cluster.data.cloudinit_config.k3s_worker_tpl",
            "module.k3s_cluster.data.http.my_ip",
            "module.k3s_cluster.data.oci_core_instance_pool_instances.k3s_workers_instances",
            "module.k3s_cluster.oci_core_default_security_list.default_security_list",
            "module.k3s_cluster.oci_core_instance_configuration.k3s_worker_template",
            "module.k3s_cluster.oci_core_instance_pool.k3s_workers",
            "module.k3s_cluster.oci_core_network_security_group.lb_to_instances_http",
            "module.k3s_cluster.oci_core_network_security_group.public_lb_nsg",
            "module.k3s_cluster.oci_core_subnet.default_oci_core_subnet10",
            "module.k3s_cluster.oci_core_subnet.oci_core_subnet11",
            "module.k3s_cluster.oci_core_vcn.default_oci_core_vcn",
            "module.k3s_cluster.oci_load_balancer_load_balancer.k3s_load_balancer",
            "module.k3s_cluster.oci_network_load_balancer_backend_set.k3s_http_backend_set",
            "module.k3s_cluster.oci_network_load_balancer_network_load_balancer.k3s_public_lb",
            "module.k3s_cluster.random_password.k3s_token"
          ]
        },
        {
          "index_key": 2,
          "schema_version": 0,
          "attributes": {
            "backend_set_name": "k3s_http_backend",
            "id": "networkLoadBalancers/ocid1.networkloadbalancer.oc1.ap-mumbai-1.amaaaaaa56u25dqar4ekliozcaqmfdz2xeuuqexdn3dnybjna2zq46vr5lbq/backendSets/k3s_http_backend/backends/ocid1.instance.oc1.ap-mumbai-1.anrg6ljr56u25dqcgcmmnmrn5x5ncs3blk3mkovcewea26467r2ro7yl2oxa:80",
            "ip_address": "10.0.0.85",
            "is_backup": false,
            "is_drain": false,
            "is_offline": false,
            "name": "ocid1.instance.oc1.ap-mumbai-1.anrg6ljr56u25dqcgcmmnmrn5x5ncs3blk3mkovcewea26467r2ro7yl2oxa:80",
            "network_load_balancer_id": "ocid1.networkloadbalancer.oc1.ap-mumbai-1.amaaaaaa56u25dqar4ekliozcaqmfdz2xeuuqexdn3dnybjna2zq46vr5lbq",
            "port": 80,
            "target_id": "ocid1.instance.oc1.ap-mumbai-1.anrg6ljr56u25dqcgcmmnmrn5x5ncs3blk3mkovcewea26467r2ro7yl2oxa",
            "timeouts": null,
            "weight": 1
          },
          "sensitive_attributes": [],
          "identity_schema_version": 0,
          "private": "eyJlMmJmYjczMC1lY2FhLTExZTYtOGY4OC0zNDM2M2JjN2M0YzAiOnsiY3JlYXRlIjoxMjAwMDAwMDAwMDAwLCJkZWxldGUiOjEyMDAwMDAwMDAwMDAsInVwZGF0ZSI6MTIwMDAwMDAwMDAwMH19",
          "dependencies": [
            "module.k3s_cluster.data.cloudinit_config.k3s_worker_tpl",
            "module.k3s_cluster.data.http.my_ip",
            "module.k3s_cluster.data.oci_core_instance_pool_instances.k3s_workers_instances",
            "module.k3s_cluster.oci_core_default_security_list.default_security_list",
            "module.k3s_cluster.oci_core_instance_configuration.k3s_worker_template",
            "module.k3s_cluster.oci_core_instance_pool.k3s_workers",
            "module.k3s_cluster.oci_core_network_security_group.lb_to_instances_http",
            "module.k3s_cluster.oci_core_network_security_group.public_lb_nsg",
            "module.k3s_cluster.oci_core_subnet.default_oci_core_subnet10",
            "module.k3s_cluster.oci_core_subnet.oci_core_subnet11",
            "module.k3s_cluster.oci_core_vcn.default_oci_core_vcn",
            "module.k3s_cluster.oci_load_balancer_load_balancer.k3s_load_balancer",
            "module.k3s_cluster.oci_network_load_balancer_backend_set.k3s_http_backend_set",
            "module.k3s_cluster.oci_network_load_balancer_network_load_balancer.k3s_public_lb",
            "module.k3s_cluster.random_password.k3s_token"
          ]
        }
      ]
    },
    {
      "module": "module.k3s_cluster",
      "mode": "managed",
      "type": "oci_network_load_balancer_backend",
      "name": "k3s_https_backend",
      "provider": "provider[\"registry.terraform.io/oracle/oci\"]",
      "instances": [
        {
          "index_key": 0,
          "schema_version": 0,
          "attributes": {
            "backend_set_name": "k3s_https_backend",
            "id": "networkLoadBalancers/ocid1.networkloadbalancer.oc1.ap-mumbai-1.amaaaaaa56u25dqar4ekliozcaqmfdz2xeuuqexdn3dnybjna2zq46vr5lbq/backendSets/k3s_https_backend/backends/ocid1.instance.oc1.ap-mumbai-1.anrg6ljr56u25dqchrss3pfyzdem6rtgugvobindcalkpov6xpep7u7vyo4a:443",
            "ip_address": "10.0.0.172",
            "is_backup": false,
            "is_drain": false,
            "is_offline": false,
            "name": "ocid1.instance.oc1.ap-mumbai-1.anrg6ljr56u25dqchrss3pfyzdem6rtgugvobindcalkpov6xpep7u7vyo4a:443",
            "network_load_balancer_id": "ocid1.networkloadbalancer.oc1.ap-mumbai-1.amaaaaaa56u25dqar4ekliozcaqmfdz2xeuuqexdn3dnybjna2zq46vr5lbq",
            "port": 443,
            "target_id": "ocid1.instance.oc1.ap-mumbai-1.anrg6ljr56u25dqchrss3pfyzdem6rtgugvobindcalkpov6xpep7u7vyo4a",
            "timeouts": null,
            "weight": 1
          },
          "sensitive_attributes": [],
          "identity_schema_version": 0,
          "private": "eyJlMmJmYjczMC1lY2FhLTExZTYtOGY4OC0zNDM2M2JjN2M0YzAiOnsiY3JlYXRlIjoxMjAwMDAwMDAwMDAwLCJkZWxldGUiOjEyMDAwMDAwMDAwMDAsInVwZGF0ZSI6MTIwMDAwMDAwMDAwMH19",
          "dependencies": [
            "module.k3s_cluster.data.cloudinit_config.k3s_worker_tpl",
            "module.k3s_cluster.data.http.my_ip",
            "module.k3s_cluster.data.oci_core_instance_pool_instances.k3s_workers_instances",
            "module.k3s_cluster.oci_core_default_security_list.default_security_list",
            "module.k3s_cluster.oci_core_instance_configuration.k3s_worker_template",
            "module.k3s_cluster.oci_core_instance_pool.k3s_workers",
            "module.k3s_cluster.oci_core_network_security_group.lb_to_instances_http",
            "module.k3s_cluster.oci_core_network_security_group.public_lb_nsg",
            "module.k3s_cluster.oci_core_subnet.default_oci_core_subnet10",
            "module.k3s_cluster.oci_core_subnet.oci_core_subnet11",
            "module.k3s_cluster.oci_core_vcn.default_oci_core_vcn",
            "module.k3s_cluster.oci_load_balancer_load_balancer.k3s_load_balancer",
            "module.k3s_cluster.oci_network_load_balancer_backend_set.k3s_https_backend_set",
            "module.k3s_cluster.oci_network_load_balancer_network_load_balancer.k3s_public_lb",
            "module.k3s_cluster.random_password.k3s_token"
          ]
        },
        {
          "index_key": 1,
          "schema_version": 0,
          "attributes": {
            "backend_set_name": "k3s_https_backend",
            "id": "networkLoadBalancers/ocid1.networkloadbalancer.oc1.ap-mumbai-1.amaaaaaa56u25dqar4ekliozcaqmfdz2xeuuqexdn3dnybjna2zq46vr5lbq/backendSets/k3s_https_backend/backends/ocid1.instance.oc1.ap-mumbai-1.anrg6ljr56u25dqc6cubj76nu4rkqwiazafyoiolg3anbrcpavwcoziz6qja:443",
            "ip_address": "10.0.0.214",
            "is_backup": false,
            "is_drain": false,
            "is_offline": false,
            "name": "ocid1.instance.oc1.ap-mumbai-1.anrg6ljr56u25dqc6cubj76nu4rkqwiazafyoiolg3anbrcpavwcoziz6qja:443",
            "network_load_balancer_id": "ocid1.networkloadbalancer.oc1.ap-mumbai-1.amaaaaaa56u25dqar4ekliozcaqmfdz2xeuuqexdn3dnybjna2zq46vr5lbq",
            "port": 443,
            "target_id": "ocid1.instance.oc1.ap-mumbai-1.anrg6ljr56u25dqc6cubj76nu4rkqwiazafyoiolg3anbrcpavwcoziz6qja",
            "timeouts": null,
            "weight": 1
          },
          "sensitive_attributes": [],
          "identity_schema_version": 0,
          "private": "eyJlMmJmYjczMC1lY2FhLTExZTYtOGY4OC0zNDM2M2JjN2M0YzAiOnsiY3JlYXRlIjoxMjAwMDAwMDAwMDAwLCJkZWxldGUiOjEyMDAwMDAwMDAwMDAsInVwZGF0ZSI6MTIwMDAwMDAwMDAwMH19",
          "dependencies": [
            "module.k3s_cluster.data.cloudinit_config.k3s_worker_tpl",
            "module.k3s_cluster.data.http.my_ip",
            "module.k3s_cluster.data.oci_core_instance_pool_instances.k3s_workers_instances",
            "module.k3s_cluster.oci_core_default_security_list.default_security_list",
            "module.k3s_cluster.oci_core_instance_configuration.k3s_worker_template",
            "module.k3s_cluster.oci_core_instance_pool.k3s_workers",
            "module.k3s_cluster.oci_core_network_security_group.lb_to_instances_http",
            "module.k3s_cluster.oci_core_network_security_group.public_lb_nsg",
            "module.k3s_cluster.oci_core_subnet.default_oci_core_subnet10",
            "module.k3s_cluster.oci_core_subnet.oci_core_subnet11",
            "module.k3s_cluster.oci_core_vcn.default_oci_core_vcn",
            "module.k3s_cluster.oci_load_balancer_load_balancer.k3s_load_balancer",
            "module.k3s_cluster.oci_network_load_balancer_backend_set.k3s_https_backend_set",
            "module.k3s_cluster.oci_network_load_balancer_network_load_balancer.k3s_public_lb",
            "module.k3s_cluster.random_password.k3s_token"
          ]
        },
        {
          "index_key": 2,
          "schema_version": 0,
          "attributes": {
            "backend_set_name": "k3s_https_backend",
            "id": "networkLoadBalancers/ocid1.networkloadbalancer.oc1.ap-mumbai-1.amaaaaaa56u25dqar4ekliozcaqmfdz2xeuuqexdn3dnybjna2zq46vr5lbq/backendSets/k3s_https_backend/backends/ocid1.instance.oc1.ap-mumbai-1.anrg6ljr56u25dqcgcmmnmrn5x5ncs3blk3mkovcewea26467r2ro7yl2oxa:443",
            "ip_address": "10.0.0.85",
            "is_backup": false,
            "is_drain": false,
            "is_offline": false,
            "name": "ocid1.instance.oc1.ap-mumbai-1.anrg6ljr56u25dqcgcmmnmrn5x5ncs3blk3mkovcewea26467r2ro7yl2oxa:443",
            "network_load_balancer_id": "ocid1.networkloadbalancer.oc1.ap-mumbai-1.amaaaaaa56u25dqar4ekliozcaqmfdz2xeuuqexdn3dnybjna2zq46vr5lbq",
            "port": 443,
            "target_id": "ocid1.instance.oc1.ap-mumbai-1.anrg6ljr56u25dqcgcmmnmrn5x5ncs3blk3mkovcewea26467r2ro7yl2oxa",
            "timeouts": null,
            "weight": 1
          },
          "sensitive_attributes": [],
          "identity_schema_version": 0,
          "private": "eyJlMmJmYjczMC1lY2FhLTExZTYtOGY4OC0zNDM2M2JjN2M0YzAiOnsiY3JlYXRlIjoxMjAwMDAwMDAwMDAwLCJkZWxldGUiOjEyMDAwMDAwMDAwMDAsInVwZGF0ZSI6MTIwMDAwMDAwMDAwMH19",
          "dependencies": [
            "module.k3s_cluster.data.cloudinit_config.k3s_worker_tpl",
            "module.k3s_cluster.data.http.my_ip",
            "module.k3s_cluster.data.oci_core_instance_pool_instances.k3s_workers_instances",
            "module.k3s_cluster.oci_core_default_security_list.default_security_list",
            "module.k3s_cluster.oci_core_instance_configuration.k3s_worker_template",
            "module.k3s_cluster.oci_core_instance_pool.k3s_workers",
            "module.k3s_cluster.oci_core_network_security_group.lb_to_instances_http",
            "module.k3s_cluster.oci_core_network_security_group.public_lb_nsg",
            "module.k3s_cluster.oci_core_subnet.default_oci_core_subnet10",
            "module.k3s_cluster.oci_core_subnet.oci_core_subnet11",
            "module.k3s_cluster.oci_core_vcn.default_oci_core_vcn",
            "module.k3s_cluster.oci_load_balancer_load_balancer.k3s_load_balancer",
            "module.k3s_cluster.oci_network_load_balancer_backend_set.k3s_https_backend_set",
            "module.k3s_cluster.oci_network_load_balancer_network_load_balancer.k3s_public_lb",
            "module.k3s_cluster.random_password.k3s_token"
          ]
        }
      ]
    },
    {
      "module": "module.k3s_cluster",
      "mode": "managed",
      "type": "oci_network_load_balancer_backend_set",
      "name": "adguard_tcp_backend_set",
      "provider": "provider[\"registry.terraform.io/oracle/oci\"]",
      "instances": [
        {
          "schema_version": 0,
          "attributes": {
            "are_operationally_active_backends_preferred": false,
            "backends": [
              {
                "ip_address": "10.0.0.214",
                "is_backup": false,
                "is_drain": false,
                "is_offline": false,
                "name": "ocid1.instance.oc1.ap-mumbai-1.anrg6ljr56u25dqc6cubj76nu4rkqwiazafyoiolg3anbrcpavwcoziz6qja:30054",
                "port": 30054,
                "target_id": "ocid1.instance.oc1.ap-mumbai-1.anrg6ljr56u25dqc6cubj76nu4rkqwiazafyoiolg3anbrcpavwcoziz6qja",
                "weight": 1
              },
              {
                "ip_address": "10.0.0.85",
                "is_backup": false,
                "is_drain": false,
                "is_offline": false,
                "name": "ocid1.instance.oc1.ap-mumbai-1.anrg6ljr56u25dqcgcmmnmrn5x5ncs3blk3mkovcewea26467r2ro7yl2oxa:30054",
                "port": 30054,
                "target_id": "ocid1.instance.oc1.ap-mumbai-1.anrg6ljr56u25dqcgcmmnmrn5x5ncs3blk3mkovcewea26467r2ro7yl2oxa",
                "weight": 1
              },
              {
                "ip_address": "10.0.0.172",
                "is_backup": false,
                "is_drain": false,
                "is_offline": false,
                "name": "ocid1.instance.oc1.ap-mumbai-1.anrg6ljr56u25dqchrss3pfyzdem6rtgugvobindcalkpov6xpep7u7vyo4a:30054",
                "port": 30054,
                "target_id": "ocid1.instance.oc1.ap-mumbai-1.anrg6ljr56u25dqchrss3pfyzdem6rtgugvobindcalkpov6xpep7u7vyo4a",
                "weight": 1
              }
            ],
            "health_checker": [
              {
                "dns": [],
                "interval_in_millis": 10000,
                "port": 30054,
                "protocol": "TCP",
                "request_data": "",
                "response_body_regex": "",
                "response_data": "",
                "retries": 3,
                "return_code": 0,
                "timeout_in_millis": 3000,
                "url_path": ""
              }
            ],
            "id": "networkLoadBalancers/ocid1.networkloadbalancer.oc1.ap-mumbai-1.amaaaaaa56u25dqar4ekliozcaqmfdz2xeuuqexdn3dnybjna2zq46vr5lbq/backendSets/adguard_tcp_backend",
            "ip_version": "IPV4",
            "is_fail_open": false,
            "is_instant_failover_enabled": false,
            "is_instant_failover_tcp_reset_enabled": true,
            "is_preserve_source": true,
            "name": "adguard_tcp_backend",
            "network_load_balancer_id": "ocid1.networkloadbalancer.oc1.ap-mumbai-1.amaaaaaa56u25dqar4ekliozcaqmfdz2xeuuqexdn3dnybjna2zq46vr5lbq",
            "policy": "FIVE_TUPLE",
            "timeouts": null
          },
          "sensitive_attributes": [],
          "identity_schema_version": 0,
          "private": "eyJlMmJmYjczMC1lY2FhLTExZTYtOGY4OC0zNDM2M2JjN2M0YzAiOnsiY3JlYXRlIjoxMjAwMDAwMDAwMDAwLCJkZWxldGUiOjEyMDAwMDAwMDAwMDAsInVwZGF0ZSI6MTIwMDAwMDAwMDAwMH19",
          "dependencies": [
            "module.k3s_cluster.data.http.my_ip",
            "module.k3s_cluster.oci_core_default_security_list.default_security_list",
            "module.k3s_cluster.oci_core_network_security_group.public_lb_nsg",
            "module.k3s_cluster.oci_core_subnet.oci_core_subnet11",
            "module.k3s_cluster.oci_core_vcn.default_oci_core_vcn",
            "module.k3s_cluster.oci_network_load_balancer_network_load_balancer.k3s_public_lb"
          ]
        }
      ]
    },
    {
      "module": "module.k3s_cluster",
      "mode": "managed",
      "type": "oci_network_load_balancer_backend_set",
      "name": "adguard_udp_backend_set",
      "provider": "provider[\"registry.terraform.io/oracle/oci\"]",
      "instances": [
        {
          "schema_version": 0,
          "attributes": {
            "are_operationally_active_backends_preferred": false,
            "backends": [
              {
                "ip_address": "10.0.0.85",
                "is_backup": false,
                "is_drain": false,
                "is_offline": false,
                "name": "ocid1.instance.oc1.ap-mumbai-1.anrg6ljr56u25dqcgcmmnmrn5x5ncs3blk3mkovcewea26467r2ro7yl2oxa:30055",
                "port": 30055,
                "target_id": "ocid1.instance.oc1.ap-mumbai-1.anrg6ljr56u25dqcgcmmnmrn5x5ncs3blk3mkovcewea26467r2ro7yl2oxa",
                "weight": 1
              },
              {
                "ip_address": "10.0.0.214",
                "is_backup": false,
                "is_drain": false,
                "is_offline": false,
                "name": "ocid1.instance.oc1.ap-mumbai-1.anrg6ljr56u25dqc6cubj76nu4rkqwiazafyoiolg3anbrcpavwcoziz6qja:30055",
                "port": 30055,
                "target_id": "ocid1.instance.oc1.ap-mumbai-1.anrg6ljr56u25dqc6cubj76nu4rkqwiazafyoiolg3anbrcpavwcoziz6qja",
                "weight": 1
              },
              {
                "ip_address": "10.0.0.172",
                "is_backup": false,
                "is_drain": false,
                "is_offline": false,
                "name": "ocid1.instance.oc1.ap-mumbai-1.anrg6ljr56u25dqchrss3pfyzdem6rtgugvobindcalkpov6xpep7u7vyo4a:30055",
                "port": 30055,
                "target_id": "ocid1.instance.oc1.ap-mumbai-1.anrg6ljr56u25dqchrss3pfyzdem6rtgugvobindcalkpov6xpep7u7vyo4a",
                "weight": 1
              }
            ],
            "health_checker": [
              {
                "dns": [],
                "interval_in_millis": 10000,
                "port": 30054,
                "protocol": "TCP",
                "request_data": "",
                "response_body_regex": "",
                "response_data": "",
                "retries": 3,
                "return_code": 0,
                "timeout_in_millis": 3000,
                "url_path": ""
              }
            ],
            "id": "networkLoadBalancers/ocid1.networkloadbalancer.oc1.ap-mumbai-1.amaaaaaa56u25dqar4ekliozcaqmfdz2xeuuqexdn3dnybjna2zq46vr5lbq/backendSets/adguard_udp_backend",
            "ip_version": "IPV4",
            "is_fail_open": false,
            "is_instant_failover_enabled": false,
            "is_instant_failover_tcp_reset_enabled": true,
            "is_preserve_source": true,
            "name": "adguard_udp_backend",
            "network_load_balancer_id": "ocid1.networkloadbalancer.oc1.ap-mumbai-1.amaaaaaa56u25dqar4ekliozcaqmfdz2xeuuqexdn3dnybjna2zq46vr5lbq",
            "policy": "FIVE_TUPLE",
            "timeouts": null
          },
          "sensitive_attributes": [],
          "identity_schema_version": 0,
          "private": "eyJlMmJmYjczMC1lY2FhLTExZTYtOGY4OC0zNDM2M2JjN2M0YzAiOnsiY3JlYXRlIjoxMjAwMDAwMDAwMDAwLCJkZWxldGUiOjEyMDAwMDAwMDAwMDAsInVwZGF0ZSI6MTIwMDAwMDAwMDAwMH19",
          "dependencies": [
            "module.k3s_cluster.data.http.my_ip",
            "module.k3s_cluster.oci_core_default_security_list.default_security_list",
            "module.k3s_cluster.oci_core_network_security_group.public_lb_nsg",
            "module.k3s_cluster.oci_core_subnet.oci_core_subnet11",
            "module.k3s_cluster.oci_core_vcn.default_oci_core_vcn",
            "module.k3s_cluster.oci_network_load_balancer_network_load_balancer.k3s_public_lb"
          ]
        }
      ]
    },
    {
      "module": "module.k3s_cluster",
      "mode": "managed",
      "type": "oci_network_load_balancer_backend_set",
      "name": "k3s_http_backend_set",
      "provider": "provider[\"registry.terraform.io/oracle/oci\"]",
      "instances": [
        {
          "schema_version": 0,
          "attributes": {
            "are_operationally_active_backends_preferred": false,
            "backends": [
              {
                "ip_address": "10.0.0.85",
                "is_backup": false,
                "is_drain": false,
                "is_offline": false,
                "name": "ocid1.instance.oc1.ap-mumbai-1.anrg6ljr56u25dqcgcmmnmrn5x5ncs3blk3mkovcewea26467r2ro7yl2oxa:80",
                "port": 80,
                "target_id": "ocid1.instance.oc1.ap-mumbai-1.anrg6ljr56u25dqcgcmmnmrn5x5ncs3blk3mkovcewea26467r2ro7yl2oxa",
                "weight": 1
              },
              {
                "ip_address": "10.0.0.214",
                "is_backup": false,
                "is_drain": false,
                "is_offline": false,
                "name": "ocid1.instance.oc1.ap-mumbai-1.anrg6ljr56u25dqc6cubj76nu4rkqwiazafyoiolg3anbrcpavwcoziz6qja:80",
                "port": 80,
                "target_id": "ocid1.instance.oc1.ap-mumbai-1.anrg6ljr56u25dqc6cubj76nu4rkqwiazafyoiolg3anbrcpavwcoziz6qja",
                "weight": 1
              },
              {
                "ip_address": "10.0.0.172",
                "is_backup": false,
                "is_drain": false,
                "is_offline": false,
                "name": "ocid1.instance.oc1.ap-mumbai-1.anrg6ljr56u25dqchrss3pfyzdem6rtgugvobindcalkpov6xpep7u7vyo4a:80",
                "port": 80,
                "target_id": "ocid1.instance.oc1.ap-mumbai-1.anrg6ljr56u25dqchrss3pfyzdem6rtgugvobindcalkpov6xpep7u7vyo4a",
                "weight": 1
              }
            ],
            "health_checker": [
              {
                "dns": [],
                "interval_in_millis": 10000,
                "port": 80,
                "protocol": "TCP",
                "request_data": "",
                "response_body_regex": "",
                "response_data": "",
                "retries": 3,
                "return_code": 0,
                "timeout_in_millis": 3000,
                "url_path": ""
              }
            ],
            "id": "networkLoadBalancers/ocid1.networkloadbalancer.oc1.ap-mumbai-1.amaaaaaa56u25dqar4ekliozcaqmfdz2xeuuqexdn3dnybjna2zq46vr5lbq/backendSets/k3s_http_backend",
            "ip_version": "IPV4",
            "is_fail_open": false,
            "is_instant_failover_enabled": false,
            "is_instant_failover_tcp_reset_enabled": true,
            "is_preserve_source": true,
            "name": "k3s_http_backend",
            "network_load_balancer_id": "ocid1.networkloadbalancer.oc1.ap-mumbai-1.amaaaaaa56u25dqar4ekliozcaqmfdz2xeuuqexdn3dnybjna2zq46vr5lbq",
            "policy": "FIVE_TUPLE",
            "timeouts": null
          },
          "sensitive_attributes": [],
          "identity_schema_version": 0,
          "private": "eyJlMmJmYjczMC1lY2FhLTExZTYtOGY4OC0zNDM2M2JjN2M0YzAiOnsiY3JlYXRlIjoxMjAwMDAwMDAwMDAwLCJkZWxldGUiOjEyMDAwMDAwMDAwMDAsInVwZGF0ZSI6MTIwMDAwMDAwMDAwMH19",
          "dependencies": [
            "module.k3s_cluster.data.http.my_ip",
            "module.k3s_cluster.oci_core_default_security_list.default_security_list",
            "module.k3s_cluster.oci_core_network_security_group.public_lb_nsg",
            "module.k3s_cluster.oci_core_subnet.oci_core_subnet11",
            "module.k3s_cluster.oci_core_vcn.default_oci_core_vcn",
            "module.k3s_cluster.oci_network_load_balancer_network_load_balancer.k3s_public_lb"
          ]
        }
      ]
    },
    {
      "module": "module.k3s_cluster",
      "mode": "managed",
      "type": "oci_network_load_balancer_backend_set",
      "name": "k3s_https_backend_set",
      "provider": "provider[\"registry.terraform.io/oracle/oci\"]",
      "instances": [
        {
          "schema_version": 0,
          "attributes": {
            "are_operationally_active_backends_preferred": false,
            "backends": [
              {
                "ip_address": "10.0.0.172",
                "is_backup": false,
                "is_drain": false,
                "is_offline": false,
                "name": "ocid1.instance.oc1.ap-mumbai-1.anrg6ljr56u25dqchrss3pfyzdem6rtgugvobindcalkpov6xpep7u7vyo4a:443",
                "port": 443,
                "target_id": "ocid1.instance.oc1.ap-mumbai-1.anrg6ljr56u25dqchrss3pfyzdem6rtgugvobindcalkpov6xpep7u7vyo4a",
                "weight": 1
              },
              {
                "ip_address": "10.0.0.85",
                "is_backup": false,
                "is_drain": false,
                "is_offline": false,
                "name": "ocid1.instance.oc1.ap-mumbai-1.anrg6ljr56u25dqcgcmmnmrn5x5ncs3blk3mkovcewea26467r2ro7yl2oxa:443",
                "port": 443,
                "target_id": "ocid1.instance.oc1.ap-mumbai-1.anrg6ljr56u25dqcgcmmnmrn5x5ncs3blk3mkovcewea26467r2ro7yl2oxa",
                "weight": 1
              },
              {
                "ip_address": "10.0.0.214",
                "is_backup": false,
                "is_drain": false,
                "is_offline": false,
                "name": "ocid1.instance.oc1.ap-mumbai-1.anrg6ljr56u25dqc6cubj76nu4rkqwiazafyoiolg3anbrcpavwcoziz6qja:443",
                "port": 443,
                "target_id": "ocid1.instance.oc1.ap-mumbai-1.anrg6ljr56u25dqc6cubj76nu4rkqwiazafyoiolg3anbrcpavwcoziz6qja",
                "weight": 1
              }
            ],
            "health_checker": [
              {
                "dns": [],
                "interval_in_millis": 10000,
                "port": 443,
                "protocol": "TCP",
                "request_data": "",
                "response_body_regex": "",
                "response_data": "",
                "retries": 3,
                "return_code": 0,
                "timeout_in_millis": 3000,
                "url_path": ""
              }
            ],
            "id": "networkLoadBalancers/ocid1.networkloadbalancer.oc1.ap-mumbai-1.amaaaaaa56u25dqar4ekliozcaqmfdz2xeuuqexdn3dnybjna2zq46vr5lbq/backendSets/k3s_https_backend",
            "ip_version": "IPV4",
            "is_fail_open": false,
            "is_instant_failover_enabled": false,
            "is_instant_failover_tcp_reset_enabled": true,
            "is_preserve_source": true,
            "name": "k3s_https_backend",
            "network_load_balancer_id": "ocid1.networkloadbalancer.oc1.ap-mumbai-1.amaaaaaa56u25dqar4ekliozcaqmfdz2xeuuqexdn3dnybjna2zq46vr5lbq",
            "policy": "FIVE_TUPLE",
            "timeouts": null
          },
          "sensitive_attributes": [],
          "identity_schema_version": 0,
          "private": "eyJlMmJmYjczMC1lY2FhLTExZTYtOGY4OC0zNDM2M2JjN2M0YzAiOnsiY3JlYXRlIjoxMjAwMDAwMDAwMDAwLCJkZWxldGUiOjEyMDAwMDAwMDAwMDAsInVwZGF0ZSI6MTIwMDAwMDAwMDAwMH19",
          "dependencies": [
            "module.k3s_cluster.data.http.my_ip",
            "module.k3s_cluster.oci_core_default_security_list.default_security_list",
            "module.k3s_cluster.oci_core_network_security_group.public_lb_nsg",
            "module.k3s_cluster.oci_core_subnet.oci_core_subnet11",
            "module.k3s_cluster.oci_core_vcn.default_oci_core_vcn",
            "module.k3s_cluster.oci_network_load_balancer_network_load_balancer.k3s_public_lb"
          ]
        }
      ]
    },
    {
      "module": "module.k3s_cluster",
      "mode": "managed",
      "type": "oci_network_load_balancer_listener",
      "name": "adguard_tcp_listener",
      "provider": "provider[\"registry.terraform.io/oracle/oci\"]",
      "instances": [
        {
          "schema_version": 0,
          "attributes": {
            "default_backend_set_name": "adguard_tcp_backend",
            "id": "networkLoadBalancers/ocid1.networkloadbalancer.oc1.ap-mumbai-1.amaaaaaa56u25dqar4ekliozcaqmfdz2xeuuqexdn3dnybjna2zq46vr5lbq/listeners/adguard_tcp_listener",
            "ip_version": "IPV4",
            "is_ppv2enabled": false,
            "l3ip_idle_timeout": 0,
            "name": "adguard_tcp_listener",
            "network_load_balancer_id": "ocid1.networkloadbalancer.oc1.ap-mumbai-1.amaaaaaa56u25dqar4ekliozcaqmfdz2xeuuqexdn3dnybjna2zq46vr5lbq",
            "port": 53,
            "protocol": "TCP",
            "tcp_idle_timeout": 360,
            "timeouts": null,
            "udp_idle_timeout": 0
          },
          "sensitive_attributes": [],
          "identity_schema_version": 0,
          "private": "eyJlMmJmYjczMC1lY2FhLTExZTYtOGY4OC0zNDM2M2JjN2M0YzAiOnsiY3JlYXRlIjoxMjAwMDAwMDAwMDAwLCJkZWxldGUiOjEyMDAwMDAwMDAwMDAsInVwZGF0ZSI6MTIwMDAwMDAwMDAwMH19",
          "dependencies": [
            "module.k3s_cluster.data.http.my_ip",
            "module.k3s_cluster.oci_core_default_security_list.default_security_list",
            "module.k3s_cluster.oci_core_network_security_group.public_lb_nsg",
            "module.k3s_cluster.oci_core_subnet.oci_core_subnet11",
            "module.k3s_cluster.oci_core_vcn.default_oci_core_vcn",
            "module.k3s_cluster.oci_network_load_balancer_backend_set.adguard_tcp_backend_set",
            "module.k3s_cluster.oci_network_load_balancer_network_load_balancer.k3s_public_lb"
          ]
        }
      ]
    },
    {
      "module": "module.k3s_cluster",
      "mode": "managed",
      "type": "oci_network_load_balancer_listener",
      "name": "adguard_udp_listener",
      "provider": "provider[\"registry.terraform.io/oracle/oci\"]",
      "instances": [
        {
          "schema_version": 0,
          "attributes": {
            "default_backend_set_name": "adguard_udp_backend",
            "id": "networkLoadBalancers/ocid1.networkloadbalancer.oc1.ap-mumbai-1.amaaaaaa56u25dqar4ekliozcaqmfdz2xeuuqexdn3dnybjna2zq46vr5lbq/listeners/adguard_udp_listener",
            "ip_version": "IPV4",
            "is_ppv2enabled": false,
            "l3ip_idle_timeout": 0,
            "name": "adguard_udp_listener",
            "network_load_balancer_id": "ocid1.networkloadbalancer.oc1.ap-mumbai-1.amaaaaaa56u25dqar4ekliozcaqmfdz2xeuuqexdn3dnybjna2zq46vr5lbq",
            "port": 53,
            "protocol": "UDP",
            "tcp_idle_timeout": 0,
            "timeouts": null,
            "udp_idle_timeout": 120
          },
          "sensitive_attributes": [],
          "identity_schema_version": 0,
          "private": "eyJlMmJmYjczMC1lY2FhLTExZTYtOGY4OC0zNDM2M2JjN2M0YzAiOnsiY3JlYXRlIjoxMjAwMDAwMDAwMDAwLCJkZWxldGUiOjEyMDAwMDAwMDAwMDAsInVwZGF0ZSI6MTIwMDAwMDAwMDAwMH19",
          "dependencies": [
            "module.k3s_cluster.data.http.my_ip",
            "module.k3s_cluster.oci_core_default_security_list.default_security_list",
            "module.k3s_cluster.oci_core_network_security_group.public_lb_nsg",
            "module.k3s_cluster.oci_core_subnet.oci_core_subnet11",
            "module.k3s_cluster.oci_core_vcn.default_oci_core_vcn",
            "module.k3s_cluster.oci_network_load_balancer_backend_set.adguard_udp_backend_set",
            "module.k3s_cluster.oci_network_load_balancer_network_load_balancer.k3s_public_lb"
          ]
        }
      ]
    },
    {
      "module": "module.k3s_cluster",
      "mode": "managed",
      "type": "oci_network_load_balancer_listener",
      "name": "k3s_http_listener",
      "provider": "provider[\"registry.terraform.io/oracle/oci\"]",
      "instances": [
        {
          "schema_version": 0,
          "attributes": {
            "default_backend_set_name": "k3s_http_backend",
            "id": "networkLoadBalancers/ocid1.networkloadbalancer.oc1.ap-mumbai-1.amaaaaaa56u25dqar4ekliozcaqmfdz2xeuuqexdn3dnybjna2zq46vr5lbq/listeners/k3s_http_listener",
            "ip_version": "IPV4",
            "is_ppv2enabled": false,
            "l3ip_idle_timeout": 0,
            "name": "k3s_http_listener",
            "network_load_balancer_id": "ocid1.networkloadbalancer.oc1.ap-mumbai-1.amaaaaaa56u25dqar4ekliozcaqmfdz2xeuuqexdn3dnybjna2zq46vr5lbq",
            "port": 80,
            "protocol": "TCP",
            "tcp_idle_timeout": 360,
            "timeouts": null,
            "udp_idle_timeout": 0
          },
          "sensitive_attributes": [],
          "identity_schema_version": 0,
          "private": "eyJlMmJmYjczMC1lY2FhLTExZTYtOGY4OC0zNDM2M2JjN2M0YzAiOnsiY3JlYXRlIjoxMjAwMDAwMDAwMDAwLCJkZWxldGUiOjEyMDAwMDAwMDAwMDAsInVwZGF0ZSI6MTIwMDAwMDAwMDAwMH19",
          "dependencies": [
            "module.k3s_cluster.data.http.my_ip",
            "module.k3s_cluster.oci_core_default_security_list.default_security_list",
            "module.k3s_cluster.oci_core_network_security_group.public_lb_nsg",
            "module.k3s_cluster.oci_core_subnet.oci_core_subnet11",
            "module.k3s_cluster.oci_core_vcn.default_oci_core_vcn",
            "module.k3s_cluster.oci_network_load_balancer_backend_set.k3s_http_backend_set",
            "module.k3s_cluster.oci_network_load_balancer_network_load_balancer.k3s_public_lb"
          ]
        }
      ]
    },
    {
      "module": "module.k3s_cluster",
      "mode": "managed",
      "type": "oci_network_load_balancer_listener",
      "name": "k3s_https_listener",
      "provider": "provider[\"registry.terraform.io/oracle/oci\"]",
      "instances": [
        {
          "schema_version": 0,
          "attributes": {
            "default_backend_set_name": "k3s_https_backend",
            "id": "networkLoadBalancers/ocid1.networkloadbalancer.oc1.ap-mumbai-1.amaaaaaa56u25dqar4ekliozcaqmfdz2xeuuqexdn3dnybjna2zq46vr5lbq/listeners/k3s_https_listener",
            "ip_version": "IPV4",
            "is_ppv2enabled": false,
            "l3ip_idle_timeout": 0,
            "name": "k3s_https_listener",
            "network_load_balancer_id": "ocid1.networkloadbalancer.oc1.ap-mumbai-1.amaaaaaa56u25dqar4ekliozcaqmfdz2xeuuqexdn3dnybjna2zq46vr5lbq",
            "port": 443,
            "protocol": "TCP",
            "tcp_idle_timeout": 360,
            "timeouts": null,
            "udp_idle_timeout": 0
          },
          "sensitive_attributes": [],
          "identity_schema_version": 0,
          "private": "eyJlMmJmYjczMC1lY2FhLTExZTYtOGY4OC0zNDM2M2JjN2M0YzAiOnsiY3JlYXRlIjoxMjAwMDAwMDAwMDAwLCJkZWxldGUiOjEyMDAwMDAwMDAwMDAsInVwZGF0ZSI6MTIwMDAwMDAwMDAwMH19",
          "dependencies": [
            "module.k3s_cluster.data.http.my_ip",
            "module.k3s_cluster.oci_core_default_security_list.default_security_list",
            "module.k3s_cluster.oci_core_network_security_group.public_lb_nsg",
            "module.k3s_cluster.oci_core_subnet.oci_core_subnet11",
            "module.k3s_cluster.oci_core_vcn.default_oci_core_vcn",
            "module.k3s_cluster.oci_network_load_balancer_backend_set.k3s_https_backend_set",
            "module.k3s_cluster.oci_network_load_balancer_network_load_balancer.k3s_public_lb"
          ]
        }
      ]
    },
    {
      "module": "module.k3s_cluster",
      "mode": "managed",
      "type": "oci_network_load_balancer_network_load_balancer",
      "name": "k3s_public_lb",
      "provider": "provider[\"registry.terraform.io/oracle/oci\"]",
      "instances": [
        {
          "schema_version": 0,
          "attributes": {
            "assigned_ipv6": null,
            "assigned_private_ipv4": null,
            "compartment_id": "ocid1.compartment.oc1..aaaaaaaarovtmmnbssyvqqehfh5njbi3beaytp2pgyys5ehqhecyl6hnv73q",
            "defined_tags": {
              "Oracle-Tags.CreatedBy": "default/swapnilkuwar1995@gmail.com",
              "Oracle-Tags.CreatedOn": "2025-12-06T18:01:34.661Z"
            },
            "display_name": "K3s public LB",
            "freeform_tags": {
              "environment": "staging",
              "k3s-provisioner": "https://github.com/garutilorenzo/k3s-oci-cluster",
              "provisioner": "terraform"
            },
            "id": "ocid1.networkloadbalancer.oc1.ap-mumbai-1.amaaaaaa56u25dqar4ekliozcaqmfdz2xeuuqexdn3dnybjna2zq46vr5lbq",
            "ip_addresses": [
              {
                "ip_address": "161.118.162.151",
                "ip_version": "IPV4",
                "is_public": true,
                "reserved_ip": []
              },
              {
                "ip_address": "10.0.1.168",
                "ip_version": "IPV4",
                "is_public": false,
                "reserved_ip": []
              }
            ],
            "is_preserve_source_destination": false,
            "is_private": false,
            "is_symmetric_hash_enabled": false,
            "lifecycle_details": null,
            "network_security_group_ids": [
              "ocid1.networksecuritygroup.oc1.ap-mumbai-1.aaaaaaaabexkk7orwxn6dfph7jgo53bgn2jc7ki2dccr3izt6w26ev5u7gqq"
            ],
            "nlb_ip_version": "IPV4",
            "reserved_ips": [],
            "security_attributes": {},
            "state": "ACTIVE",
            "subnet_id": "ocid1.subnet.oc1.ap-mumbai-1.aaaaaaaarnbdyfiej6rbx3m3mf5wby7bmx6mx4uy3ejyvwo2ozq5wf3wpluq",
            "subnet_ipv6cidr": null,
            "system_tags": {
              "orcl-cloud.free-tier-retained": "true"
            },
            "time_created": "2025-12-06 18:01:34 +0000 UTC",
            "time_updated": "2026-06-09 06:08:46 +0000 UTC",
            "timeouts": null
          },
          "sensitive_attributes": [],
          "identity_schema_version": 0,
          "private": "eyJlMmJmYjczMC1lY2FhLTExZTYtOGY4OC0zNDM2M2JjN2M0YzAiOnsiY3JlYXRlIjoxMjAwMDAwMDAwMDAwLCJkZWxldGUiOjEyMDAwMDAwMDAwMDAsInVwZGF0ZSI6MTIwMDAwMDAwMDAwMH19",
          "dependencies": [
            "module.k3s_cluster.data.http.my_ip",
            "module.k3s_cluster.oci_core_default_security_list.default_security_list",
            "module.k3s_cluster.oci_core_network_security_group.public_lb_nsg",
            "module.k3s_cluster.oci_core_subnet.oci_core_subnet11",
            "module.k3s_cluster.oci_core_vcn.default_oci_core_vcn"
          ],
          "create_before_destroy": true
        }
      ]
    },
    {
      "module": "module.k3s_cluster",
      "mode": "managed",
      "type": "random_password",
      "name": "k3s_token",
      "provider": "provider[\"registry.terraform.io/hashicorp/random\"]",
      "instances": [
        {
          "schema_version": 3,
          "attributes": {
            "bcrypt_hash": "$2a$10$CN2BkWCiNi6Hy8IbRKPogOEwQeGVnKv8VFha3xfWFMNPKUUL4uiri",
            "id": "none",
            "keepers": null,
            "length": 55,
            "lower": true,
            "min_lower": 0,
            "min_numeric": 0,
            "min_special": 0,
            "min_upper": 0,
            "number": true,
            "numeric": true,
            "override_special": null,
            "result": "rBgGXtx9UdOhDDF4JiupssAeBcVdfpkQbsH6u2FqnAfKO7Gv2fsj7NB",
            "special": false,
            "upper": true
          },
          "sensitive_attributes": [
            [
              {
                "type": "get_attr",
                "value": "bcrypt_hash"
              }
            ],
            [
              {
                "type": "get_attr",
                "value": "result"
              }
            ]
          ],
          "identity_schema_version": 0,
          "create_before_destroy": true
        }
      ]
    }
  ],
  "check_results": [
    {
      "object_kind": "var",
      "config_addr": "module.k3s_cluster.var.ingress_controller",
      "status": "pass",
      "objects": [
        {
          "object_addr": "module.k3s_cluster.var.ingress_controller",
          "status": "pass"
        }
      ]
    }
  ]
}
